
Microsoft Visual Studio Solution File, Format Version 12.00
# Visual Studio Version 16
VisualStudioVersion = 16.0.28917.181
MinimumVisualStudioVersion = 10.0.40219.1
Project("{8BC9CEB8-8B4A-11D0-8D11-00A0C91BC942}") = "Emf9", "Emf9.vcxproj", "{77DB81D8-5C1D-4A60-9CC3-A1199563BB79}"
EndProject
Global
	GlobalSection(SolutionConfigurationPlatforms) = preSolution
		Debug|x86 = Debug|x86
		Release|x86 = Release|x86
	EndGlobalSection
	GlobalSection(ProjectConfigurationPlatforms) = postSolution
		{77DB81D8-5C1D-4A60-9CC3-A1199563BB79}.Debug|x86.ActiveCfg = Debug|Win32
		{77DB81D8-5C1D-4A60-9CC3-A1199563BB79}.Debug|x86.Build.0 = Debug|Win32
		{77DB81D8-5C1D-4A60-9CC3-A1199563BB79}.Release|x86.ActiveCfg = Release|Win32
		{77DB81D8-5C1D-4A60-9CC3-A1199563BB79}.Release|x86.Build.0 = Release|Win32
	EndGlobalSection
	GlobalSection(SolutionProperties) = preSolution
		HideSolutionNode = FALSE
	EndGlobalSection
	GlobalSection(ExtensibilityGlobals) = postSolution
		SolutionGuid = {2BD3B3AC-9396-4F2F-B91D-D9DB44B03797}
	EndGlobalSection
EndGlobal
