
Microsoft Visual Studio Solution File, Format Version 12.00
# Visual Studio Version 16
VisualStudioVersion = 16.0.28917.181
MinimumVisualStudioVersion = 10.0.40219.1
Project("{8BC9CEB8-8B4A-11D0-8D11-00A0C91BC942}") = "EndJoin", "EndJoin.vcxproj", "{B6ABD770-FE73-4972-83E7-848EDB18BB98}"
EndProject
Global
	GlobalSection(SolutionConfigurationPlatforms) = preSolution
		Debug|x86 = Debug|x86
		Release|x86 = Release|x86
	EndGlobalSection
	GlobalSection(ProjectConfigurationPlatforms) = postSolution
		{B6ABD770-FE73-4972-83E7-848EDB18BB98}.Debug|x86.ActiveCfg = Debug|Win32
		{B6ABD770-FE73-4972-83E7-848EDB18BB98}.Debug|x86.Build.0 = Debug|Win32
		{B6ABD770-FE73-4972-83E7-848EDB18BB98}.Release|x86.ActiveCfg = Release|Win32
		{B6ABD770-FE73-4972-83E7-848EDB18BB98}.Release|x86.Build.0 = Release|Win32
	EndGlobalSection
	GlobalSection(SolutionProperties) = preSolution
		HideSolutionNode = FALSE
	EndGlobalSection
	GlobalSection(ExtensibilityGlobals) = postSolution
		SolutionGuid = {D0911F92-1A7A-445E-AD24-461205284204}
	EndGlobalSection
EndGlobal
