
Microsoft Visual Studio Solution File, Format Version 12.00
# Visual Studio Version 16
VisualStudioVersion = 16.0.28917.181
MinimumVisualStudioVersion = 10.0.40219.1
Project("{8BC9CEB8-8B4A-11D0-8D11-00A0C91BC942}") = "WakeUp", "WakeUp.vcxproj", "{B826BA84-781E-444E-9D76-031890F1E694}"
EndProject
Global
	GlobalSection(SolutionConfigurationPlatforms) = preSolution
		Debug|x86 = Debug|x86
		Release|x86 = Release|x86
	EndGlobalSection
	GlobalSection(ProjectConfigurationPlatforms) = postSolution
		{B826BA84-781E-444E-9D76-031890F1E694}.Debug|x86.ActiveCfg = Debug|Win32
		{B826BA84-781E-444E-9D76-031890F1E694}.Debug|x86.Build.0 = Debug|Win32
		{B826BA84-781E-444E-9D76-031890F1E694}.Release|x86.ActiveCfg = Release|Win32
		{B826BA84-781E-444E-9D76-031890F1E694}.Release|x86.Build.0 = Release|Win32
	EndGlobalSection
	GlobalSection(SolutionProperties) = preSolution
		HideSolutionNode = FALSE
	EndGlobalSection
	GlobalSection(ExtensibilityGlobals) = postSolution
		SolutionGuid = {4DEB379D-DFC1-4722-BF28-9D353A24415A}
	EndGlobalSection
EndGlobal
