
Microsoft Visual Studio Solution File, Format Version 12.00
# Visual Studio Version 16
VisualStudioVersion = 16.0.28917.181
MinimumVisualStudioVersion = 10.0.40219.1
Project("{8BC9CEB8-8B4A-11D0-8D11-00A0C91BC942}") = "Emf11", "Emf11.vcxproj", "{BC0AC433-E9C9-408E-A730-EC736BB61C24}"
EndProject
Global
	GlobalSection(SolutionConfigurationPlatforms) = preSolution
		Debug|x86 = Debug|x86
		Release|x86 = Release|x86
	EndGlobalSection
	GlobalSection(ProjectConfigurationPlatforms) = postSolution
		{BC0AC433-E9C9-408E-A730-EC736BB61C24}.Debug|x86.ActiveCfg = Debug|Win32
		{BC0AC433-E9C9-408E-A730-EC736BB61C24}.Debug|x86.Build.0 = Debug|Win32
		{BC0AC433-E9C9-408E-A730-EC736BB61C24}.Release|x86.ActiveCfg = Release|Win32
		{BC0AC433-E9C9-408E-A730-EC736BB61C24}.Release|x86.Build.0 = Release|Win32
	EndGlobalSection
	GlobalSection(SolutionProperties) = preSolution
		HideSolutionNode = FALSE
	EndGlobalSection
	GlobalSection(ExtensibilityGlobals) = postSolution
		SolutionGuid = {4CBE19ED-2590-4F39-9B05-D9BDD01EA2CF}
	EndGlobalSection
EndGlobal
