
Microsoft Visual Studio Solution File, Format Version 12.00
# Visual Studio Version 16
VisualStudioVersion = 16.0.28917.181
MinimumVisualStudioVersion = 10.0.40219.1
Project("{8BC9CEB8-8B4A-11D0-8D11-00A0C91BC942}") = "About3", "About3.vcxproj", "{B183E8E3-C46C-44FB-B2F6-259335915DB2}"
EndProject
Global
	GlobalSection(SolutionConfigurationPlatforms) = preSolution
		Debug|x86 = Debug|x86
		Release|x86 = Release|x86
	EndGlobalSection
	GlobalSection(ProjectConfigurationPlatforms) = postSolution
		{B183E8E3-C46C-44FB-B2F6-259335915DB2}.Debug|x86.ActiveCfg = Debug|Win32
		{B183E8E3-C46C-44FB-B2F6-259335915DB2}.Debug|x86.Build.0 = Debug|Win32
		{B183E8E3-C46C-44FB-B2F6-259335915DB2}.Release|x86.ActiveCfg = Release|Win32
		{B183E8E3-C46C-44FB-B2F6-259335915DB2}.Release|x86.Build.0 = Release|Win32
	EndGlobalSection
	GlobalSection(SolutionProperties) = preSolution
		HideSolutionNode = FALSE
	EndGlobalSection
	GlobalSection(ExtensibilityGlobals) = postSolution
		SolutionGuid = {6CDD965D-96CF-4F56-9F8D-5DB33E0E070C}
	EndGlobalSection
EndGlobal
