
Microsoft Visual Studio Solution File, Format Version 12.00
# Visual Studio Version 16
VisualStudioVersion = 16.0.28917.181
MinimumVisualStudioVersion = 10.0.40219.1
Project("{8BC9CEB8-8B4A-11D0-8D11-00A0C91BC942}") = "HelloWin", "HelloWin.vcxproj", "{04CE5F1C-6236-4196-A6B4-0C9B24128D79}"
EndProject
Global
	GlobalSection(SolutionConfigurationPlatforms) = preSolution
		Debug|Win32 = Debug|Win32
		Release|Win32 = Release|Win32
	EndGlobalSection
	GlobalSection(ProjectConfigurationPlatforms) = postSolution
		{04CE5F1C-6236-4196-A6B4-0C9B24128D79}.Debug|Win32.ActiveCfg = Debug|Win32
		{04CE5F1C-6236-4196-A6B4-0C9B24128D79}.Debug|Win32.Build.0 = Debug|Win32
		{04CE5F1C-6236-4196-A6B4-0C9B24128D79}.Release|Win32.ActiveCfg = Release|Win32
		{04CE5F1C-6236-4196-A6B4-0C9B24128D79}.Release|Win32.Build.0 = Release|Win32
	EndGlobalSection
	GlobalSection(SolutionProperties) = preSolution
		HideSolutionNode = FALSE
	EndGlobalSection
	GlobalSection(ExtensibilityGlobals) = postSolution
		SolutionGuid = {2017A0F7-73CA-4B76-BBB8-7C9E8ADB0C34}
	EndGlobalSection
EndGlobal
