
Microsoft Visual Studio Solution File, Format Version 12.00
# Visual Studio Version 16
VisualStudioVersion = 16.0.28917.181
MinimumVisualStudioVersion = 10.0.40219.1
Project("{8BC9CEB8-8B4A-11D0-8D11-00A0C91BC942}") = "Metafile", "Metafile.vcxproj", "{0D152965-860C-4450-9FA1-9AD8594002E5}"
EndProject
Global
	GlobalSection(SolutionConfigurationPlatforms) = preSolution
		Debug|x86 = Debug|x86
		Release|x86 = Release|x86
	EndGlobalSection
	GlobalSection(ProjectConfigurationPlatforms) = postSolution
		{0D152965-860C-4450-9FA1-9AD8594002E5}.Debug|x86.ActiveCfg = Debug|Win32
		{0D152965-860C-4450-9FA1-9AD8594002E5}.Debug|x86.Build.0 = Debug|Win32
		{0D152965-860C-4450-9FA1-9AD8594002E5}.Release|x86.ActiveCfg = Release|Win32
		{0D152965-860C-4450-9FA1-9AD8594002E5}.Release|x86.Build.0 = Release|Win32
	EndGlobalSection
	GlobalSection(SolutionProperties) = preSolution
		HideSolutionNode = FALSE
	EndGlobalSection
	GlobalSection(ExtensibilityGlobals) = postSolution
		SolutionGuid = {78A14397-8360-4332-A0DE-2752B4DB9C8B}
	EndGlobalSection
EndGlobal
