
Microsoft Visual Studio Solution File, Format Version 12.00
# Visual Studio Version 17
VisualStudioVersion = 17.14.36401.2
MinimumVisualStudioVersion = 10.0.40219.1
Project("{8BC9CEB8-8B4A-11D0-8D11-00A0C91BC942}") = "HelloMsg", "..\Chap01\HelloMsg\HelloMsg.vcxproj", "{0FFAD6E1-3203-41BC-85CD-C54B8ABFF32C}"
EndProject
Project("{2150E333-8FDC-42A3-9474-1A3956D46DE8}") = "01", "01", "{02EA681E-C7D8-13C7-8484-4AC65E1B71E8}"
EndProject
Project("{8BC9CEB8-8B4A-11D0-8D11-00A0C91BC942}") = "ScrnSize", "..\Chap02\ScrnSize\ScrnSize.vcxproj", "{76C3FFA1-9C39-42C9-8689-D69CDC913AB7}"
EndProject
Project("{2150E333-8FDC-42A3-9474-1A3956D46DE8}") = "02", "02", "{AD38C8D2-20AE-454A-9018-E179601D420F}"
EndProject
Project("{8BC9CEB8-8B4A-11D0-8D11-00A0C91BC942}") = "HelloWin", "..\Chap03\HelloWin\HelloWin.vcxproj", "{04CE5F1C-6236-4196-A6B4-0C9B24128D79}"
EndProject
Project("{2150E333-8FDC-42A3-9474-1A3956D46DE8}") = "03", "03", "{1348BA0B-064F-467A-AB43-528F83B69763}"
EndProject
Project("{2150E333-8FDC-42A3-9474-1A3956D46DE8}") = "04", "04", "{008CCAD5-9006-4785-8D10-9EEE36B4BC33}"
EndProject
Project("{2150E333-8FDC-42A3-9474-1A3956D46DE8}") = "05", "05", "{322C7F8D-52D1-4622-9323-503400F154EE}"
EndProject
Project("{2150E333-8FDC-42A3-9474-1A3956D46DE8}") = "06", "06", "{BFCEBB26-C336-4FD3-ACC1-74F1DD2D0F0C}"
EndProject
Project("{2150E333-8FDC-42A3-9474-1A3956D46DE8}") = "07", "07", "{FC0BE068-6896-4D20-AC05-61BB0421111B}"
EndProject
Project("{2150E333-8FDC-42A3-9474-1A3956D46DE8}") = "08", "08", "{4EF2C67A-2301-44CC-B9E4-1E5CB868AE96}"
EndProject
Project("{2150E333-8FDC-42A3-9474-1A3956D46DE8}") = "09", "09", "{768C6DC1-7D80-4943-A1C2-27BAED7D6A58}"
EndProject
Project("{2150E333-8FDC-42A3-9474-1A3956D46DE8}") = "10", "10", "{6D78B5A1-994F-4A44-A381-66ECF45009B4}"
EndProject
Project("{8BC9CEB8-8B4A-11D0-8D11-00A0C91BC942}") = "SysMets1", "..\Chap04\SysMets1\SysMets1.vcxproj", "{A79D5CCA-6D25-45B0-9A54-C09A6D27BADB}"
EndProject
Project("{8BC9CEB8-8B4A-11D0-8D11-00A0C91BC942}") = "SysMets2", "..\Chap04\SysMets2\SysMets2.vcxproj", "{D0BEF9D0-5FF8-4041-8974-6A856DE68CA7}"
EndProject
Project("{8BC9CEB8-8B4A-11D0-8D11-00A0C91BC942}") = "SysMets3", "..\Chap04\SysMets3\SysMets3.vcxproj", "{CBC0D720-33E9-4F35-B815-C992ADD29631}"
EndProject
Project("{8BC9CEB8-8B4A-11D0-8D11-00A0C91BC942}") = "AltWind", "..\Chap05\AltWind\AltWind.vcxproj", "{9F69398B-5D6E-47A9-AD87-FF7BC1789F9C}"
EndProject
Project("{8BC9CEB8-8B4A-11D0-8D11-00A0C91BC942}") = "Bezier", "..\Chap05\Bezier\Bezier.vcxproj", "{9DA18AD3-C54E-4C0D-A836-C9ABA8B1B6F9}"
EndProject
Project("{8BC9CEB8-8B4A-11D0-8D11-00A0C91BC942}") = "Clover", "..\Chap05\Clover\Clover.vcxproj", "{D33B5924-BC2C-4494-B9D0-9161ECF4B210}"
EndProject
Project("{8BC9CEB8-8B4A-11D0-8D11-00A0C91BC942}") = "DevCaps1", "..\Chap05\DevCaps1\DevCaps1.vcxproj", "{08FD7BE2-7083-4549-901A-CD708E0411F6}"
EndProject
Project("{8BC9CEB8-8B4A-11D0-8D11-00A0C91BC942}") = "LineDemo", "..\Chap05\LineDemo\LineDemo.vcxproj", "{3B199D63-F88C-42DC-93E5-7B27E4CC167C}"
EndProject
Project("{8BC9CEB8-8B4A-11D0-8D11-00A0C91BC942}") = "RandRect", "..\Chap05\RandRect\RandRect.vcxproj", "{4509910E-B358-4743-8E9E-A215DD6C8533}"
EndProject
Project("{8BC9CEB8-8B4A-11D0-8D11-00A0C91BC942}") = "SineWave", "..\Chap05\SineWave\SineWave.vcxproj", "{6A8F0452-E935-43F5-81A5-888ED516BB6F}"
EndProject
Project("{8BC9CEB8-8B4A-11D0-8D11-00A0C91BC942}") = "WhatSize", "..\Chap05\WhatSize\WhatSize.vcxproj", "{AB2490CB-4DCD-4F40-BBE1-58B1449262FF}"
EndProject
Project("{8BC9CEB8-8B4A-11D0-8D11-00A0C91BC942}") = "KeyView1", "..\Chap06\KeyView1\KeyView1.vcxproj", "{52864980-E067-4CFE-9DC4-29EFBD2D504D}"
EndProject
Project("{8BC9CEB8-8B4A-11D0-8D11-00A0C91BC942}") = "KeyView2", "..\Chap06\KeyView2\KeyView2.vcxproj", "{C6CAE060-CFF5-461F-84FD-FDB9E6E1209A}"
EndProject
Project("{8BC9CEB8-8B4A-11D0-8D11-00A0C91BC942}") = "StokFont", "..\Chap06\StokFont\StokFont.vcxproj", "{A27BEBED-04E0-4317-82EE-33ACF3A4F62F}"
EndProject
Project("{8BC9CEB8-8B4A-11D0-8D11-00A0C91BC942}") = "SysMets4", "..\Chap06\SysMets4\SysMets4.vcxproj", "{C1FB7014-475C-45CF-AA34-58020331889A}"
EndProject
Project("{8BC9CEB8-8B4A-11D0-8D11-00A0C91BC942}") = "Typer", "..\Chap06\Typer\Typer.vcxproj", "{C26AE930-171A-438A-820D-74087678348E}"
EndProject
Project("{8BC9CEB8-8B4A-11D0-8D11-00A0C91BC942}") = "BlokOut1", "..\Chap07\BlokOut1\BlokOut1.vcxproj", "{AD09D01B-7B65-4865-822C-E46EB63BAE37}"
EndProject
Project("{8BC9CEB8-8B4A-11D0-8D11-00A0C91BC942}") = "BlokOut2", "..\Chap07\BlokOut2\BlokOut2.vcxproj", "{C2E00C1D-DA00-4731-9822-6144546B51B2}"
EndProject
Project("{8BC9CEB8-8B4A-11D0-8D11-00A0C91BC942}") = "Checker1", "..\Chap07\Checker1\Checker1.vcxproj", "{B0760045-0181-49C0-8355-28DB835F896F}"
EndProject
Project("{8BC9CEB8-8B4A-11D0-8D11-00A0C91BC942}") = "Checker2", "..\Chap07\Checker2\Checker2.vcxproj", "{A0DE2162-F5DD-40E2-99D5-38748245FC8C}"
EndProject
Project("{8BC9CEB8-8B4A-11D0-8D11-00A0C91BC942}") = "Checker3", "..\Chap07\Checker3\Checker3.vcxproj", "{F3B0D41C-99D8-44B3-876E-005460F6B83B}"
EndProject
Project("{8BC9CEB8-8B4A-11D0-8D11-00A0C91BC942}") = "Checker4", "..\Chap07\Checker4\Checker4.vcxproj", "{839003BE-4C33-4458-9929-112F5606D3B9}"
EndProject
Project("{8BC9CEB8-8B4A-11D0-8D11-00A0C91BC942}") = "Connect", "..\Chap07\Connect\Connect.vcxproj", "{1A2220B4-FE9E-4630-8B4C-7C2FAD41A529}"
EndProject
Project("{8BC9CEB8-8B4A-11D0-8D11-00A0C91BC942}") = "SysMets", "..\Chap07\SysMets\SysMets.vcxproj", "{B4107E6D-A413-44D7-88AA-690FC49A5FEB}"
EndProject
Project("{8BC9CEB8-8B4A-11D0-8D11-00A0C91BC942}") = "Beeper1", "..\Chap08\Beeper1\Beeper1.vcxproj", "{2B64A31F-AAB2-49C4-82DA-78AA65C7468A}"
EndProject
Project("{8BC9CEB8-8B4A-11D0-8D11-00A0C91BC942}") = "Beeper2", "..\Chap08\Beeper2\Beeper2.vcxproj", "{E49C1AA9-D4EA-49F9-8921-7F242CEC1099}"
EndProject
Project("{8BC9CEB8-8B4A-11D0-8D11-00A0C91BC942}") = "Clock", "..\Chap08\Clock\Clock.vcxproj", "{519DED0E-5B26-437B-9A0B-3C653C4501A5}"
EndProject
Project("{8BC9CEB8-8B4A-11D0-8D11-00A0C91BC942}") = "DigClock", "..\Chap08\DigClock\DigClock.vcxproj", "{621B23AB-39C6-4236-9BBB-8DCAFC136CFE}"
EndProject
Project("{8BC9CEB8-8B4A-11D0-8D11-00A0C91BC942}") = "WhatClr", "..\Chap08\WhatClr\WhatClr.vcxproj", "{4C41BCBF-F007-43EF-AEA0-22485279BC94}"
EndProject
Project("{8BC9CEB8-8B4A-11D0-8D11-00A0C91BC942}") = "BtnLook", "..\Chap09\BtnLook\BtnLook.vcxproj", "{A79DAEC3-ADB7-458E-95D5-B79F962D4D62}"
EndProject
Project("{8BC9CEB8-8B4A-11D0-8D11-00A0C91BC942}") = "Colors1", "..\Chap09\Colors1\Colors1.vcxproj", "{69743503-EFD6-4F02-9AFD-401BF7E62098}"
EndProject
Project("{8BC9CEB8-8B4A-11D0-8D11-00A0C91BC942}") = "Environ", "..\Chap09\Environ\Environ.vcxproj", "{FD09FA56-CDC7-41C5-BDF9-182E8EACF29F}"
EndProject
Project("{8BC9CEB8-8B4A-11D0-8D11-00A0C91BC942}") = "head", "..\Chap09\head\head.vcxproj", "{696C34AC-9E33-4EBD-8F9E-34F29A884F2C}"
EndProject
Project("{8BC9CEB8-8B4A-11D0-8D11-00A0C91BC942}") = "OwnDraw", "..\Chap09\OwnDraw\OwnDraw.vcxproj", "{6A2F3159-E2C9-4939-8909-1E71B69031E0}"
EndProject
Project("{8BC9CEB8-8B4A-11D0-8D11-00A0C91BC942}") = "PopPad1", "..\Chap09\PopPad1\PopPad1.vcxproj", "{736960DD-5C1D-4D8E-9AA8-D0F94B613561}"
EndProject
Project("{8BC9CEB8-8B4A-11D0-8D11-00A0C91BC942}") = "IconDemo", "..\Chap10\IconDemo\IconDemo.vcxproj", "{8720113B-C7F0-48BE-8C24-9BAF61D34FB1}"
EndProject
Project("{8BC9CEB8-8B4A-11D0-8D11-00A0C91BC942}") = "MenuDemo", "..\Chap10\MenuDemo\MenuDemo.vcxproj", "{4ABEE696-E42E-4897-B4E7-CF4A15A641C5}"
EndProject
Project("{8BC9CEB8-8B4A-11D0-8D11-00A0C91BC942}") = "NoPopups", "..\Chap10\NoPopups\NoPopups.vcxproj", "{2C34CF5B-42B5-44BD-B12B-ED0A90C8215F}"
EndProject
Project("{8BC9CEB8-8B4A-11D0-8D11-00A0C91BC942}") = "PoePoem", "..\Chap10\PoePoem\PoePoem.vcxproj", "{94FA0DAE-FBED-40BB-95E5-1C0632AC23CC}"
EndProject
Project("{8BC9CEB8-8B4A-11D0-8D11-00A0C91BC942}") = "PoorMenu", "..\Chap10\PoorMenu\PoorMenu.vcxproj", "{F9113F74-A451-4CA9-A0D3-D78389FAEB66}"
EndProject
Project("{8BC9CEB8-8B4A-11D0-8D11-00A0C91BC942}") = "PopMenu", "..\Chap10\PopMenu\PopMenu.vcxproj", "{194DDA1F-0FF3-4983-A4B2-75D57A48BBB5}"
EndProject
Project("{8BC9CEB8-8B4A-11D0-8D11-00A0C91BC942}") = "PopPad2", "..\Chap10\PopPad2\PopPad2.vcxproj", "{5A07ED3E-28A0-4504-B614-629C539E77A8}"
EndProject
Project("{2150E333-8FDC-42A3-9474-1A3956D46DE8}") = "11", "11", "{A5B3847C-8B6C-452C-9E86-D0BB005ADC8B}"
EndProject
Project("{2150E333-8FDC-42A3-9474-1A3956D46DE8}") = "12", "12", "{88042245-7E7A-45E4-8C72-FCD53C662B3B}"
EndProject
Project("{8BC9CEB8-8B4A-11D0-8D11-00A0C91BC942}") = "About1", "..\Chap11\About1\About1.vcxproj", "{3598D7CA-D4C7-4A53-8695-691E785C214B}"
EndProject
Project("{8BC9CEB8-8B4A-11D0-8D11-00A0C91BC942}") = "About2", "..\Chap11\About2\About2.vcxproj", "{95722FB3-1388-4133-9EF9-12B2338B7207}"
EndProject
Project("{8BC9CEB8-8B4A-11D0-8D11-00A0C91BC942}") = "About3", "..\Chap11\About3\About3.vcxproj", "{B183E8E3-C46C-44FB-B2F6-259335915DB2}"
EndProject
Project("{8BC9CEB8-8B4A-11D0-8D11-00A0C91BC942}") = "Colors2", "..\Chap11\Colors2\Colors2.vcxproj", "{1C76EF42-B83F-4C84-9B61-386C7A0AA31A}"
EndProject
Project("{8BC9CEB8-8B4A-11D0-8D11-00A0C91BC942}") = "Colors3", "..\Chap11\Colors3\Colors3.vcxproj", "{3260C28A-98C0-48E2-941E-CDF5673BC562}"
EndProject
Project("{8BC9CEB8-8B4A-11D0-8D11-00A0C91BC942}") = "HexCalc", "..\Chap11\HexCalc\HexCalc.vcxproj", "{53A6615E-8D51-4BA0-B2B0-401F7EAC4AD1}"
EndProject
Project("{8BC9CEB8-8B4A-11D0-8D11-00A0C91BC942}") = "PopPad3", "..\Chap11\PopPad3\PopPad3.vcxproj", "{45665D93-32B1-4F8D-A4EC-53C71940D060}"
EndProject
Project("{8BC9CEB8-8B4A-11D0-8D11-00A0C91BC942}") = "ClipText", "..\Chap12\ClipText\ClipText.vcxproj", "{6B3B1712-E0EA-4967-8FAD-DB9FBB0E98A3}"
EndProject
Project("{8BC9CEB8-8B4A-11D0-8D11-00A0C91BC942}") = "ClipView", "..\Chap12\ClipView\ClipView.vcxproj", "{28C8A569-4284-48AA-90AE-DE104799A665}"
EndProject
Project("{2150E333-8FDC-42A3-9474-1A3956D46DE8}") = "13", "13", "{3D789C7D-4D9E-491E-9946-2AF8C3C31639}"
EndProject
Project("{8BC9CEB8-8B4A-11D0-8D11-00A0C91BC942}") = "DevCaps2", "..\Chap13\DevCaps2\DevCaps2.vcxproj", "{2A026558-0BEA-4C61-9515-7A555BC99DE6}"
EndProject
Project("{8BC9CEB8-8B4A-11D0-8D11-00A0C91BC942}") = "FormFeed", "..\Chap13\FormFeed\FormFeed.vcxproj", "{6FC76DB0-5A46-4BEF-B03D-DA435344E6C2}"
EndProject
Project("{8BC9CEB8-8B4A-11D0-8D11-00A0C91BC942}") = "PopPad", "..\Chap13\PopPad\PopPad.vcxproj", "{03485A64-33D8-4611-AE9F-5B1B1B5AA9D8}"
EndProject
Project("{8BC9CEB8-8B4A-11D0-8D11-00A0C91BC942}") = "Print1", "..\Chap13\Print1\Print1.vcxproj", "{BC6089F9-B995-4E52-941B-8A5409BD216A}"
EndProject
Project("{8BC9CEB8-8B4A-11D0-8D11-00A0C91BC942}") = "Print2", "..\Chap13\Print2\Print2.vcxproj", "{FF64B438-047A-4BCE-ACD1-F859B3D7C62E}"
EndProject
Project("{8BC9CEB8-8B4A-11D0-8D11-00A0C91BC942}") = "Print3", "..\Chap13\Print3\Print3.vcxproj", "{3BA4DA00-1940-446B-B489-D4D41A1042A3}"
EndProject
Project("{2150E333-8FDC-42A3-9474-1A3956D46DE8}") = "14", "14", "{BEE2EF96-AD1D-493C-A17C-2E1B83823022}"
EndProject
Project("{8BC9CEB8-8B4A-11D0-8D11-00A0C91BC942}") = "BitBlt", "..\Chap14\BitBlt\BitBlt.vcxproj", "{7DA1FA29-78E8-4B46-B90A-F3F24F6B9836}"
EndProject
Project("{8BC9CEB8-8B4A-11D0-8D11-00A0C91BC942}") = "BitMask", "..\Chap14\BitMask\BitMask.vcxproj", "{8C205DB0-30E3-4BE5-B205-91C14331D54F}"
EndProject
Project("{8BC9CEB8-8B4A-11D0-8D11-00A0C91BC942}") = "Blowup", "..\Chap14\Blowup\Blowup.vcxproj", "{3AA4C828-4308-4933-B1D0-7E6B27392452}"
EndProject
Project("{8BC9CEB8-8B4A-11D0-8D11-00A0C91BC942}") = "Bounce", "..\Chap14\Bounce\Bounce.vcxproj", "{8E82C656-ABAC-4B20-B2D7-8CDD9CD9609B}"
EndProject
Project("{8BC9CEB8-8B4A-11D0-8D11-00A0C91BC942}") = "Bricks1", "..\Chap14\Bricks1\Bricks1.vcxproj", "{BDA1EF0E-4201-4962-8016-15151F32C8AD}"
EndProject
Project("{8BC9CEB8-8B4A-11D0-8D11-00A0C91BC942}") = "Bricks2", "..\Chap14\Bricks2\Bricks2.vcxproj", "{5EDFBA53-DB3C-40EC-A074-17E19D5E2AD9}"
EndProject
Project("{8BC9CEB8-8B4A-11D0-8D11-00A0C91BC942}") = "Bricks3", "..\Chap14\Bricks3\Bricks3.vcxproj", "{494149B6-B206-4E42-883E-71DE3C0ED02C}"
EndProject
Project("{8BC9CEB8-8B4A-11D0-8D11-00A0C91BC942}") = "GrafMenu", "..\Chap14\GrafMenu\GrafMenu.vcxproj", "{1DCE72C1-CEF1-4941-8DFA-063D8FB6B823}"
EndProject
Project("{8BC9CEB8-8B4A-11D0-8D11-00A0C91BC942}") = "HelloBit", "..\Chap14\HelloBit\HelloBit.vcxproj", "{856110B1-6AF9-4CF9-BBD9-C86C89539345}"
EndProject
Project("{8BC9CEB8-8B4A-11D0-8D11-00A0C91BC942}") = "Scramble", "..\Chap14\Scramble\Scramble.vcxproj", "{C757C9BF-1393-4EDA-8926-4FE5593E3F90}"
EndProject
Project("{8BC9CEB8-8B4A-11D0-8D11-00A0C91BC942}") = "Sketch", "..\Chap14\Sketch\Sketch.vcxproj", "{8E32F4C3-9682-4525-8A94-E3B1CD1C5224}"
EndProject
Project("{8BC9CEB8-8B4A-11D0-8D11-00A0C91BC942}") = "Stretch", "..\Chap14\Stretch\Stretch.vcxproj", "{C3762209-99A6-4116-8FF6-98EF17F08A94}"
EndProject
Global
	GlobalSection(SolutionConfigurationPlatforms) = preSolution
		Debug|x86 = Debug|x86
		Release|x86 = Release|x86
	EndGlobalSection
	GlobalSection(ProjectConfigurationPlatforms) = postSolution
		{0FFAD6E1-3203-41BC-85CD-C54B8ABFF32C}.Debug|x86.ActiveCfg = Debug|Win32
		{0FFAD6E1-3203-41BC-85CD-C54B8ABFF32C}.Debug|x86.Build.0 = Debug|Win32
		{0FFAD6E1-3203-41BC-85CD-C54B8ABFF32C}.Release|x86.ActiveCfg = Release|Win32
		{0FFAD6E1-3203-41BC-85CD-C54B8ABFF32C}.Release|x86.Build.0 = Release|Win32
		{76C3FFA1-9C39-42C9-8689-D69CDC913AB7}.Debug|x86.ActiveCfg = Debug|Win32
		{76C3FFA1-9C39-42C9-8689-D69CDC913AB7}.Debug|x86.Build.0 = Debug|Win32
		{76C3FFA1-9C39-42C9-8689-D69CDC913AB7}.Release|x86.ActiveCfg = Release|Win32
		{76C3FFA1-9C39-42C9-8689-D69CDC913AB7}.Release|x86.Build.0 = Release|Win32
		{04CE5F1C-6236-4196-A6B4-0C9B24128D79}.Debug|x86.ActiveCfg = Debug|Win32
		{04CE5F1C-6236-4196-A6B4-0C9B24128D79}.Debug|x86.Build.0 = Debug|Win32
		{04CE5F1C-6236-4196-A6B4-0C9B24128D79}.Release|x86.ActiveCfg = Release|Win32
		{04CE5F1C-6236-4196-A6B4-0C9B24128D79}.Release|x86.Build.0 = Release|Win32
		{A79D5CCA-6D25-45B0-9A54-C09A6D27BADB}.Debug|x86.ActiveCfg = Debug|Win32
		{A79D5CCA-6D25-45B0-9A54-C09A6D27BADB}.Debug|x86.Build.0 = Debug|Win32
		{A79D5CCA-6D25-45B0-9A54-C09A6D27BADB}.Release|x86.ActiveCfg = Release|Win32
		{A79D5CCA-6D25-45B0-9A54-C09A6D27BADB}.Release|x86.Build.0 = Release|Win32
		{D0BEF9D0-5FF8-4041-8974-6A856DE68CA7}.Debug|x86.ActiveCfg = Debug|Win32
		{D0BEF9D0-5FF8-4041-8974-6A856DE68CA7}.Debug|x86.Build.0 = Debug|Win32
		{D0BEF9D0-5FF8-4041-8974-6A856DE68CA7}.Release|x86.ActiveCfg = Release|Win32
		{D0BEF9D0-5FF8-4041-8974-6A856DE68CA7}.Release|x86.Build.0 = Release|Win32
		{CBC0D720-33E9-4F35-B815-C992ADD29631}.Debug|x86.ActiveCfg = Debug|Win32
		{CBC0D720-33E9-4F35-B815-C992ADD29631}.Debug|x86.Build.0 = Debug|Win32
		{CBC0D720-33E9-4F35-B815-C992ADD29631}.Release|x86.ActiveCfg = Release|Win32
		{CBC0D720-33E9-4F35-B815-C992ADD29631}.Release|x86.Build.0 = Release|Win32
		{9F69398B-5D6E-47A9-AD87-FF7BC1789F9C}.Debug|x86.ActiveCfg = Debug|Win32
		{9F69398B-5D6E-47A9-AD87-FF7BC1789F9C}.Debug|x86.Build.0 = Debug|Win32
		{9F69398B-5D6E-47A9-AD87-FF7BC1789F9C}.Release|x86.ActiveCfg = Release|Win32
		{9F69398B-5D6E-47A9-AD87-FF7BC1789F9C}.Release|x86.Build.0 = Release|Win32
		{9DA18AD3-C54E-4C0D-A836-C9ABA8B1B6F9}.Debug|x86.ActiveCfg = Debug|Win32
		{9DA18AD3-C54E-4C0D-A836-C9ABA8B1B6F9}.Debug|x86.Build.0 = Debug|Win32
		{9DA18AD3-C54E-4C0D-A836-C9ABA8B1B6F9}.Release|x86.ActiveCfg = Release|Win32
		{9DA18AD3-C54E-4C0D-A836-C9ABA8B1B6F9}.Release|x86.Build.0 = Release|Win32
		{D33B5924-BC2C-4494-B9D0-9161ECF4B210}.Debug|x86.ActiveCfg = Debug|Win32
		{D33B5924-BC2C-4494-B9D0-9161ECF4B210}.Debug|x86.Build.0 = Debug|Win32
		{D33B5924-BC2C-4494-B9D0-9161ECF4B210}.Release|x86.ActiveCfg = Release|Win32
		{D33B5924-BC2C-4494-B9D0-9161ECF4B210}.Release|x86.Build.0 = Release|Win32
		{08FD7BE2-7083-4549-901A-CD708E0411F6}.Debug|x86.ActiveCfg = Debug|Win32
		{08FD7BE2-7083-4549-901A-CD708E0411F6}.Debug|x86.Build.0 = Debug|Win32
		{08FD7BE2-7083-4549-901A-CD708E0411F6}.Release|x86.ActiveCfg = Release|Win32
		{08FD7BE2-7083-4549-901A-CD708E0411F6}.Release|x86.Build.0 = Release|Win32
		{3B199D63-F88C-42DC-93E5-7B27E4CC167C}.Debug|x86.ActiveCfg = Debug|Win32
		{3B199D63-F88C-42DC-93E5-7B27E4CC167C}.Debug|x86.Build.0 = Debug|Win32
		{3B199D63-F88C-42DC-93E5-7B27E4CC167C}.Release|x86.ActiveCfg = Release|Win32
		{3B199D63-F88C-42DC-93E5-7B27E4CC167C}.Release|x86.Build.0 = Release|Win32
		{4509910E-B358-4743-8E9E-A215DD6C8533}.Debug|x86.ActiveCfg = Debug|Win32
		{4509910E-B358-4743-8E9E-A215DD6C8533}.Debug|x86.Build.0 = Debug|Win32
		{4509910E-B358-4743-8E9E-A215DD6C8533}.Release|x86.ActiveCfg = Release|Win32
		{4509910E-B358-4743-8E9E-A215DD6C8533}.Release|x86.Build.0 = Release|Win32
		{6A8F0452-E935-43F5-81A5-888ED516BB6F}.Debug|x86.ActiveCfg = Debug|Win32
		{6A8F0452-E935-43F5-81A5-888ED516BB6F}.Debug|x86.Build.0 = Debug|Win32
		{6A8F0452-E935-43F5-81A5-888ED516BB6F}.Release|x86.ActiveCfg = Release|Win32
		{6A8F0452-E935-43F5-81A5-888ED516BB6F}.Release|x86.Build.0 = Release|Win32
		{AB2490CB-4DCD-4F40-BBE1-58B1449262FF}.Debug|x86.ActiveCfg = Debug|Win32
		{AB2490CB-4DCD-4F40-BBE1-58B1449262FF}.Debug|x86.Build.0 = Debug|Win32
		{AB2490CB-4DCD-4F40-BBE1-58B1449262FF}.Release|x86.ActiveCfg = Release|Win32
		{AB2490CB-4DCD-4F40-BBE1-58B1449262FF}.Release|x86.Build.0 = Release|Win32
		{52864980-E067-4CFE-9DC4-29EFBD2D504D}.Debug|x86.ActiveCfg = Debug|Win32
		{52864980-E067-4CFE-9DC4-29EFBD2D504D}.Debug|x86.Build.0 = Debug|Win32
		{52864980-E067-4CFE-9DC4-29EFBD2D504D}.Release|x86.ActiveCfg = Release|Win32
		{52864980-E067-4CFE-9DC4-29EFBD2D504D}.Release|x86.Build.0 = Release|Win32
		{C6CAE060-CFF5-461F-84FD-FDB9E6E1209A}.Debug|x86.ActiveCfg = Debug|Win32
		{C6CAE060-CFF5-461F-84FD-FDB9E6E1209A}.Debug|x86.Build.0 = Debug|Win32
		{C6CAE060-CFF5-461F-84FD-FDB9E6E1209A}.Release|x86.ActiveCfg = Release|Win32
		{C6CAE060-CFF5-461F-84FD-FDB9E6E1209A}.Release|x86.Build.0 = Release|Win32
		{A27BEBED-04E0-4317-82EE-33ACF3A4F62F}.Debug|x86.ActiveCfg = Debug|Win32
		{A27BEBED-04E0-4317-82EE-33ACF3A4F62F}.Debug|x86.Build.0 = Debug|Win32
		{A27BEBED-04E0-4317-82EE-33ACF3A4F62F}.Release|x86.ActiveCfg = Release|Win32
		{A27BEBED-04E0-4317-82EE-33ACF3A4F62F}.Release|x86.Build.0 = Release|Win32
		{C1FB7014-475C-45CF-AA34-58020331889A}.Debug|x86.ActiveCfg = Debug|Win32
		{C1FB7014-475C-45CF-AA34-58020331889A}.Debug|x86.Build.0 = Debug|Win32
		{C1FB7014-475C-45CF-AA34-58020331889A}.Release|x86.ActiveCfg = Release|Win32
		{C1FB7014-475C-45CF-AA34-58020331889A}.Release|x86.Build.0 = Release|Win32
		{C26AE930-171A-438A-820D-74087678348E}.Debug|x86.ActiveCfg = Debug|Win32
		{C26AE930-171A-438A-820D-74087678348E}.Debug|x86.Build.0 = Debug|Win32
		{C26AE930-171A-438A-820D-74087678348E}.Release|x86.ActiveCfg = Release|Win32
		{C26AE930-171A-438A-820D-74087678348E}.Release|x86.Build.0 = Release|Win32
		{AD09D01B-7B65-4865-822C-E46EB63BAE37}.Debug|x86.ActiveCfg = Debug|Win32
		{AD09D01B-7B65-4865-822C-E46EB63BAE37}.Debug|x86.Build.0 = Debug|Win32
		{AD09D01B-7B65-4865-822C-E46EB63BAE37}.Release|x86.ActiveCfg = Release|Win32
		{AD09D01B-7B65-4865-822C-E46EB63BAE37}.Release|x86.Build.0 = Release|Win32
		{C2E00C1D-DA00-4731-9822-6144546B51B2}.Debug|x86.ActiveCfg = Debug|Win32
		{C2E00C1D-DA00-4731-9822-6144546B51B2}.Debug|x86.Build.0 = Debug|Win32
		{C2E00C1D-DA00-4731-9822-6144546B51B2}.Release|x86.ActiveCfg = Release|Win32
		{C2E00C1D-DA00-4731-9822-6144546B51B2}.Release|x86.Build.0 = Release|Win32
		{B0760045-0181-49C0-8355-28DB835F896F}.Debug|x86.ActiveCfg = Debug|Win32
		{B0760045-0181-49C0-8355-28DB835F896F}.Debug|x86.Build.0 = Debug|Win32
		{B0760045-0181-49C0-8355-28DB835F896F}.Release|x86.ActiveCfg = Release|Win32
		{B0760045-0181-49C0-8355-28DB835F896F}.Release|x86.Build.0 = Release|Win32
		{A0DE2162-F5DD-40E2-99D5-38748245FC8C}.Debug|x86.ActiveCfg = Debug|Win32
		{A0DE2162-F5DD-40E2-99D5-38748245FC8C}.Debug|x86.Build.0 = Debug|Win32
		{A0DE2162-F5DD-40E2-99D5-38748245FC8C}.Release|x86.ActiveCfg = Release|Win32
		{A0DE2162-F5DD-40E2-99D5-38748245FC8C}.Release|x86.Build.0 = Release|Win32
		{F3B0D41C-99D8-44B3-876E-005460F6B83B}.Debug|x86.ActiveCfg = Debug|Win32
		{F3B0D41C-99D8-44B3-876E-005460F6B83B}.Debug|x86.Build.0 = Debug|Win32
		{F3B0D41C-99D8-44B3-876E-005460F6B83B}.Release|x86.ActiveCfg = Release|Win32
		{F3B0D41C-99D8-44B3-876E-005460F6B83B}.Release|x86.Build.0 = Release|Win32
		{839003BE-4C33-4458-9929-112F5606D3B9}.Debug|x86.ActiveCfg = Debug|Win32
		{839003BE-4C33-4458-9929-112F5606D3B9}.Debug|x86.Build.0 = Debug|Win32
		{839003BE-4C33-4458-9929-112F5606D3B9}.Release|x86.ActiveCfg = Release|Win32
		{839003BE-4C33-4458-9929-112F5606D3B9}.Release|x86.Build.0 = Release|Win32
		{1A2220B4-FE9E-4630-8B4C-7C2FAD41A529}.Debug|x86.ActiveCfg = Debug|Win32
		{1A2220B4-FE9E-4630-8B4C-7C2FAD41A529}.Debug|x86.Build.0 = Debug|Win32
		{1A2220B4-FE9E-4630-8B4C-7C2FAD41A529}.Release|x86.ActiveCfg = Release|Win32
		{1A2220B4-FE9E-4630-8B4C-7C2FAD41A529}.Release|x86.Build.0 = Release|Win32
		{B4107E6D-A413-44D7-88AA-690FC49A5FEB}.Debug|x86.ActiveCfg = Debug|Win32
		{B4107E6D-A413-44D7-88AA-690FC49A5FEB}.Debug|x86.Build.0 = Debug|Win32
		{B4107E6D-A413-44D7-88AA-690FC49A5FEB}.Release|x86.ActiveCfg = Release|Win32
		{B4107E6D-A413-44D7-88AA-690FC49A5FEB}.Release|x86.Build.0 = Release|Win32
		{2B64A31F-AAB2-49C4-82DA-78AA65C7468A}.Debug|x86.ActiveCfg = Debug|Win32
		{2B64A31F-AAB2-49C4-82DA-78AA65C7468A}.Debug|x86.Build.0 = Debug|Win32
		{2B64A31F-AAB2-49C4-82DA-78AA65C7468A}.Release|x86.ActiveCfg = Release|Win32
		{2B64A31F-AAB2-49C4-82DA-78AA65C7468A}.Release|x86.Build.0 = Release|Win32
		{E49C1AA9-D4EA-49F9-8921-7F242CEC1099}.Debug|x86.ActiveCfg = Debug|Win32
		{E49C1AA9-D4EA-49F9-8921-7F242CEC1099}.Debug|x86.Build.0 = Debug|Win32
		{E49C1AA9-D4EA-49F9-8921-7F242CEC1099}.Release|x86.ActiveCfg = Release|Win32
		{E49C1AA9-D4EA-49F9-8921-7F242CEC1099}.Release|x86.Build.0 = Release|Win32
		{519DED0E-5B26-437B-9A0B-3C653C4501A5}.Debug|x86.ActiveCfg = Debug|Win32
		{519DED0E-5B26-437B-9A0B-3C653C4501A5}.Debug|x86.Build.0 = Debug|Win32
		{519DED0E-5B26-437B-9A0B-3C653C4501A5}.Release|x86.ActiveCfg = Release|Win32
		{519DED0E-5B26-437B-9A0B-3C653C4501A5}.Release|x86.Build.0 = Release|Win32
		{621B23AB-39C6-4236-9BBB-8DCAFC136CFE}.Debug|x86.ActiveCfg = Debug|Win32
		{621B23AB-39C6-4236-9BBB-8DCAFC136CFE}.Debug|x86.Build.0 = Debug|Win32
		{621B23AB-39C6-4236-9BBB-8DCAFC136CFE}.Release|x86.ActiveCfg = Release|Win32
		{621B23AB-39C6-4236-9BBB-8DCAFC136CFE}.Release|x86.Build.0 = Release|Win32
		{4C41BCBF-F007-43EF-AEA0-22485279BC94}.Debug|x86.ActiveCfg = Debug|Win32
		{4C41BCBF-F007-43EF-AEA0-22485279BC94}.Debug|x86.Build.0 = Debug|Win32
		{4C41BCBF-F007-43EF-AEA0-22485279BC94}.Release|x86.ActiveCfg = Release|Win32
		{4C41BCBF-F007-43EF-AEA0-22485279BC94}.Release|x86.Build.0 = Release|Win32
		{A79DAEC3-ADB7-458E-95D5-B79F962D4D62}.Debug|x86.ActiveCfg = Debug|Win32
		{A79DAEC3-ADB7-458E-95D5-B79F962D4D62}.Debug|x86.Build.0 = Debug|Win32
		{A79DAEC3-ADB7-458E-95D5-B79F962D4D62}.Release|x86.ActiveCfg = Release|Win32
		{A79DAEC3-ADB7-458E-95D5-B79F962D4D62}.Release|x86.Build.0 = Release|Win32
		{69743503-EFD6-4F02-9AFD-401BF7E62098}.Debug|x86.ActiveCfg = Debug|Win32
		{69743503-EFD6-4F02-9AFD-401BF7E62098}.Debug|x86.Build.0 = Debug|Win32
		{69743503-EFD6-4F02-9AFD-401BF7E62098}.Release|x86.ActiveCfg = Release|Win32
		{69743503-EFD6-4F02-9AFD-401BF7E62098}.Release|x86.Build.0 = Release|Win32
		{FD09FA56-CDC7-41C5-BDF9-182E8EACF29F}.Debug|x86.ActiveCfg = Debug|Win32
		{FD09FA56-CDC7-41C5-BDF9-182E8EACF29F}.Debug|x86.Build.0 = Debug|Win32
		{FD09FA56-CDC7-41C5-BDF9-182E8EACF29F}.Release|x86.ActiveCfg = Release|Win32
		{FD09FA56-CDC7-41C5-BDF9-182E8EACF29F}.Release|x86.Build.0 = Release|Win32
		{696C34AC-9E33-4EBD-8F9E-34F29A884F2C}.Debug|x86.ActiveCfg = Debug|Win32
		{696C34AC-9E33-4EBD-8F9E-34F29A884F2C}.Debug|x86.Build.0 = Debug|Win32
		{696C34AC-9E33-4EBD-8F9E-34F29A884F2C}.Release|x86.ActiveCfg = Release|Win32
		{696C34AC-9E33-4EBD-8F9E-34F29A884F2C}.Release|x86.Build.0 = Release|Win32
		{6A2F3159-E2C9-4939-8909-1E71B69031E0}.Debug|x86.ActiveCfg = Debug|Win32
		{6A2F3159-E2C9-4939-8909-1E71B69031E0}.Debug|x86.Build.0 = Debug|Win32
		{6A2F3159-E2C9-4939-8909-1E71B69031E0}.Release|x86.ActiveCfg = Release|Win32
		{6A2F3159-E2C9-4939-8909-1E71B69031E0}.Release|x86.Build.0 = Release|Win32
		{736960DD-5C1D-4D8E-9AA8-D0F94B613561}.Debug|x86.ActiveCfg = Debug|Win32
		{736960DD-5C1D-4D8E-9AA8-D0F94B613561}.Debug|x86.Build.0 = Debug|Win32
		{736960DD-5C1D-4D8E-9AA8-D0F94B613561}.Release|x86.ActiveCfg = Release|Win32
		{736960DD-5C1D-4D8E-9AA8-D0F94B613561}.Release|x86.Build.0 = Release|Win32
		{8720113B-C7F0-48BE-8C24-9BAF61D34FB1}.Debug|x86.ActiveCfg = Debug|Win32
		{8720113B-C7F0-48BE-8C24-9BAF61D34FB1}.Debug|x86.Build.0 = Debug|Win32
		{8720113B-C7F0-48BE-8C24-9BAF61D34FB1}.Release|x86.ActiveCfg = Release|Win32
		{8720113B-C7F0-48BE-8C24-9BAF61D34FB1}.Release|x86.Build.0 = Release|Win32
		{4ABEE696-E42E-4897-B4E7-CF4A15A641C5}.Debug|x86.ActiveCfg = Debug|Win32
		{4ABEE696-E42E-4897-B4E7-CF4A15A641C5}.Debug|x86.Build.0 = Debug|Win32
		{4ABEE696-E42E-4897-B4E7-CF4A15A641C5}.Release|x86.ActiveCfg = Release|Win32
		{4ABEE696-E42E-4897-B4E7-CF4A15A641C5}.Release|x86.Build.0 = Release|Win32
		{2C34CF5B-42B5-44BD-B12B-ED0A90C8215F}.Debug|x86.ActiveCfg = Debug|Win32
		{2C34CF5B-42B5-44BD-B12B-ED0A90C8215F}.Debug|x86.Build.0 = Debug|Win32
		{2C34CF5B-42B5-44BD-B12B-ED0A90C8215F}.Release|x86.ActiveCfg = Release|Win32
		{2C34CF5B-42B5-44BD-B12B-ED0A90C8215F}.Release|x86.Build.0 = Release|Win32
		{94FA0DAE-FBED-40BB-95E5-1C0632AC23CC}.Debug|x86.ActiveCfg = Debug|Win32
		{94FA0DAE-FBED-40BB-95E5-1C0632AC23CC}.Debug|x86.Build.0 = Debug|Win32
		{94FA0DAE-FBED-40BB-95E5-1C0632AC23CC}.Release|x86.ActiveCfg = Release|Win32
		{94FA0DAE-FBED-40BB-95E5-1C0632AC23CC}.Release|x86.Build.0 = Release|Win32
		{F9113F74-A451-4CA9-A0D3-D78389FAEB66}.Debug|x86.ActiveCfg = Debug|Win32
		{F9113F74-A451-4CA9-A0D3-D78389FAEB66}.Debug|x86.Build.0 = Debug|Win32
		{F9113F74-A451-4CA9-A0D3-D78389FAEB66}.Release|x86.ActiveCfg = Release|Win32
		{F9113F74-A451-4CA9-A0D3-D78389FAEB66}.Release|x86.Build.0 = Release|Win32
		{194DDA1F-0FF3-4983-A4B2-75D57A48BBB5}.Debug|x86.ActiveCfg = Debug|Win32
		{194DDA1F-0FF3-4983-A4B2-75D57A48BBB5}.Debug|x86.Build.0 = Debug|Win32
		{194DDA1F-0FF3-4983-A4B2-75D57A48BBB5}.Release|x86.ActiveCfg = Release|Win32
		{194DDA1F-0FF3-4983-A4B2-75D57A48BBB5}.Release|x86.Build.0 = Release|Win32
		{5A07ED3E-28A0-4504-B614-629C539E77A8}.Debug|x86.ActiveCfg = Debug|Win32
		{5A07ED3E-28A0-4504-B614-629C539E77A8}.Debug|x86.Build.0 = Debug|Win32
		{5A07ED3E-28A0-4504-B614-629C539E77A8}.Release|x86.ActiveCfg = Release|Win32
		{5A07ED3E-28A0-4504-B614-629C539E77A8}.Release|x86.Build.0 = Release|Win32
		{3598D7CA-D4C7-4A53-8695-691E785C214B}.Debug|x86.ActiveCfg = Debug|Win32
		{3598D7CA-D4C7-4A53-8695-691E785C214B}.Debug|x86.Build.0 = Debug|Win32
		{3598D7CA-D4C7-4A53-8695-691E785C214B}.Release|x86.ActiveCfg = Release|Win32
		{3598D7CA-D4C7-4A53-8695-691E785C214B}.Release|x86.Build.0 = Release|Win32
		{95722FB3-1388-4133-9EF9-12B2338B7207}.Debug|x86.ActiveCfg = Debug|Win32
		{95722FB3-1388-4133-9EF9-12B2338B7207}.Debug|x86.Build.0 = Debug|Win32
		{95722FB3-1388-4133-9EF9-12B2338B7207}.Release|x86.ActiveCfg = Release|Win32
		{95722FB3-1388-4133-9EF9-12B2338B7207}.Release|x86.Build.0 = Release|Win32
		{B183E8E3-C46C-44FB-B2F6-259335915DB2}.Debug|x86.ActiveCfg = Debug|Win32
		{B183E8E3-C46C-44FB-B2F6-259335915DB2}.Debug|x86.Build.0 = Debug|Win32
		{B183E8E3-C46C-44FB-B2F6-259335915DB2}.Release|x86.ActiveCfg = Release|Win32
		{B183E8E3-C46C-44FB-B2F6-259335915DB2}.Release|x86.Build.0 = Release|Win32
		{1C76EF42-B83F-4C84-9B61-386C7A0AA31A}.Debug|x86.ActiveCfg = Debug|Win32
		{1C76EF42-B83F-4C84-9B61-386C7A0AA31A}.Debug|x86.Build.0 = Debug|Win32
		{1C76EF42-B83F-4C84-9B61-386C7A0AA31A}.Release|x86.ActiveCfg = Release|Win32
		{1C76EF42-B83F-4C84-9B61-386C7A0AA31A}.Release|x86.Build.0 = Release|Win32
		{3260C28A-98C0-48E2-941E-CDF5673BC562}.Debug|x86.ActiveCfg = Debug|Win32
		{3260C28A-98C0-48E2-941E-CDF5673BC562}.Debug|x86.Build.0 = Debug|Win32
		{3260C28A-98C0-48E2-941E-CDF5673BC562}.Release|x86.ActiveCfg = Release|Win32
		{3260C28A-98C0-48E2-941E-CDF5673BC562}.Release|x86.Build.0 = Release|Win32
		{53A6615E-8D51-4BA0-B2B0-401F7EAC4AD1}.Debug|x86.ActiveCfg = Debug|Win32
		{53A6615E-8D51-4BA0-B2B0-401F7EAC4AD1}.Debug|x86.Build.0 = Debug|Win32
		{53A6615E-8D51-4BA0-B2B0-401F7EAC4AD1}.Release|x86.ActiveCfg = Release|Win32
		{53A6615E-8D51-4BA0-B2B0-401F7EAC4AD1}.Release|x86.Build.0 = Release|Win32
		{45665D93-32B1-4F8D-A4EC-53C71940D060}.Debug|x86.ActiveCfg = Debug|Win32
		{45665D93-32B1-4F8D-A4EC-53C71940D060}.Debug|x86.Build.0 = Debug|Win32
		{45665D93-32B1-4F8D-A4EC-53C71940D060}.Release|x86.ActiveCfg = Release|Win32
		{45665D93-32B1-4F8D-A4EC-53C71940D060}.Release|x86.Build.0 = Release|Win32
		{6B3B1712-E0EA-4967-8FAD-DB9FBB0E98A3}.Debug|x86.ActiveCfg = Debug|Win32
		{6B3B1712-E0EA-4967-8FAD-DB9FBB0E98A3}.Debug|x86.Build.0 = Debug|Win32
		{6B3B1712-E0EA-4967-8FAD-DB9FBB0E98A3}.Release|x86.ActiveCfg = Release|Win32
		{6B3B1712-E0EA-4967-8FAD-DB9FBB0E98A3}.Release|x86.Build.0 = Release|Win32
		{28C8A569-4284-48AA-90AE-DE104799A665}.Debug|x86.ActiveCfg = Debug|Win32
		{28C8A569-4284-48AA-90AE-DE104799A665}.Debug|x86.Build.0 = Debug|Win32
		{28C8A569-4284-48AA-90AE-DE104799A665}.Release|x86.ActiveCfg = Release|Win32
		{28C8A569-4284-48AA-90AE-DE104799A665}.Release|x86.Build.0 = Release|Win32
		{2A026558-0BEA-4C61-9515-7A555BC99DE6}.Debug|x86.ActiveCfg = Debug|Win32
		{2A026558-0BEA-4C61-9515-7A555BC99DE6}.Debug|x86.Build.0 = Debug|Win32
		{2A026558-0BEA-4C61-9515-7A555BC99DE6}.Release|x86.ActiveCfg = Release|Win32
		{2A026558-0BEA-4C61-9515-7A555BC99DE6}.Release|x86.Build.0 = Release|Win32
		{6FC76DB0-5A46-4BEF-B03D-DA435344E6C2}.Debug|x86.ActiveCfg = Debug|Win32
		{6FC76DB0-5A46-4BEF-B03D-DA435344E6C2}.Debug|x86.Build.0 = Debug|Win32
		{6FC76DB0-5A46-4BEF-B03D-DA435344E6C2}.Release|x86.ActiveCfg = Release|Win32
		{6FC76DB0-5A46-4BEF-B03D-DA435344E6C2}.Release|x86.Build.0 = Release|Win32
		{03485A64-33D8-4611-AE9F-5B1B1B5AA9D8}.Debug|x86.ActiveCfg = Debug|Win32
		{03485A64-33D8-4611-AE9F-5B1B1B5AA9D8}.Debug|x86.Build.0 = Debug|Win32
		{03485A64-33D8-4611-AE9F-5B1B1B5AA9D8}.Release|x86.ActiveCfg = Release|Win32
		{03485A64-33D8-4611-AE9F-5B1B1B5AA9D8}.Release|x86.Build.0 = Release|Win32
		{BC6089F9-B995-4E52-941B-8A5409BD216A}.Debug|x86.ActiveCfg = Debug|Win32
		{BC6089F9-B995-4E52-941B-8A5409BD216A}.Debug|x86.Build.0 = Debug|Win32
		{BC6089F9-B995-4E52-941B-8A5409BD216A}.Release|x86.ActiveCfg = Release|Win32
		{BC6089F9-B995-4E52-941B-8A5409BD216A}.Release|x86.Build.0 = Release|Win32
		{FF64B438-047A-4BCE-ACD1-F859B3D7C62E}.Debug|x86.ActiveCfg = Debug|Win32
		{FF64B438-047A-4BCE-ACD1-F859B3D7C62E}.Debug|x86.Build.0 = Debug|Win32
		{FF64B438-047A-4BCE-ACD1-F859B3D7C62E}.Release|x86.ActiveCfg = Release|Win32
		{FF64B438-047A-4BCE-ACD1-F859B3D7C62E}.Release|x86.Build.0 = Release|Win32
		{3BA4DA00-1940-446B-B489-D4D41A1042A3}.Debug|x86.ActiveCfg = Debug|Win32
		{3BA4DA00-1940-446B-B489-D4D41A1042A3}.Debug|x86.Build.0 = Debug|Win32
		{3BA4DA00-1940-446B-B489-D4D41A1042A3}.Release|x86.ActiveCfg = Release|Win32
		{3BA4DA00-1940-446B-B489-D4D41A1042A3}.Release|x86.Build.0 = Release|Win32
		{7DA1FA29-78E8-4B46-B90A-F3F24F6B9836}.Debug|x86.ActiveCfg = Debug|Win32
		{7DA1FA29-78E8-4B46-B90A-F3F24F6B9836}.Debug|x86.Build.0 = Debug|Win32
		{7DA1FA29-78E8-4B46-B90A-F3F24F6B9836}.Release|x86.ActiveCfg = Release|Win32
		{7DA1FA29-78E8-4B46-B90A-F3F24F6B9836}.Release|x86.Build.0 = Release|Win32
		{8C205DB0-30E3-4BE5-B205-91C14331D54F}.Debug|x86.ActiveCfg = Debug|Win32
		{8C205DB0-30E3-4BE5-B205-91C14331D54F}.Debug|x86.Build.0 = Debug|Win32
		{8C205DB0-30E3-4BE5-B205-91C14331D54F}.Release|x86.ActiveCfg = Release|Win32
		{8C205DB0-30E3-4BE5-B205-91C14331D54F}.Release|x86.Build.0 = Release|Win32
		{3AA4C828-4308-4933-B1D0-7E6B27392452}.Debug|x86.ActiveCfg = Debug|Win32
		{3AA4C828-4308-4933-B1D0-7E6B27392452}.Debug|x86.Build.0 = Debug|Win32
		{3AA4C828-4308-4933-B1D0-7E6B27392452}.Release|x86.ActiveCfg = Release|Win32
		{3AA4C828-4308-4933-B1D0-7E6B27392452}.Release|x86.Build.0 = Release|Win32
		{8E82C656-ABAC-4B20-B2D7-8CDD9CD9609B}.Debug|x86.ActiveCfg = Debug|Win32
		{8E82C656-ABAC-4B20-B2D7-8CDD9CD9609B}.Debug|x86.Build.0 = Debug|Win32
		{8E82C656-ABAC-4B20-B2D7-8CDD9CD9609B}.Release|x86.ActiveCfg = Release|Win32
		{8E82C656-ABAC-4B20-B2D7-8CDD9CD9609B}.Release|x86.Build.0 = Release|Win32
		{BDA1EF0E-4201-4962-8016-15151F32C8AD}.Debug|x86.ActiveCfg = Debug|Win32
		{BDA1EF0E-4201-4962-8016-15151F32C8AD}.Debug|x86.Build.0 = Debug|Win32
		{BDA1EF0E-4201-4962-8016-15151F32C8AD}.Release|x86.ActiveCfg = Release|Win32
		{BDA1EF0E-4201-4962-8016-15151F32C8AD}.Release|x86.Build.0 = Release|Win32
		{5EDFBA53-DB3C-40EC-A074-17E19D5E2AD9}.Debug|x86.ActiveCfg = Debug|Win32
		{5EDFBA53-DB3C-40EC-A074-17E19D5E2AD9}.Debug|x86.Build.0 = Debug|Win32
		{5EDFBA53-DB3C-40EC-A074-17E19D5E2AD9}.Release|x86.ActiveCfg = Release|Win32
		{5EDFBA53-DB3C-40EC-A074-17E19D5E2AD9}.Release|x86.Build.0 = Release|Win32
		{494149B6-B206-4E42-883E-71DE3C0ED02C}.Debug|x86.ActiveCfg = Debug|Win32
		{494149B6-B206-4E42-883E-71DE3C0ED02C}.Debug|x86.Build.0 = Debug|Win32
		{494149B6-B206-4E42-883E-71DE3C0ED02C}.Release|x86.ActiveCfg = Release|Win32
		{494149B6-B206-4E42-883E-71DE3C0ED02C}.Release|x86.Build.0 = Release|Win32
		{1DCE72C1-CEF1-4941-8DFA-063D8FB6B823}.Debug|x86.ActiveCfg = Debug|Win32
		{1DCE72C1-CEF1-4941-8DFA-063D8FB6B823}.Debug|x86.Build.0 = Debug|Win32
		{1DCE72C1-CEF1-4941-8DFA-063D8FB6B823}.Release|x86.ActiveCfg = Release|Win32
		{1DCE72C1-CEF1-4941-8DFA-063D8FB6B823}.Release|x86.Build.0 = Release|Win32
		{856110B1-6AF9-4CF9-BBD9-C86C89539345}.Debug|x86.ActiveCfg = Debug|Win32
		{856110B1-6AF9-4CF9-BBD9-C86C89539345}.Debug|x86.Build.0 = Debug|Win32
		{856110B1-6AF9-4CF9-BBD9-C86C89539345}.Release|x86.ActiveCfg = Release|Win32
		{856110B1-6AF9-4CF9-BBD9-C86C89539345}.Release|x86.Build.0 = Release|Win32
		{C757C9BF-1393-4EDA-8926-4FE5593E3F90}.Debug|x86.ActiveCfg = Debug|Win32
		{C757C9BF-1393-4EDA-8926-4FE5593E3F90}.Debug|x86.Build.0 = Debug|Win32
		{C757C9BF-1393-4EDA-8926-4FE5593E3F90}.Release|x86.ActiveCfg = Release|Win32
		{C757C9BF-1393-4EDA-8926-4FE5593E3F90}.Release|x86.Build.0 = Release|Win32
		{8E32F4C3-9682-4525-8A94-E3B1CD1C5224}.Debug|x86.ActiveCfg = Debug|Win32
		{8E32F4C3-9682-4525-8A94-E3B1CD1C5224}.Debug|x86.Build.0 = Debug|Win32
		{8E32F4C3-9682-4525-8A94-E3B1CD1C5224}.Release|x86.ActiveCfg = Release|Win32
		{8E32F4C3-9682-4525-8A94-E3B1CD1C5224}.Release|x86.Build.0 = Release|Win32
		{C3762209-99A6-4116-8FF6-98EF17F08A94}.Debug|x86.ActiveCfg = Debug|Win32
		{C3762209-99A6-4116-8FF6-98EF17F08A94}.Debug|x86.Build.0 = Debug|Win32
		{C3762209-99A6-4116-8FF6-98EF17F08A94}.Release|x86.ActiveCfg = Release|Win32
		{C3762209-99A6-4116-8FF6-98EF17F08A94}.Release|x86.Build.0 = Release|Win32
	EndGlobalSection
	GlobalSection(SolutionProperties) = preSolution
		HideSolutionNode = FALSE
	EndGlobalSection
	GlobalSection(NestedProjects) = preSolution
		{0FFAD6E1-3203-41BC-85CD-C54B8ABFF32C} = {02EA681E-C7D8-13C7-8484-4AC65E1B71E8}
		{76C3FFA1-9C39-42C9-8689-D69CDC913AB7} = {AD38C8D2-20AE-454A-9018-E179601D420F}
		{04CE5F1C-6236-4196-A6B4-0C9B24128D79} = {1348BA0B-064F-467A-AB43-528F83B69763}
		{A79D5CCA-6D25-45B0-9A54-C09A6D27BADB} = {008CCAD5-9006-4785-8D10-9EEE36B4BC33}
		{D0BEF9D0-5FF8-4041-8974-6A856DE68CA7} = {008CCAD5-9006-4785-8D10-9EEE36B4BC33}
		{CBC0D720-33E9-4F35-B815-C992ADD29631} = {008CCAD5-9006-4785-8D10-9EEE36B4BC33}
		{9F69398B-5D6E-47A9-AD87-FF7BC1789F9C} = {322C7F8D-52D1-4622-9323-503400F154EE}
		{9DA18AD3-C54E-4C0D-A836-C9ABA8B1B6F9} = {322C7F8D-52D1-4622-9323-503400F154EE}
		{D33B5924-BC2C-4494-B9D0-9161ECF4B210} = {322C7F8D-52D1-4622-9323-503400F154EE}
		{08FD7BE2-7083-4549-901A-CD708E0411F6} = {322C7F8D-52D1-4622-9323-503400F154EE}
		{3B199D63-F88C-42DC-93E5-7B27E4CC167C} = {322C7F8D-52D1-4622-9323-503400F154EE}
		{4509910E-B358-4743-8E9E-A215DD6C8533} = {322C7F8D-52D1-4622-9323-503400F154EE}
		{6A8F0452-E935-43F5-81A5-888ED516BB6F} = {322C7F8D-52D1-4622-9323-503400F154EE}
		{AB2490CB-4DCD-4F40-BBE1-58B1449262FF} = {322C7F8D-52D1-4622-9323-503400F154EE}
		{52864980-E067-4CFE-9DC4-29EFBD2D504D} = {BFCEBB26-C336-4FD3-ACC1-74F1DD2D0F0C}
		{C6CAE060-CFF5-461F-84FD-FDB9E6E1209A} = {BFCEBB26-C336-4FD3-ACC1-74F1DD2D0F0C}
		{A27BEBED-04E0-4317-82EE-33ACF3A4F62F} = {BFCEBB26-C336-4FD3-ACC1-74F1DD2D0F0C}
		{C1FB7014-475C-45CF-AA34-58020331889A} = {BFCEBB26-C336-4FD3-ACC1-74F1DD2D0F0C}
		{C26AE930-171A-438A-820D-74087678348E} = {BFCEBB26-C336-4FD3-ACC1-74F1DD2D0F0C}
		{AD09D01B-7B65-4865-822C-E46EB63BAE37} = {FC0BE068-6896-4D20-AC05-61BB0421111B}
		{C2E00C1D-DA00-4731-9822-6144546B51B2} = {FC0BE068-6896-4D20-AC05-61BB0421111B}
		{B0760045-0181-49C0-8355-28DB835F896F} = {FC0BE068-6896-4D20-AC05-61BB0421111B}
		{A0DE2162-F5DD-40E2-99D5-38748245FC8C} = {FC0BE068-6896-4D20-AC05-61BB0421111B}
		{F3B0D41C-99D8-44B3-876E-005460F6B83B} = {FC0BE068-6896-4D20-AC05-61BB0421111B}
		{839003BE-4C33-4458-9929-112F5606D3B9} = {FC0BE068-6896-4D20-AC05-61BB0421111B}
		{1A2220B4-FE9E-4630-8B4C-7C2FAD41A529} = {FC0BE068-6896-4D20-AC05-61BB0421111B}
		{B4107E6D-A413-44D7-88AA-690FC49A5FEB} = {FC0BE068-6896-4D20-AC05-61BB0421111B}
		{2B64A31F-AAB2-49C4-82DA-78AA65C7468A} = {4EF2C67A-2301-44CC-B9E4-1E5CB868AE96}
		{E49C1AA9-D4EA-49F9-8921-7F242CEC1099} = {4EF2C67A-2301-44CC-B9E4-1E5CB868AE96}
		{519DED0E-5B26-437B-9A0B-3C653C4501A5} = {4EF2C67A-2301-44CC-B9E4-1E5CB868AE96}
		{621B23AB-39C6-4236-9BBB-8DCAFC136CFE} = {4EF2C67A-2301-44CC-B9E4-1E5CB868AE96}
		{4C41BCBF-F007-43EF-AEA0-22485279BC94} = {4EF2C67A-2301-44CC-B9E4-1E5CB868AE96}
		{A79DAEC3-ADB7-458E-95D5-B79F962D4D62} = {768C6DC1-7D80-4943-A1C2-27BAED7D6A58}
		{69743503-EFD6-4F02-9AFD-401BF7E62098} = {768C6DC1-7D80-4943-A1C2-27BAED7D6A58}
		{FD09FA56-CDC7-41C5-BDF9-182E8EACF29F} = {768C6DC1-7D80-4943-A1C2-27BAED7D6A58}
		{696C34AC-9E33-4EBD-8F9E-34F29A884F2C} = {768C6DC1-7D80-4943-A1C2-27BAED7D6A58}
		{6A2F3159-E2C9-4939-8909-1E71B69031E0} = {768C6DC1-7D80-4943-A1C2-27BAED7D6A58}
		{736960DD-5C1D-4D8E-9AA8-D0F94B613561} = {768C6DC1-7D80-4943-A1C2-27BAED7D6A58}
		{8720113B-C7F0-48BE-8C24-9BAF61D34FB1} = {6D78B5A1-994F-4A44-A381-66ECF45009B4}
		{4ABEE696-E42E-4897-B4E7-CF4A15A641C5} = {6D78B5A1-994F-4A44-A381-66ECF45009B4}
		{2C34CF5B-42B5-44BD-B12B-ED0A90C8215F} = {6D78B5A1-994F-4A44-A381-66ECF45009B4}
		{94FA0DAE-FBED-40BB-95E5-1C0632AC23CC} = {6D78B5A1-994F-4A44-A381-66ECF45009B4}
		{F9113F74-A451-4CA9-A0D3-D78389FAEB66} = {6D78B5A1-994F-4A44-A381-66ECF45009B4}
		{194DDA1F-0FF3-4983-A4B2-75D57A48BBB5} = {6D78B5A1-994F-4A44-A381-66ECF45009B4}
		{5A07ED3E-28A0-4504-B614-629C539E77A8} = {6D78B5A1-994F-4A44-A381-66ECF45009B4}
		{3598D7CA-D4C7-4A53-8695-691E785C214B} = {A5B3847C-8B6C-452C-9E86-D0BB005ADC8B}
		{95722FB3-1388-4133-9EF9-12B2338B7207} = {A5B3847C-8B6C-452C-9E86-D0BB005ADC8B}
		{B183E8E3-C46C-44FB-B2F6-259335915DB2} = {A5B3847C-8B6C-452C-9E86-D0BB005ADC8B}
		{1C76EF42-B83F-4C84-9B61-386C7A0AA31A} = {A5B3847C-8B6C-452C-9E86-D0BB005ADC8B}
		{3260C28A-98C0-48E2-941E-CDF5673BC562} = {A5B3847C-8B6C-452C-9E86-D0BB005ADC8B}
		{53A6615E-8D51-4BA0-B2B0-401F7EAC4AD1} = {A5B3847C-8B6C-452C-9E86-D0BB005ADC8B}
		{45665D93-32B1-4F8D-A4EC-53C71940D060} = {A5B3847C-8B6C-452C-9E86-D0BB005ADC8B}
		{6B3B1712-E0EA-4967-8FAD-DB9FBB0E98A3} = {88042245-7E7A-45E4-8C72-FCD53C662B3B}
		{28C8A569-4284-48AA-90AE-DE104799A665} = {88042245-7E7A-45E4-8C72-FCD53C662B3B}
		{2A026558-0BEA-4C61-9515-7A555BC99DE6} = {3D789C7D-4D9E-491E-9946-2AF8C3C31639}
		{6FC76DB0-5A46-4BEF-B03D-DA435344E6C2} = {3D789C7D-4D9E-491E-9946-2AF8C3C31639}
		{03485A64-33D8-4611-AE9F-5B1B1B5AA9D8} = {3D789C7D-4D9E-491E-9946-2AF8C3C31639}
		{BC6089F9-B995-4E52-941B-8A5409BD216A} = {3D789C7D-4D9E-491E-9946-2AF8C3C31639}
		{FF64B438-047A-4BCE-ACD1-F859B3D7C62E} = {3D789C7D-4D9E-491E-9946-2AF8C3C31639}
		{3BA4DA00-1940-446B-B489-D4D41A1042A3} = {3D789C7D-4D9E-491E-9946-2AF8C3C31639}
		{7DA1FA29-78E8-4B46-B90A-F3F24F6B9836} = {BEE2EF96-AD1D-493C-A17C-2E1B83823022}
		{8C205DB0-30E3-4BE5-B205-91C14331D54F} = {BEE2EF96-AD1D-493C-A17C-2E1B83823022}
		{3AA4C828-4308-4933-B1D0-7E6B27392452} = {BEE2EF96-AD1D-493C-A17C-2E1B83823022}
		{8E82C656-ABAC-4B20-B2D7-8CDD9CD9609B} = {BEE2EF96-AD1D-493C-A17C-2E1B83823022}
		{BDA1EF0E-4201-4962-8016-15151F32C8AD} = {BEE2EF96-AD1D-493C-A17C-2E1B83823022}
		{5EDFBA53-DB3C-40EC-A074-17E19D5E2AD9} = {BEE2EF96-AD1D-493C-A17C-2E1B83823022}
		{494149B6-B206-4E42-883E-71DE3C0ED02C} = {BEE2EF96-AD1D-493C-A17C-2E1B83823022}
		{1DCE72C1-CEF1-4941-8DFA-063D8FB6B823} = {BEE2EF96-AD1D-493C-A17C-2E1B83823022}
		{856110B1-6AF9-4CF9-BBD9-C86C89539345} = {BEE2EF96-AD1D-493C-A17C-2E1B83823022}
		{C757C9BF-1393-4EDA-8926-4FE5593E3F90} = {BEE2EF96-AD1D-493C-A17C-2E1B83823022}
		{8E32F4C3-9682-4525-8A94-E3B1CD1C5224} = {BEE2EF96-AD1D-493C-A17C-2E1B83823022}
		{C3762209-99A6-4116-8FF6-98EF17F08A94} = {BEE2EF96-AD1D-493C-A17C-2E1B83823022}
	EndGlobalSection
	GlobalSection(ExtensibilityGlobals) = postSolution
		SolutionGuid = {D71B9FD5-3713-4A96-96E3-A05726C8CDD7}
	EndGlobalSection
EndGlobal
