
Microsoft Visual Studio Solution File, Format Version 12.00
# Visual Studio Version 17
VisualStudioVersion = 17.14.36401.2 d17.14
MinimumVisualStudioVersion = 10.0.40219.1
Project("{8BC9CEB8-8B4A-11D0-8D11-00A0C91BC942}") = "HelloMsg", "..\Chap01\HelloMsg\HelloMsg.vcxproj", "{0FFAD6E1-3203-41BC-85CD-C54B8ABFF32C}"
EndProject
Project("{2150E333-8FDC-42A3-9474-1A3956D46DE8}") = "01", "01", "{02EA681E-C7D8-13C7-8484-4AC65E1B71E8}"
EndProject
Project("{8BC9CEB8-8B4A-11D0-8D11-00A0C91BC942}") = "ScrnSize", "..\Chap02\ScrnSize\ScrnSize.vcxproj", "{76C3FFA1-9C39-42C9-8689-D69CDC913AB7}"
EndProject
Project("{2150E333-8FDC-42A3-9474-1A3956D46DE8}") = "02", "02", "{AD38C8D2-20AE-454A-9018-E179601D420F}"
EndProject
Project("{8BC9CEB8-8B4A-11D0-8D11-00A0C91BC942}") = "HelloWin", "..\Chap03\HelloWin\HelloWin.vcxproj", "{04CE5F1C-6236-4196-A6B4-0C9B24128D79}"
EndProject
Project("{2150E333-8FDC-42A3-9474-1A3956D46DE8}") = "03", "03", "{1348BA0B-064F-467A-AB43-528F83B69763}"
EndProject
Project("{2150E333-8FDC-42A3-9474-1A3956D46DE8}") = "04", "04", "{008CCAD5-9006-4785-8D10-9EEE36B4BC33}"
EndProject
Project("{2150E333-8FDC-42A3-9474-1A3956D46DE8}") = "05", "05", "{322C7F8D-52D1-4622-9323-503400F154EE}"
EndProject
Project("{2150E333-8FDC-42A3-9474-1A3956D46DE8}") = "06", "06", "{BFCEBB26-C336-4FD3-ACC1-74F1DD2D0F0C}"
EndProject
Project("{2150E333-8FDC-42A3-9474-1A3956D46DE8}") = "07", "07", "{FC0BE068-6896-4D20-AC05-61BB0421111B}"
EndProject
Project("{2150E333-8FDC-42A3-9474-1A3956D46DE8}") = "08", "08", "{4EF2C67A-2301-44CC-B9E4-1E5CB868AE96}"
EndProject
Project("{2150E333-8FDC-42A3-9474-1A3956D46DE8}") = "09", "09", "{768C6DC1-7D80-4943-A1C2-27BAED7D6A58}"
EndProject
Project("{2150E333-8FDC-42A3-9474-1A3956D46DE8}") = "10", "10", "{6D78B5A1-994F-4A44-A381-66ECF45009B4}"
EndProject
Project("{8BC9CEB8-8B4A-11D0-8D11-00A0C91BC942}") = "SysMets1", "..\Chap04\SysMets1\SysMets1.vcxproj", "{A79D5CCA-6D25-45B0-9A54-C09A6D27BADB}"
EndProject
Project("{8BC9CEB8-8B4A-11D0-8D11-00A0C91BC942}") = "SysMets2", "..\Chap04\SysMets2\SysMets2.vcxproj", "{D0BEF9D0-5FF8-4041-8974-6A856DE68CA7}"
EndProject
Project("{8BC9CEB8-8B4A-11D0-8D11-00A0C91BC942}") = "SysMets3", "..\Chap04\SysMets3\SysMets3.vcxproj", "{CBC0D720-33E9-4F35-B815-C992ADD29631}"
EndProject
Project("{8BC9CEB8-8B4A-11D0-8D11-00A0C91BC942}") = "AltWind", "..\Chap05\AltWind\AltWind.vcxproj", "{9F69398B-5D6E-47A9-AD87-FF7BC1789F9C}"
EndProject
Project("{8BC9CEB8-8B4A-11D0-8D11-00A0C91BC942}") = "Bezier", "..\Chap05\Bezier\Bezier.vcxproj", "{9DA18AD3-C54E-4C0D-A836-C9ABA8B1B6F9}"
EndProject
Project("{8BC9CEB8-8B4A-11D0-8D11-00A0C91BC942}") = "Clover", "..\Chap05\Clover\Clover.vcxproj", "{D33B5924-BC2C-4494-B9D0-9161ECF4B210}"
EndProject
Project("{8BC9CEB8-8B4A-11D0-8D11-00A0C91BC942}") = "DevCaps1", "..\Chap05\DevCaps1\DevCaps1.vcxproj", "{08FD7BE2-7083-4549-901A-CD708E0411F6}"
EndProject
Project("{8BC9CEB8-8B4A-11D0-8D11-00A0C91BC942}") = "LineDemo", "..\Chap05\LineDemo\LineDemo.vcxproj", "{3B199D63-F88C-42DC-93E5-7B27E4CC167C}"
EndProject
Project("{8BC9CEB8-8B4A-11D0-8D11-00A0C91BC942}") = "RandRect", "..\Chap05\RandRect\RandRect.vcxproj", "{4509910E-B358-4743-8E9E-A215DD6C8533}"
EndProject
Project("{8BC9CEB8-8B4A-11D0-8D11-00A0C91BC942}") = "SineWave", "..\Chap05\SineWave\SineWave.vcxproj", "{6A8F0452-E935-43F5-81A5-888ED516BB6F}"
EndProject
Project("{8BC9CEB8-8B4A-11D0-8D11-00A0C91BC942}") = "WhatSize", "..\Chap05\WhatSize\WhatSize.vcxproj", "{AB2490CB-4DCD-4F40-BBE1-58B1449262FF}"
EndProject
Project("{8BC9CEB8-8B4A-11D0-8D11-00A0C91BC942}") = "KeyView1", "..\Chap06\KeyView1\KeyView1.vcxproj", "{52864980-E067-4CFE-9DC4-29EFBD2D504D}"
EndProject
Project("{8BC9CEB8-8B4A-11D0-8D11-00A0C91BC942}") = "KeyView2", "..\Chap06\KeyView2\KeyView2.vcxproj", "{C6CAE060-CFF5-461F-84FD-FDB9E6E1209A}"
EndProject
Project("{8BC9CEB8-8B4A-11D0-8D11-00A0C91BC942}") = "StokFont", "..\Chap06\StokFont\StokFont.vcxproj", "{A27BEBED-04E0-4317-82EE-33ACF3A4F62F}"
EndProject
Project("{8BC9CEB8-8B4A-11D0-8D11-00A0C91BC942}") = "SysMets4", "..\Chap06\SysMets4\SysMets4.vcxproj", "{C1FB7014-475C-45CF-AA34-58020331889A}"
EndProject
Project("{8BC9CEB8-8B4A-11D0-8D11-00A0C91BC942}") = "Typer", "..\Chap06\Typer\Typer.vcxproj", "{C26AE930-171A-438A-820D-74087678348E}"
EndProject
Global
	GlobalSection(SolutionConfigurationPlatforms) = preSolution
		Debug|x86 = Debug|x86
		Release|x86 = Release|x86
	EndGlobalSection
	GlobalSection(ProjectConfigurationPlatforms) = postSolution
		{0FFAD6E1-3203-41BC-85CD-C54B8ABFF32C}.Debug|x86.ActiveCfg = Debug|Win32
		{0FFAD6E1-3203-41BC-85CD-C54B8ABFF32C}.Debug|x86.Build.0 = Debug|Win32
		{0FFAD6E1-3203-41BC-85CD-C54B8ABFF32C}.Release|x86.ActiveCfg = Release|Win32
		{0FFAD6E1-3203-41BC-85CD-C54B8ABFF32C}.Release|x86.Build.0 = Release|Win32
		{76C3FFA1-9C39-42C9-8689-D69CDC913AB7}.Debug|x86.ActiveCfg = Debug|Win32
		{76C3FFA1-9C39-42C9-8689-D69CDC913AB7}.Debug|x86.Build.0 = Debug|Win32
		{76C3FFA1-9C39-42C9-8689-D69CDC913AB7}.Release|x86.ActiveCfg = Release|Win32
		{76C3FFA1-9C39-42C9-8689-D69CDC913AB7}.Release|x86.Build.0 = Release|Win32
		{04CE5F1C-6236-4196-A6B4-0C9B24128D79}.Debug|x86.ActiveCfg = Debug|Win32
		{04CE5F1C-6236-4196-A6B4-0C9B24128D79}.Debug|x86.Build.0 = Debug|Win32
		{04CE5F1C-6236-4196-A6B4-0C9B24128D79}.Release|x86.ActiveCfg = Release|Win32
		{04CE5F1C-6236-4196-A6B4-0C9B24128D79}.Release|x86.Build.0 = Release|Win32
		{A79D5CCA-6D25-45B0-9A54-C09A6D27BADB}.Debug|x86.ActiveCfg = Debug|Win32
		{A79D5CCA-6D25-45B0-9A54-C09A6D27BADB}.Debug|x86.Build.0 = Debug|Win32
		{A79D5CCA-6D25-45B0-9A54-C09A6D27BADB}.Release|x86.ActiveCfg = Release|Win32
		{A79D5CCA-6D25-45B0-9A54-C09A6D27BADB}.Release|x86.Build.0 = Release|Win32
		{D0BEF9D0-5FF8-4041-8974-6A856DE68CA7}.Debug|x86.ActiveCfg = Debug|Win32
		{D0BEF9D0-5FF8-4041-8974-6A856DE68CA7}.Debug|x86.Build.0 = Debug|Win32
		{D0BEF9D0-5FF8-4041-8974-6A856DE68CA7}.Release|x86.ActiveCfg = Release|Win32
		{D0BEF9D0-5FF8-4041-8974-6A856DE68CA7}.Release|x86.Build.0 = Release|Win32
		{CBC0D720-33E9-4F35-B815-C992ADD29631}.Debug|x86.ActiveCfg = Debug|Win32
		{CBC0D720-33E9-4F35-B815-C992ADD29631}.Debug|x86.Build.0 = Debug|Win32
		{CBC0D720-33E9-4F35-B815-C992ADD29631}.Release|x86.ActiveCfg = Release|Win32
		{CBC0D720-33E9-4F35-B815-C992ADD29631}.Release|x86.Build.0 = Release|Win32
		{9F69398B-5D6E-47A9-AD87-FF7BC1789F9C}.Debug|x86.ActiveCfg = Debug|Win32
		{9F69398B-5D6E-47A9-AD87-FF7BC1789F9C}.Debug|x86.Build.0 = Debug|Win32
		{9F69398B-5D6E-47A9-AD87-FF7BC1789F9C}.Release|x86.ActiveCfg = Release|Win32
		{9F69398B-5D6E-47A9-AD87-FF7BC1789F9C}.Release|x86.Build.0 = Release|Win32
		{9DA18AD3-C54E-4C0D-A836-C9ABA8B1B6F9}.Debug|x86.ActiveCfg = Debug|Win32
		{9DA18AD3-C54E-4C0D-A836-C9ABA8B1B6F9}.Debug|x86.Build.0 = Debug|Win32
		{9DA18AD3-C54E-4C0D-A836-C9ABA8B1B6F9}.Release|x86.ActiveCfg = Release|Win32
		{9DA18AD3-C54E-4C0D-A836-C9ABA8B1B6F9}.Release|x86.Build.0 = Release|Win32
		{D33B5924-BC2C-4494-B9D0-9161ECF4B210}.Debug|x86.ActiveCfg = Debug|Win32
		{D33B5924-BC2C-4494-B9D0-9161ECF4B210}.Debug|x86.Build.0 = Debug|Win32
		{D33B5924-BC2C-4494-B9D0-9161ECF4B210}.Release|x86.ActiveCfg = Release|Win32
		{D33B5924-BC2C-4494-B9D0-9161ECF4B210}.Release|x86.Build.0 = Release|Win32
		{08FD7BE2-7083-4549-901A-CD708E0411F6}.Debug|x86.ActiveCfg = Debug|Win32
		{08FD7BE2-7083-4549-901A-CD708E0411F6}.Debug|x86.Build.0 = Debug|Win32
		{08FD7BE2-7083-4549-901A-CD708E0411F6}.Release|x86.ActiveCfg = Release|Win32
		{08FD7BE2-7083-4549-901A-CD708E0411F6}.Release|x86.Build.0 = Release|Win32
		{3B199D63-F88C-42DC-93E5-7B27E4CC167C}.Debug|x86.ActiveCfg = Debug|Win32
		{3B199D63-F88C-42DC-93E5-7B27E4CC167C}.Debug|x86.Build.0 = Debug|Win32
		{3B199D63-F88C-42DC-93E5-7B27E4CC167C}.Release|x86.ActiveCfg = Release|Win32
		{3B199D63-F88C-42DC-93E5-7B27E4CC167C}.Release|x86.Build.0 = Release|Win32
		{4509910E-B358-4743-8E9E-A215DD6C8533}.Debug|x86.ActiveCfg = Debug|Win32
		{4509910E-B358-4743-8E9E-A215DD6C8533}.Debug|x86.Build.0 = Debug|Win32
		{4509910E-B358-4743-8E9E-A215DD6C8533}.Release|x86.ActiveCfg = Release|Win32
		{4509910E-B358-4743-8E9E-A215DD6C8533}.Release|x86.Build.0 = Release|Win32
		{6A8F0452-E935-43F5-81A5-888ED516BB6F}.Debug|x86.ActiveCfg = Debug|Win32
		{6A8F0452-E935-43F5-81A5-888ED516BB6F}.Debug|x86.Build.0 = Debug|Win32
		{6A8F0452-E935-43F5-81A5-888ED516BB6F}.Release|x86.ActiveCfg = Release|Win32
		{6A8F0452-E935-43F5-81A5-888ED516BB6F}.Release|x86.Build.0 = Release|Win32
		{AB2490CB-4DCD-4F40-BBE1-58B1449262FF}.Debug|x86.ActiveCfg = Debug|Win32
		{AB2490CB-4DCD-4F40-BBE1-58B1449262FF}.Debug|x86.Build.0 = Debug|Win32
		{AB2490CB-4DCD-4F40-BBE1-58B1449262FF}.Release|x86.ActiveCfg = Release|Win32
		{AB2490CB-4DCD-4F40-BBE1-58B1449262FF}.Release|x86.Build.0 = Release|Win32
		{52864980-E067-4CFE-9DC4-29EFBD2D504D}.Debug|x86.ActiveCfg = Debug|Win32
		{52864980-E067-4CFE-9DC4-29EFBD2D504D}.Debug|x86.Build.0 = Debug|Win32
		{52864980-E067-4CFE-9DC4-29EFBD2D504D}.Release|x86.ActiveCfg = Release|Win32
		{52864980-E067-4CFE-9DC4-29EFBD2D504D}.Release|x86.Build.0 = Release|Win32
		{C6CAE060-CFF5-461F-84FD-FDB9E6E1209A}.Debug|x86.ActiveCfg = Debug|Win32
		{C6CAE060-CFF5-461F-84FD-FDB9E6E1209A}.Debug|x86.Build.0 = Debug|Win32
		{C6CAE060-CFF5-461F-84FD-FDB9E6E1209A}.Release|x86.ActiveCfg = Release|Win32
		{C6CAE060-CFF5-461F-84FD-FDB9E6E1209A}.Release|x86.Build.0 = Release|Win32
		{A27BEBED-04E0-4317-82EE-33ACF3A4F62F}.Debug|x86.ActiveCfg = Debug|Win32
		{A27BEBED-04E0-4317-82EE-33ACF3A4F62F}.Debug|x86.Build.0 = Debug|Win32
		{A27BEBED-04E0-4317-82EE-33ACF3A4F62F}.Release|x86.ActiveCfg = Release|Win32
		{A27BEBED-04E0-4317-82EE-33ACF3A4F62F}.Release|x86.Build.0 = Release|Win32
		{C1FB7014-475C-45CF-AA34-58020331889A}.Debug|x86.ActiveCfg = Debug|Win32
		{C1FB7014-475C-45CF-AA34-58020331889A}.Debug|x86.Build.0 = Debug|Win32
		{C1FB7014-475C-45CF-AA34-58020331889A}.Release|x86.ActiveCfg = Release|Win32
		{C1FB7014-475C-45CF-AA34-58020331889A}.Release|x86.Build.0 = Release|Win32
		{C26AE930-171A-438A-820D-74087678348E}.Debug|x86.ActiveCfg = Debug|Win32
		{C26AE930-171A-438A-820D-74087678348E}.Debug|x86.Build.0 = Debug|Win32
		{C26AE930-171A-438A-820D-74087678348E}.Release|x86.ActiveCfg = Release|Win32
		{C26AE930-171A-438A-820D-74087678348E}.Release|x86.Build.0 = Release|Win32
	EndGlobalSection
	GlobalSection(SolutionProperties) = preSolution
		HideSolutionNode = FALSE
	EndGlobalSection
	GlobalSection(NestedProjects) = preSolution
		{0FFAD6E1-3203-41BC-85CD-C54B8ABFF32C} = {02EA681E-C7D8-13C7-8484-4AC65E1B71E8}
		{76C3FFA1-9C39-42C9-8689-D69CDC913AB7} = {AD38C8D2-20AE-454A-9018-E179601D420F}
		{04CE5F1C-6236-4196-A6B4-0C9B24128D79} = {1348BA0B-064F-467A-AB43-528F83B69763}
		{A79D5CCA-6D25-45B0-9A54-C09A6D27BADB} = {008CCAD5-9006-4785-8D10-9EEE36B4BC33}
		{D0BEF9D0-5FF8-4041-8974-6A856DE68CA7} = {008CCAD5-9006-4785-8D10-9EEE36B4BC33}
		{CBC0D720-33E9-4F35-B815-C992ADD29631} = {008CCAD5-9006-4785-8D10-9EEE36B4BC33}
		{9F69398B-5D6E-47A9-AD87-FF7BC1789F9C} = {322C7F8D-52D1-4622-9323-503400F154EE}
		{9DA18AD3-C54E-4C0D-A836-C9ABA8B1B6F9} = {322C7F8D-52D1-4622-9323-503400F154EE}
		{D33B5924-BC2C-4494-B9D0-9161ECF4B210} = {322C7F8D-52D1-4622-9323-503400F154EE}
		{08FD7BE2-7083-4549-901A-CD708E0411F6} = {322C7F8D-52D1-4622-9323-503400F154EE}
		{3B199D63-F88C-42DC-93E5-7B27E4CC167C} = {322C7F8D-52D1-4622-9323-503400F154EE}
		{4509910E-B358-4743-8E9E-A215DD6C8533} = {322C7F8D-52D1-4622-9323-503400F154EE}
		{6A8F0452-E935-43F5-81A5-888ED516BB6F} = {322C7F8D-52D1-4622-9323-503400F154EE}
		{AB2490CB-4DCD-4F40-BBE1-58B1449262FF} = {322C7F8D-52D1-4622-9323-503400F154EE}
		{52864980-E067-4CFE-9DC4-29EFBD2D504D} = {BFCEBB26-C336-4FD3-ACC1-74F1DD2D0F0C}
		{C6CAE060-CFF5-461F-84FD-FDB9E6E1209A} = {BFCEBB26-C336-4FD3-ACC1-74F1DD2D0F0C}
		{A27BEBED-04E0-4317-82EE-33ACF3A4F62F} = {BFCEBB26-C336-4FD3-ACC1-74F1DD2D0F0C}
		{C1FB7014-475C-45CF-AA34-58020331889A} = {BFCEBB26-C336-4FD3-ACC1-74F1DD2D0F0C}
		{C26AE930-171A-438A-820D-74087678348E} = {BFCEBB26-C336-4FD3-ACC1-74F1DD2D0F0C}
	EndGlobalSection
	GlobalSection(ExtensibilityGlobals) = postSolution
		SolutionGuid = {D71B9FD5-3713-4A96-96E3-A05726C8CDD7}
	EndGlobalSection
EndGlobal
