
Microsoft Visual Studio Solution File, Format Version 12.00
# Visual Studio Version 17
VisualStudioVersion = 17.14.36401.2
MinimumVisualStudioVersion = 10.0.40219.1
Project("{8BC9CEB8-8B4A-11D0-8D11-00A0C91BC942}") = "HelloMsg", "..\Chap01\HelloMsg\HelloMsg.vcxproj", "{0FFAD6E1-3203-41BC-85CD-C54B8ABFF32C}"
EndProject
Project("{2150E333-8FDC-42A3-9474-1A3956D46DE8}") = "01", "01", "{02EA681E-C7D8-13C7-8484-4AC65E1B71E8}"
EndProject
Project("{8BC9CEB8-8B4A-11D0-8D11-00A0C91BC942}") = "ScrnSize", "..\Chap02\ScrnSize\ScrnSize.vcxproj", "{76C3FFA1-9C39-42C9-8689-D69CDC913AB7}"
EndProject
Project("{2150E333-8FDC-42A3-9474-1A3956D46DE8}") = "02", "02", "{AD38C8D2-20AE-454A-9018-E179601D420F}"
EndProject
Project("{8BC9CEB8-8B4A-11D0-8D11-00A0C91BC942}") = "HelloWin", "..\Chap03\HelloWin\HelloWin.vcxproj", "{04CE5F1C-6236-4196-A6B4-0C9B24128D79}"
EndProject
Project("{2150E333-8FDC-42A3-9474-1A3956D46DE8}") = "03", "03", "{1348BA0B-064F-467A-AB43-528F83B69763}"
EndProject
Project("{2150E333-8FDC-42A3-9474-1A3956D46DE8}") = "04", "04", "{008CCAD5-9006-4785-8D10-9EEE36B4BC33}"
EndProject
Project("{2150E333-8FDC-42A3-9474-1A3956D46DE8}") = "05", "05", "{322C7F8D-52D1-4622-9323-503400F154EE}"
EndProject
Project("{2150E333-8FDC-42A3-9474-1A3956D46DE8}") = "06", "06", "{BFCEBB26-C336-4FD3-ACC1-74F1DD2D0F0C}"
EndProject
Project("{2150E333-8FDC-42A3-9474-1A3956D46DE8}") = "07", "07", "{FC0BE068-6896-4D20-AC05-61BB0421111B}"
EndProject
Project("{2150E333-8FDC-42A3-9474-1A3956D46DE8}") = "08", "08", "{4EF2C67A-2301-44CC-B9E4-1E5CB868AE96}"
EndProject
Project("{2150E333-8FDC-42A3-9474-1A3956D46DE8}") = "09", "09", "{768C6DC1-7D80-4943-A1C2-27BAED7D6A58}"
EndProject
Project("{2150E333-8FDC-42A3-9474-1A3956D46DE8}") = "10", "10", "{6D78B5A1-994F-4A44-A381-66ECF45009B4}"
EndProject
Project("{8BC9CEB8-8B4A-11D0-8D11-00A0C91BC942}") = "SysMets1", "..\Chap04\SysMets1\SysMets1.vcxproj", "{A79D5CCA-6D25-45B0-9A54-C09A6D27BADB}"
EndProject
Project("{8BC9CEB8-8B4A-11D0-8D11-00A0C91BC942}") = "SysMets2", "..\Chap04\SysMets2\SysMets2.vcxproj", "{D0BEF9D0-5FF8-4041-8974-6A856DE68CA7}"
EndProject
Project("{8BC9CEB8-8B4A-11D0-8D11-00A0C91BC942}") = "SysMets3", "..\Chap04\SysMets3\SysMets3.vcxproj", "{CBC0D720-33E9-4F35-B815-C992ADD29631}"
EndProject
Project("{8BC9CEB8-8B4A-11D0-8D11-00A0C91BC942}") = "AltWind", "..\Chap05\AltWind\AltWind.vcxproj", "{9F69398B-5D6E-47A9-AD87-FF7BC1789F9C}"
EndProject
Project("{8BC9CEB8-8B4A-11D0-8D11-00A0C91BC942}") = "Bezier", "..\Chap05\Bezier\Bezier.vcxproj", "{9DA18AD3-C54E-4C0D-A836-C9ABA8B1B6F9}"
EndProject
Project("{8BC9CEB8-8B4A-11D0-8D11-00A0C91BC942}") = "Clover", "..\Chap05\Clover\Clover.vcxproj", "{D33B5924-BC2C-4494-B9D0-9161ECF4B210}"
EndProject
Project("{8BC9CEB8-8B4A-11D0-8D11-00A0C91BC942}") = "DevCaps1", "..\Chap05\DevCaps1\DevCaps1.vcxproj", "{08FD7BE2-7083-4549-901A-CD708E0411F6}"
EndProject
Project("{8BC9CEB8-8B4A-11D0-8D11-00A0C91BC942}") = "LineDemo", "..\Chap05\LineDemo\LineDemo.vcxproj", "{3B199D63-F88C-42DC-93E5-7B27E4CC167C}"
EndProject
Project("{8BC9CEB8-8B4A-11D0-8D11-00A0C91BC942}") = "RandRect", "..\Chap05\RandRect\RandRect.vcxproj", "{4509910E-B358-4743-8E9E-A215DD6C8533}"
EndProject
Project("{8BC9CEB8-8B4A-11D0-8D11-00A0C91BC942}") = "SineWave", "..\Chap05\SineWave\SineWave.vcxproj", "{6A8F0452-E935-43F5-81A5-888ED516BB6F}"
EndProject
Project("{8BC9CEB8-8B4A-11D0-8D11-00A0C91BC942}") = "WhatSize", "..\Chap05\WhatSize\WhatSize.vcxproj", "{AB2490CB-4DCD-4F40-BBE1-58B1449262FF}"
EndProject
Project("{8BC9CEB8-8B4A-11D0-8D11-00A0C91BC942}") = "KeyView1", "..\Chap06\KeyView1\KeyView1.vcxproj", "{52864980-E067-4CFE-9DC4-29EFBD2D504D}"
EndProject
Project("{8BC9CEB8-8B4A-11D0-8D11-00A0C91BC942}") = "KeyView2", "..\Chap06\KeyView2\KeyView2.vcxproj", "{C6CAE060-CFF5-461F-84FD-FDB9E6E1209A}"
EndProject
Project("{8BC9CEB8-8B4A-11D0-8D11-00A0C91BC942}") = "StokFont", "..\Chap06\StokFont\StokFont.vcxproj", "{A27BEBED-04E0-4317-82EE-33ACF3A4F62F}"
EndProject
Project("{8BC9CEB8-8B4A-11D0-8D11-00A0C91BC942}") = "SysMets4", "..\Chap06\SysMets4\SysMets4.vcxproj", "{C1FB7014-475C-45CF-AA34-58020331889A}"
EndProject
Project("{8BC9CEB8-8B4A-11D0-8D11-00A0C91BC942}") = "Typer", "..\Chap06\Typer\Typer.vcxproj", "{C26AE930-171A-438A-820D-74087678348E}"
EndProject
Project("{8BC9CEB8-8B4A-11D0-8D11-00A0C91BC942}") = "BlokOut1", "..\Chap07\BlokOut1\BlokOut1.vcxproj", "{AD09D01B-7B65-4865-822C-E46EB63BAE37}"
EndProject
Project("{8BC9CEB8-8B4A-11D0-8D11-00A0C91BC942}") = "BlokOut2", "..\Chap07\BlokOut2\BlokOut2.vcxproj", "{C2E00C1D-DA00-4731-9822-6144546B51B2}"
EndProject
Project("{8BC9CEB8-8B4A-11D0-8D11-00A0C91BC942}") = "Checker1", "..\Chap07\Checker1\Checker1.vcxproj", "{B0760045-0181-49C0-8355-28DB835F896F}"
EndProject
Project("{8BC9CEB8-8B4A-11D0-8D11-00A0C91BC942}") = "Checker2", "..\Chap07\Checker2\Checker2.vcxproj", "{A0DE2162-F5DD-40E2-99D5-38748245FC8C}"
EndProject
Project("{8BC9CEB8-8B4A-11D0-8D11-00A0C91BC942}") = "Checker3", "..\Chap07\Checker3\Checker3.vcxproj", "{F3B0D41C-99D8-44B3-876E-005460F6B83B}"
EndProject
Project("{8BC9CEB8-8B4A-11D0-8D11-00A0C91BC942}") = "Checker4", "..\Chap07\Checker4\Checker4.vcxproj", "{839003BE-4C33-4458-9929-112F5606D3B9}"
EndProject
Project("{8BC9CEB8-8B4A-11D0-8D11-00A0C91BC942}") = "Connect", "..\Chap07\Connect\Connect.vcxproj", "{1A2220B4-FE9E-4630-8B4C-7C2FAD41A529}"
EndProject
Project("{8BC9CEB8-8B4A-11D0-8D11-00A0C91BC942}") = "SysMets", "..\Chap07\SysMets\SysMets.vcxproj", "{B4107E6D-A413-44D7-88AA-690FC49A5FEB}"
EndProject
Project("{8BC9CEB8-8B4A-11D0-8D11-00A0C91BC942}") = "Beeper1", "..\Chap08\Beeper1\Beeper1.vcxproj", "{2B64A31F-AAB2-49C4-82DA-78AA65C7468A}"
EndProject
Project("{8BC9CEB8-8B4A-11D0-8D11-00A0C91BC942}") = "Beeper2", "..\Chap08\Beeper2\Beeper2.vcxproj", "{E49C1AA9-D4EA-49F9-8921-7F242CEC1099}"
EndProject
Project("{8BC9CEB8-8B4A-11D0-8D11-00A0C91BC942}") = "Clock", "..\Chap08\Clock\Clock.vcxproj", "{519DED0E-5B26-437B-9A0B-3C653C4501A5}"
EndProject
Project("{8BC9CEB8-8B4A-11D0-8D11-00A0C91BC942}") = "DigClock", "..\Chap08\DigClock\DigClock.vcxproj", "{621B23AB-39C6-4236-9BBB-8DCAFC136CFE}"
EndProject
Project("{8BC9CEB8-8B4A-11D0-8D11-00A0C91BC942}") = "WhatClr", "..\Chap08\WhatClr\WhatClr.vcxproj", "{4C41BCBF-F007-43EF-AEA0-22485279BC94}"
EndProject
Project("{8BC9CEB8-8B4A-11D0-8D11-00A0C91BC942}") = "BtnLook", "..\Chap09\BtnLook\BtnLook.vcxproj", "{A79DAEC3-ADB7-458E-95D5-B79F962D4D62}"
EndProject
Project("{8BC9CEB8-8B4A-11D0-8D11-00A0C91BC942}") = "Colors1", "..\Chap09\Colors1\Colors1.vcxproj", "{69743503-EFD6-4F02-9AFD-401BF7E62098}"
EndProject
Project("{8BC9CEB8-8B4A-11D0-8D11-00A0C91BC942}") = "Environ", "..\Chap09\Environ\Environ.vcxproj", "{FD09FA56-CDC7-41C5-BDF9-182E8EACF29F}"
EndProject
Project("{8BC9CEB8-8B4A-11D0-8D11-00A0C91BC942}") = "head", "..\Chap09\head\head.vcxproj", "{696C34AC-9E33-4EBD-8F9E-34F29A884F2C}"
EndProject
Project("{8BC9CEB8-8B4A-11D0-8D11-00A0C91BC942}") = "OwnDraw", "..\Chap09\OwnDraw\OwnDraw.vcxproj", "{6A2F3159-E2C9-4939-8909-1E71B69031E0}"
EndProject
Project("{8BC9CEB8-8B4A-11D0-8D11-00A0C91BC942}") = "PopPad1", "..\Chap09\PopPad1\PopPad1.vcxproj", "{736960DD-5C1D-4D8E-9AA8-D0F94B613561}"
EndProject
Project("{8BC9CEB8-8B4A-11D0-8D11-00A0C91BC942}") = "IconDemo", "..\Chap10\IconDemo\IconDemo.vcxproj", "{8720113B-C7F0-48BE-8C24-9BAF61D34FB1}"
EndProject
Project("{8BC9CEB8-8B4A-11D0-8D11-00A0C91BC942}") = "MenuDemo", "..\Chap10\MenuDemo\MenuDemo.vcxproj", "{4ABEE696-E42E-4897-B4E7-CF4A15A641C5}"
EndProject
Project("{8BC9CEB8-8B4A-11D0-8D11-00A0C91BC942}") = "NoPopups", "..\Chap10\NoPopups\NoPopups.vcxproj", "{2C34CF5B-42B5-44BD-B12B-ED0A90C8215F}"
EndProject
Project("{8BC9CEB8-8B4A-11D0-8D11-00A0C91BC942}") = "PoePoem", "..\Chap10\PoePoem\PoePoem.vcxproj", "{94FA0DAE-FBED-40BB-95E5-1C0632AC23CC}"
EndProject
Project("{8BC9CEB8-8B4A-11D0-8D11-00A0C91BC942}") = "PoorMenu", "..\Chap10\PoorMenu\PoorMenu.vcxproj", "{F9113F74-A451-4CA9-A0D3-D78389FAEB66}"
EndProject
Project("{8BC9CEB8-8B4A-11D0-8D11-00A0C91BC942}") = "PopMenu", "..\Chap10\PopMenu\PopMenu.vcxproj", "{194DDA1F-0FF3-4983-A4B2-75D57A48BBB5}"
EndProject
Project("{8BC9CEB8-8B4A-11D0-8D11-00A0C91BC942}") = "PopPad2", "..\Chap10\PopPad2\PopPad2.vcxproj", "{5A07ED3E-28A0-4504-B614-629C539E77A8}"
EndProject
Project("{2150E333-8FDC-42A3-9474-1A3956D46DE8}") = "11", "11", "{A5B3847C-8B6C-452C-9E86-D0BB005ADC8B}"
EndProject
Project("{2150E333-8FDC-42A3-9474-1A3956D46DE8}") = "12", "12", "{88042245-7E7A-45E4-8C72-FCD53C662B3B}"
EndProject
Project("{8BC9CEB8-8B4A-11D0-8D11-00A0C91BC942}") = "About1", "..\Chap11\About1\About1.vcxproj", "{3598D7CA-D4C7-4A53-8695-691E785C214B}"
EndProject
Project("{8BC9CEB8-8B4A-11D0-8D11-00A0C91BC942}") = "About2", "..\Chap11\About2\About2.vcxproj", "{95722FB3-1388-4133-9EF9-12B2338B7207}"
EndProject
Project("{8BC9CEB8-8B4A-11D0-8D11-00A0C91BC942}") = "About3", "..\Chap11\About3\About3.vcxproj", "{B183E8E3-C46C-44FB-B2F6-259335915DB2}"
EndProject
Project("{8BC9CEB8-8B4A-11D0-8D11-00A0C91BC942}") = "Colors2", "..\Chap11\Colors2\Colors2.vcxproj", "{1C76EF42-B83F-4C84-9B61-386C7A0AA31A}"
EndProject
Project("{8BC9CEB8-8B4A-11D0-8D11-00A0C91BC942}") = "Colors3", "..\Chap11\Colors3\Colors3.vcxproj", "{3260C28A-98C0-48E2-941E-CDF5673BC562}"
EndProject
Project("{8BC9CEB8-8B4A-11D0-8D11-00A0C91BC942}") = "HexCalc", "..\Chap11\HexCalc\HexCalc.vcxproj", "{53A6615E-8D51-4BA0-B2B0-401F7EAC4AD1}"
EndProject
Project("{8BC9CEB8-8B4A-11D0-8D11-00A0C91BC942}") = "PopPad3", "..\Chap11\PopPad3\PopPad3.vcxproj", "{45665D93-32B1-4F8D-A4EC-53C71940D060}"
EndProject
Project("{8BC9CEB8-8B4A-11D0-8D11-00A0C91BC942}") = "ClipText", "..\Chap12\ClipText\ClipText.vcxproj", "{6B3B1712-E0EA-4967-8FAD-DB9FBB0E98A3}"
EndProject
Project("{8BC9CEB8-8B4A-11D0-8D11-00A0C91BC942}") = "ClipView", "..\Chap12\ClipView\ClipView.vcxproj", "{28C8A569-4284-48AA-90AE-DE104799A665}"
EndProject
Project("{2150E333-8FDC-42A3-9474-1A3956D46DE8}") = "13", "13", "{3D789C7D-4D9E-491E-9946-2AF8C3C31639}"
EndProject
Project("{8BC9CEB8-8B4A-11D0-8D11-00A0C91BC942}") = "DevCaps2", "..\Chap13\DevCaps2\DevCaps2.vcxproj", "{2A026558-0BEA-4C61-9515-7A555BC99DE6}"
EndProject
Project("{8BC9CEB8-8B4A-11D0-8D11-00A0C91BC942}") = "FormFeed", "..\Chap13\FormFeed\FormFeed.vcxproj", "{6FC76DB0-5A46-4BEF-B03D-DA435344E6C2}"
EndProject
Project("{8BC9CEB8-8B4A-11D0-8D11-00A0C91BC942}") = "PopPad", "..\Chap13\PopPad\PopPad.vcxproj", "{03485A64-33D8-4611-AE9F-5B1B1B5AA9D8}"
EndProject
Project("{8BC9CEB8-8B4A-11D0-8D11-00A0C91BC942}") = "Print1", "..\Chap13\Print1\Print1.vcxproj", "{BC6089F9-B995-4E52-941B-8A5409BD216A}"
EndProject
Project("{8BC9CEB8-8B4A-11D0-8D11-00A0C91BC942}") = "Print2", "..\Chap13\Print2\Print2.vcxproj", "{FF64B438-047A-4BCE-ACD1-F859B3D7C62E}"
EndProject
Project("{8BC9CEB8-8B4A-11D0-8D11-00A0C91BC942}") = "Print3", "..\Chap13\Print3\Print3.vcxproj", "{3BA4DA00-1940-446B-B489-D4D41A1042A3}"
EndProject
Project("{2150E333-8FDC-42A3-9474-1A3956D46DE8}") = "14", "14", "{BEE2EF96-AD1D-493C-A17C-2E1B83823022}"
EndProject
Project("{8BC9CEB8-8B4A-11D0-8D11-00A0C91BC942}") = "BitBlt", "..\Chap14\BitBlt\BitBlt.vcxproj", "{7DA1FA29-78E8-4B46-B90A-F3F24F6B9836}"
EndProject
Project("{8BC9CEB8-8B4A-11D0-8D11-00A0C91BC942}") = "BitMask", "..\Chap14\BitMask\BitMask.vcxproj", "{8C205DB0-30E3-4BE5-B205-91C14331D54F}"
EndProject
Project("{8BC9CEB8-8B4A-11D0-8D11-00A0C91BC942}") = "Blowup", "..\Chap14\Blowup\Blowup.vcxproj", "{3AA4C828-4308-4933-B1D0-7E6B27392452}"
EndProject
Project("{8BC9CEB8-8B4A-11D0-8D11-00A0C91BC942}") = "Bounce", "..\Chap14\Bounce\Bounce.vcxproj", "{8E82C656-ABAC-4B20-B2D7-8CDD9CD9609B}"
EndProject
Project("{8BC9CEB8-8B4A-11D0-8D11-00A0C91BC942}") = "Bricks1", "..\Chap14\Bricks1\Bricks1.vcxproj", "{BDA1EF0E-4201-4962-8016-15151F32C8AD}"
EndProject
Project("{8BC9CEB8-8B4A-11D0-8D11-00A0C91BC942}") = "Bricks2", "..\Chap14\Bricks2\Bricks2.vcxproj", "{5EDFBA53-DB3C-40EC-A074-17E19D5E2AD9}"
EndProject
Project("{8BC9CEB8-8B4A-11D0-8D11-00A0C91BC942}") = "Bricks3", "..\Chap14\Bricks3\Bricks3.vcxproj", "{494149B6-B206-4E42-883E-71DE3C0ED02C}"
EndProject
Project("{8BC9CEB8-8B4A-11D0-8D11-00A0C91BC942}") = "GrafMenu", "..\Chap14\GrafMenu\GrafMenu.vcxproj", "{1DCE72C1-CEF1-4941-8DFA-063D8FB6B823}"
EndProject
Project("{8BC9CEB8-8B4A-11D0-8D11-00A0C91BC942}") = "HelloBit", "..\Chap14\HelloBit\HelloBit.vcxproj", "{856110B1-6AF9-4CF9-BBD9-C86C89539345}"
EndProject
Project("{8BC9CEB8-8B4A-11D0-8D11-00A0C91BC942}") = "Scramble", "..\Chap14\Scramble\Scramble.vcxproj", "{C757C9BF-1393-4EDA-8926-4FE5593E3F90}"
EndProject
Project("{8BC9CEB8-8B4A-11D0-8D11-00A0C91BC942}") = "Sketch", "..\Chap14\Sketch\Sketch.vcxproj", "{8E32F4C3-9682-4525-8A94-E3B1CD1C5224}"
EndProject
Project("{8BC9CEB8-8B4A-11D0-8D11-00A0C91BC942}") = "Stretch", "..\Chap14\Stretch\Stretch.vcxproj", "{C3762209-99A6-4116-8FF6-98EF17F08A94}"
EndProject
Project("{2150E333-8FDC-42A3-9474-1A3956D46DE8}") = "15", "15", "{3E39F08D-A08E-4DF1-8685-BCCBCE6DE96E}"
EndProject
Project("{2150E333-8FDC-42A3-9474-1A3956D46DE8}") = "16", "16", "{8111D98F-CD28-4976-A6E9-49E53854C495}"
EndProject
Project("{2150E333-8FDC-42A3-9474-1A3956D46DE8}") = "17", "17", "{8B418221-E973-40AF-B56F-EC0E10C26E2F}"
EndProject
Project("{2150E333-8FDC-42A3-9474-1A3956D46DE8}") = "18", "18", "{EE55BF95-B33B-43E0-BB88-DE3AADE5197C}"
EndProject
Project("{8BC9CEB8-8B4A-11D0-8D11-00A0C91BC942}") = "Apollo11", "..\Chap15\Apollo11\Apollo11.vcxproj", "{665580E3-B644-416E-A787-7EDD730FD52E}"
EndProject
Project("{8BC9CEB8-8B4A-11D0-8D11-00A0C91BC942}") = "DibConv", "..\Chap15\DibConv\DibConv.vcxproj", "{D9F4E3C8-EBD9-4992-B93C-9BAC184499F0}"
EndProject
Project("{8BC9CEB8-8B4A-11D0-8D11-00A0C91BC942}") = "DibHeads", "..\Chap15\DibHeads\DibHeads.vcxproj", "{F465B11D-3DFE-441B-9A14-2A4742D5E19D}"
EndProject
Project("{8BC9CEB8-8B4A-11D0-8D11-00A0C91BC942}") = "DibSect", "..\Chap15\DibSect\DibSect.vcxproj", "{8DAF71FA-A51D-4C84-8FC4-E6CA2F10CD8A}"
EndProject
Project("{8BC9CEB8-8B4A-11D0-8D11-00A0C91BC942}") = "SeqDisp", "..\Chap15\SeqDisp\SeqDisp.vcxproj", "{4A510DB0-B2F9-4E03-9A32-7F0DFE969769}"
EndProject
Project("{8BC9CEB8-8B4A-11D0-8D11-00A0C91BC942}") = "ShowDib1", "..\Chap15\ShowDib1\ShowDib1.vcxproj", "{BA715C80-9E49-4CE0-86B5-6631F3D36A3E}"
EndProject
Project("{8BC9CEB8-8B4A-11D0-8D11-00A0C91BC942}") = "ShowDib2", "..\Chap15\ShowDib2\ShowDib2.vcxproj", "{2A888C5D-3E60-4F90-8D0E-9E8A4E7B7630}"
EndProject
Project("{8BC9CEB8-8B4A-11D0-8D11-00A0C91BC942}") = "AllColor", "..\Chap16\AllColor\AllColor.vcxproj", "{561A8B0C-AB95-4884-A80D-CBF9962C04EA}"
EndProject
Project("{8BC9CEB8-8B4A-11D0-8D11-00A0C91BC942}") = "Bounce", "..\Chap16\Bounce\Bounce.vcxproj", "{CC832659-39E3-4B87-84A5-4EB1C824DC2B}"
EndProject
Project("{8BC9CEB8-8B4A-11D0-8D11-00A0C91BC942}") = "Dibble", "..\Chap16\Dibble\Dibble.vcxproj", "{5E96B718-E1ED-45AA-A928-32AC0DAEFC59}"
EndProject
Project("{8BC9CEB8-8B4A-11D0-8D11-00A0C91BC942}") = "Fader", "..\Chap16\Fader\Fader.vcxproj", "{84A94361-F6A9-4E1E-B793-409F99ECD049}"
EndProject
Project("{8BC9CEB8-8B4A-11D0-8D11-00A0C91BC942}") = "Grays1", "..\Chap16\Grays1\Grays1.vcxproj", "{306CD493-5A51-4FFE-89B3-8441BBA18420}"
EndProject
Project("{8BC9CEB8-8B4A-11D0-8D11-00A0C91BC942}") = "Grays2", "..\Chap16\Grays2\Grays2.vcxproj", "{5F2AC395-0842-4FF6-9F86-6BDE92A9A0E3}"
EndProject
Project("{8BC9CEB8-8B4A-11D0-8D11-00A0C91BC942}") = "Grays3", "..\Chap16\Grays3\Grays3.vcxproj", "{3A589B24-7DE6-474B-A121-A106F200E2C4}"
EndProject
Project("{8BC9CEB8-8B4A-11D0-8D11-00A0C91BC942}") = "Pipes", "..\Chap16\Pipes\Pipes.vcxproj", "{68B30B01-9B5F-4DBD-856E-B6D2524564AF}"
EndProject
Project("{8BC9CEB8-8B4A-11D0-8D11-00A0C91BC942}") = "ShowDib3", "..\Chap16\ShowDib3\ShowDib3.vcxproj", "{5FDB3346-8E33-4F8A-81C2-F25B41367D7A}"
EndProject
Project("{8BC9CEB8-8B4A-11D0-8D11-00A0C91BC942}") = "ShowDib4", "..\Chap16\ShowDib4\ShowDib4.vcxproj", "{48F3113D-7665-4B22-85F0-11529E70121B}"
EndProject
Project("{8BC9CEB8-8B4A-11D0-8D11-00A0C91BC942}") = "ShowDib5", "..\Chap16\ShowDib5\ShowDib5.vcxproj", "{054FE3A7-8EB3-42B4-B183-E7B960122E4A}"
EndProject
Project("{8BC9CEB8-8B4A-11D0-8D11-00A0C91BC942}") = "ShowDib6", "..\Chap16\ShowDib6\ShowDib6.vcxproj", "{4F14CDDA-9F75-4FEB-BA37-857DB8F8DE5A}"
EndProject
Project("{8BC9CEB8-8B4A-11D0-8D11-00A0C91BC942}") = "ShowDib7", "..\Chap16\ShowDib7\ShowDib7.vcxproj", "{5EE61152-9C65-4234-A913-2D777200C86B}"
EndProject
Project("{8BC9CEB8-8B4A-11D0-8D11-00A0C91BC942}") = "ShowDib8", "..\Chap16\ShowDib8\ShowDib8.vcxproj", "{767BF426-E86F-401C-84A3-455D2E5CCA16}"
EndProject
Project("{8BC9CEB8-8B4A-11D0-8D11-00A0C91BC942}") = "SysPal1", "..\Chap16\SysPal1\SysPal1.vcxproj", "{C9CA3940-0022-49FB-9D72-9808A6DA1E6D}"
EndProject
Project("{8BC9CEB8-8B4A-11D0-8D11-00A0C91BC942}") = "SysPal2", "..\Chap16\SysPal2\SysPal2.vcxproj", "{AC3FECE8-C6EB-4280-A3A3-CEC3E5D6A1A4}"
EndProject
Project("{8BC9CEB8-8B4A-11D0-8D11-00A0C91BC942}") = "SysPal3", "..\Chap16\SysPal3\SysPal3.vcxproj", "{5746786D-807B-49F9-B6DC-85E28ADC0EED}"
EndProject
Project("{8BC9CEB8-8B4A-11D0-8D11-00A0C91BC942}") = "Tunnel", "..\Chap16\Tunnel\Tunnel.vcxproj", "{A1DEDA00-1D45-4E6A-9816-7DEF3C1FCCCA}"
EndProject
Project("{8BC9CEB8-8B4A-11D0-8D11-00A0C91BC942}") = "ChosFont", "..\Chap17\ChosFont\ChosFont.vcxproj", "{7B83AFDA-3D21-4A85-A35F-D5912446FFF0}"
EndProject
Project("{8BC9CEB8-8B4A-11D0-8D11-00A0C91BC942}") = "EndJoin", "..\Chap17\EndJoin\EndJoin.vcxproj", "{B6ABD770-FE73-4972-83E7-848EDB18BB98}"
EndProject
Project("{8BC9CEB8-8B4A-11D0-8D11-00A0C91BC942}") = "EZTest", "..\Chap17\EZTest\EZTest.vcxproj", "{47647056-3525-4459-B3F0-6566656259C6}"
EndProject
Project("{8BC9CEB8-8B4A-11D0-8D11-00A0C91BC942}") = "FontClip", "..\Chap17\FontClip\FontClip.vcxproj", "{12A2EAEB-4355-47DA-A564-58C25B9529B6}"
EndProject
Project("{8BC9CEB8-8B4A-11D0-8D11-00A0C91BC942}") = "FontFill", "..\Chap17\FontFill\FontFill.vcxproj", "{184BC5BA-A576-4CB0-AB32-7C097EBF40CC}"
EndProject
Project("{8BC9CEB8-8B4A-11D0-8D11-00A0C91BC942}") = "FontOut1", "..\Chap17\FontOut1\FontOut1.vcxproj", "{6AEB8991-3679-4A28-B8E5-67FB12B07159}"
EndProject
Project("{8BC9CEB8-8B4A-11D0-8D11-00A0C91BC942}") = "FontOut2", "..\Chap17\FontOut2\FontOut2.vcxproj", "{F8403B84-33C8-46C4-B813-07D8E82D2EE6}"
EndProject
Project("{8BC9CEB8-8B4A-11D0-8D11-00A0C91BC942}") = "FontRot", "..\Chap17\FontRot\FontRot.vcxproj", "{2CD5EF77-EACE-4CFC-99BE-657AC3E4618D}"
EndProject
Project("{8BC9CEB8-8B4A-11D0-8D11-00A0C91BC942}") = "Justify1", "..\Chap17\Justify1\Justify1.vcxproj", "{96E6F57A-5C20-45C0-A98B-41AD11CDC327}"
EndProject
Project("{8BC9CEB8-8B4A-11D0-8D11-00A0C91BC942}") = "Justify2", "..\Chap17\Justify2\Justify2.vcxproj", "{A74EE568-6410-46B6-B042-84D165E13C3B}"
EndProject
Project("{8BC9CEB8-8B4A-11D0-8D11-00A0C91BC942}") = "PickFont", "..\Chap17\PickFont\PickFont.vcxproj", "{7660CA45-3B93-42C5-9432-C8C3BBBDCEC2}"
EndProject
Project("{8BC9CEB8-8B4A-11D0-8D11-00A0C91BC942}") = "Unichars", "..\Chap17\UniChars\Unichars.vcxproj", "{2A181F32-EA02-4D71-A906-B2968206EA2B}"
EndProject
Project("{8BC9CEB8-8B4A-11D0-8D11-00A0C91BC942}") = "Emf1", "..\Chap18\Emf1\Emf1.vcxproj", "{6FC86FD7-6494-4080-AF72-EB114EEE84DE}"
EndProject
Project("{8BC9CEB8-8B4A-11D0-8D11-00A0C91BC942}") = "Emf2", "..\Chap18\Emf2\Emf2.vcxproj", "{32E02271-8134-4610-8FCD-B86F95476305}"
EndProject
Project("{8BC9CEB8-8B4A-11D0-8D11-00A0C91BC942}") = "Emf3", "..\Chap18\Emf3\Emf3.vcxproj", "{C965C67C-5E7F-4ABF-804C-DB2116E9C0BD}"
EndProject
Project("{8BC9CEB8-8B4A-11D0-8D11-00A0C91BC942}") = "Emf4", "..\Chap18\Emf4\Emf4.vcxproj", "{914A959B-0687-4B51-B218-19B3501B003E}"
EndProject
Project("{8BC9CEB8-8B4A-11D0-8D11-00A0C91BC942}") = "Emf5", "..\Chap18\Emf5\Emf5.vcxproj", "{F62A23AA-A80B-4228-8AD5-5C4999C056EA}"
EndProject
Project("{8BC9CEB8-8B4A-11D0-8D11-00A0C91BC942}") = "Emf6", "..\Chap18\Emf6\Emf6.vcxproj", "{DEC5AB70-E04F-46B8-8C2D-029AFDD7AD91}"
EndProject
Project("{8BC9CEB8-8B4A-11D0-8D11-00A0C91BC942}") = "Emf7", "..\Chap18\Emf7\Emf7.vcxproj", "{B6251C4B-92FD-405D-985B-C7E2A88BE741}"
EndProject
Project("{8BC9CEB8-8B4A-11D0-8D11-00A0C91BC942}") = "Emf8", "..\Chap18\Emf8\Emf8.vcxproj", "{0C7B0C52-CE12-42AA-8276-D8BA1854176A}"
EndProject
Project("{8BC9CEB8-8B4A-11D0-8D11-00A0C91BC942}") = "Emf9", "..\Chap18\Emf9\Emf9.vcxproj", "{77DB81D8-5C1D-4A60-9CC3-A1199563BB79}"
EndProject
Project("{8BC9CEB8-8B4A-11D0-8D11-00A0C91BC942}") = "Emf10", "..\Chap18\Emf10\Emf10.vcxproj", "{BDC32A42-6E74-4AF1-9B9E-4B0F5DCD1BDF}"
EndProject
Project("{8BC9CEB8-8B4A-11D0-8D11-00A0C91BC942}") = "Emf11", "..\Chap18\Emf11\Emf11.vcxproj", "{BC0AC433-E9C9-408E-A730-EC736BB61C24}"
EndProject
Project("{8BC9CEB8-8B4A-11D0-8D11-00A0C91BC942}") = "Emf12", "..\Chap18\Emf12\Emf12.vcxproj", "{92A45C85-15FE-427D-969C-89977AFBC54A}"
EndProject
Project("{8BC9CEB8-8B4A-11D0-8D11-00A0C91BC942}") = "Emf13", "..\Chap18\Emf13\Emf13.vcxproj", "{7D07AF94-B5D5-4675-B5F0-8546FB75E8EC}"
EndProject
Project("{8BC9CEB8-8B4A-11D0-8D11-00A0C91BC942}") = "EmfView", "..\Chap18\EmfView\EmfView.vcxproj", "{938E6400-992B-4FB4-9CA8-ABA216768C5C}"
EndProject
Project("{8BC9CEB8-8B4A-11D0-8D11-00A0C91BC942}") = "Metafile", "..\Chap18\Metafile\Metafile.vcxproj", "{0D152965-860C-4450-9FA1-9AD8594002E5}"
EndProject
Project("{2150E333-8FDC-42A3-9474-1A3956D46DE8}") = "19", "19", "{03FE16E8-ADBA-451C-93A7-E66369D4BA1D}"
EndProject
Project("{2150E333-8FDC-42A3-9474-1A3956D46DE8}") = "20", "20", "{195F5767-8934-4A3A-B7F2-C9E9D6CBB9A5}"
EndProject
Project("{8BC9CEB8-8B4A-11D0-8D11-00A0C91BC942}") = "MDIDemo", "..\Chap19\MDIDemo\MDIDemo.vcxproj", "{8B2803B2-A09B-4521-AE37-B8E210C40DFA}"
EndProject
Project("{8BC9CEB8-8B4A-11D0-8D11-00A0C91BC942}") = "BigJob1", "..\Chap20\BigJob1\BigJob1.vcxproj", "{74A13FD4-251D-4D41-ABA9-7FEE6D662024}"
EndProject
Project("{8BC9CEB8-8B4A-11D0-8D11-00A0C91BC942}") = "BigJob2", "..\Chap20\BigJob2\BigJob2.vcxproj", "{EF93B2F5-B2A2-4BD4-BC3B-4D8F580880E4}"
EndProject
Project("{8BC9CEB8-8B4A-11D0-8D11-00A0C91BC942}") = "Multi1", "..\Chap20\Multi1\Multi1.vcxproj", "{B5709C9B-DA15-43AF-8631-A731C47F0848}"
EndProject
Project("{8BC9CEB8-8B4A-11D0-8D11-00A0C91BC942}") = "Multi2", "..\Chap20\Multi2\Multi2.vcxproj", "{D29BFC77-58CE-4869-BCEF-61B4AD2A917D}"
EndProject
Project("{8BC9CEB8-8B4A-11D0-8D11-00A0C91BC942}") = "RndRctMT", "..\Chap20\RndRctMT\RndRctMT.vcxproj", "{5C3A4C90-368F-437B-B198-CCDA35F6C525}"
EndProject
Project("{2150E333-8FDC-42A3-9474-1A3956D46DE8}") = "21", "21", "{FC7B93BD-06D3-4F97-A8E6-19992CC187E3}"
EndProject
Project("{8BC9CEB8-8B4A-11D0-8D11-00A0C91BC942}") = "EdrTest", "..\Chap21\EdrTest\EdrTest.vcxproj", "{0A15D462-2FF5-4780-9671-05C7B4D3988B}"
EndProject
Project("{8BC9CEB8-8B4A-11D0-8D11-00A0C91BC942}") = "EdrLib", "..\Chap21\EdrTest\EdrLib.vcxproj", "{C2408D8E-A077-4002-A00A-3B7E0ACB04B3}"
EndProject
Project("{8BC9CEB8-8B4A-11D0-8D11-00A0C91BC942}") = "ShowBit", "..\Chap21\ShowBit\ShowBit.vcxproj", "{8218CB1C-C5F6-4637-9E4B-B246D62A0C9E}"
EndProject
Project("{8BC9CEB8-8B4A-11D0-8D11-00A0C91BC942}") = "BitLib", "..\Chap21\ShowBit\BitLib.vcxproj", "{04A27E1E-CD0D-4C7D-9164-D50246FAE7A0}"
EndProject
Project("{8BC9CEB8-8B4A-11D0-8D11-00A0C91BC942}") = "StrLib", "..\Chap21\StrProg\StrLib.vcxproj", "{247EF8FB-FEF4-4A41-9107-2E017B2D5B78}"
EndProject
Project("{8BC9CEB8-8B4A-11D0-8D11-00A0C91BC942}") = "StrProg", "..\Chap21\StrProg\StrProg.vcxproj", "{2500555F-169E-4C71-87DE-3C1B4D580F75}"
EndProject
Project("{2150E333-8FDC-42A3-9474-1A3956D46DE8}") = "Bit", "Bit", "{2DB1DC3A-C6E5-49AB-BB1B-C5AF6BB1B8EB}"
EndProject
Project("{2150E333-8FDC-42A3-9474-1A3956D46DE8}") = "Edr", "Edr", "{A100E42D-7D26-4754-8CAD-F232B285873F}"
EndProject
Project("{2150E333-8FDC-42A3-9474-1A3956D46DE8}") = "Str", "Str", "{CD33FB45-6A62-491D-AA02-4783218EF0B7}"
EndProject
Project("{2150E333-8FDC-42A3-9474-1A3956D46DE8}") = "22", "22", "{1B9C7451-CA11-477A-9046-77FD34DD22AC}"
EndProject
Project("{8BC9CEB8-8B4A-11D0-8D11-00A0C91BC942}") = "AddSynth", "..\Chap22\AddSynth\AddSynth.vcxproj", "{B08A32DB-A441-45EB-BFE6-41AE4A7EE936}"
EndProject
Project("{8BC9CEB8-8B4A-11D0-8D11-00A0C91BC942}") = "BachTocc", "..\Chap22\BachTocc\BachTocc.vcxproj", "{36DD104A-6899-4441-88C4-3FB2F9809D31}"
EndProject
Project("{8BC9CEB8-8B4A-11D0-8D11-00A0C91BC942}") = "Drum", "..\Chap22\Drum\Drum.vcxproj", "{9E4FF78C-2D52-4604-8DA7-F4384BBEAF19}"
EndProject
Project("{8BC9CEB8-8B4A-11D0-8D11-00A0C91BC942}") = "KBMidi", "..\Chap22\KBMidi\KBMidi.vcxproj", "{B74D77A6-ACB4-4C96-BE61-614DB08F2A7C}"
EndProject
Project("{8BC9CEB8-8B4A-11D0-8D11-00A0C91BC942}") = "Record1", "..\Chap22\Record1\Record1.vcxproj", "{10B57056-9FE4-419D-8374-A1EAFAD0D701}"
EndProject
Project("{8BC9CEB8-8B4A-11D0-8D11-00A0C91BC942}") = "Record2", "..\Chap22\Record2\Record2.vcxproj", "{7294E225-C88E-4151-8B1B-2DF86DD3596D}"
EndProject
Project("{8BC9CEB8-8B4A-11D0-8D11-00A0C91BC942}") = "Record3", "..\Chap22\Record3\Record3.vcxproj", "{038A5510-6FC5-493E-BAC5-D85D2397ED25}"
EndProject
Project("{8BC9CEB8-8B4A-11D0-8D11-00A0C91BC942}") = "SineWave", "..\Chap22\SineWave\SineWave.vcxproj", "{1B2AB209-4FA7-4886-BA28-C555086DD654}"
EndProject
Project("{8BC9CEB8-8B4A-11D0-8D11-00A0C91BC942}") = "TestMci", "..\Chap22\TestMci\TestMci.vcxproj", "{B251BB8E-EE63-427B-BD7D-AFB25CD9F7DC}"
EndProject
Project("{8BC9CEB8-8B4A-11D0-8D11-00A0C91BC942}") = "WakeUp", "..\Chap22\WakeUp\WakeUp.vcxproj", "{B826BA84-781E-444E-9D76-031890F1E694}"
EndProject
Project("{2150E333-8FDC-42A3-9474-1A3956D46DE8}") = "23", "23", "{8BAF349E-7B59-4F75-8E98-7B37C233174D}"
EndProject
Project("{8BC9CEB8-8B4A-11D0-8D11-00A0C91BC942}") = "NetTime", "..\Chap23\NetTime\NetTime.vcxproj", "{CF063F5E-270E-4065-B7F6-39745DFFD2F7}"
EndProject
Project("{8BC9CEB8-8B4A-11D0-8D11-00A0C91BC942}") = "UpdDemo", "..\Chap23\UpdDemo\UpdDemo.vcxproj", "{14396D7F-58F9-459A-9A06-8001987309B3}"
EndProject
Global
	GlobalSection(SolutionConfigurationPlatforms) = preSolution
		Debug|x86 = Debug|x86
		Release|x86 = Release|x86
	EndGlobalSection
	GlobalSection(ProjectConfigurationPlatforms) = postSolution
		{0FFAD6E1-3203-41BC-85CD-C54B8ABFF32C}.Debug|x86.ActiveCfg = Debug|Win32
		{0FFAD6E1-3203-41BC-85CD-C54B8ABFF32C}.Debug|x86.Build.0 = Debug|Win32
		{0FFAD6E1-3203-41BC-85CD-C54B8ABFF32C}.Release|x86.ActiveCfg = Release|Win32
		{0FFAD6E1-3203-41BC-85CD-C54B8ABFF32C}.Release|x86.Build.0 = Release|Win32
		{76C3FFA1-9C39-42C9-8689-D69CDC913AB7}.Debug|x86.ActiveCfg = Debug|Win32
		{76C3FFA1-9C39-42C9-8689-D69CDC913AB7}.Debug|x86.Build.0 = Debug|Win32
		{76C3FFA1-9C39-42C9-8689-D69CDC913AB7}.Release|x86.ActiveCfg = Release|Win32
		{76C3FFA1-9C39-42C9-8689-D69CDC913AB7}.Release|x86.Build.0 = Release|Win32
		{04CE5F1C-6236-4196-A6B4-0C9B24128D79}.Debug|x86.ActiveCfg = Debug|Win32
		{04CE5F1C-6236-4196-A6B4-0C9B24128D79}.Debug|x86.Build.0 = Debug|Win32
		{04CE5F1C-6236-4196-A6B4-0C9B24128D79}.Release|x86.ActiveCfg = Release|Win32
		{04CE5F1C-6236-4196-A6B4-0C9B24128D79}.Release|x86.Build.0 = Release|Win32
		{A79D5CCA-6D25-45B0-9A54-C09A6D27BADB}.Debug|x86.ActiveCfg = Debug|Win32
		{A79D5CCA-6D25-45B0-9A54-C09A6D27BADB}.Debug|x86.Build.0 = Debug|Win32
		{A79D5CCA-6D25-45B0-9A54-C09A6D27BADB}.Release|x86.ActiveCfg = Release|Win32
		{A79D5CCA-6D25-45B0-9A54-C09A6D27BADB}.Release|x86.Build.0 = Release|Win32
		{D0BEF9D0-5FF8-4041-8974-6A856DE68CA7}.Debug|x86.ActiveCfg = Debug|Win32
		{D0BEF9D0-5FF8-4041-8974-6A856DE68CA7}.Debug|x86.Build.0 = Debug|Win32
		{D0BEF9D0-5FF8-4041-8974-6A856DE68CA7}.Release|x86.ActiveCfg = Release|Win32
		{D0BEF9D0-5FF8-4041-8974-6A856DE68CA7}.Release|x86.Build.0 = Release|Win32
		{CBC0D720-33E9-4F35-B815-C992ADD29631}.Debug|x86.ActiveCfg = Debug|Win32
		{CBC0D720-33E9-4F35-B815-C992ADD29631}.Debug|x86.Build.0 = Debug|Win32
		{CBC0D720-33E9-4F35-B815-C992ADD29631}.Release|x86.ActiveCfg = Release|Win32
		{CBC0D720-33E9-4F35-B815-C992ADD29631}.Release|x86.Build.0 = Release|Win32
		{9F69398B-5D6E-47A9-AD87-FF7BC1789F9C}.Debug|x86.ActiveCfg = Debug|Win32
		{9F69398B-5D6E-47A9-AD87-FF7BC1789F9C}.Debug|x86.Build.0 = Debug|Win32
		{9F69398B-5D6E-47A9-AD87-FF7BC1789F9C}.Release|x86.ActiveCfg = Release|Win32
		{9F69398B-5D6E-47A9-AD87-FF7BC1789F9C}.Release|x86.Build.0 = Release|Win32
		{9DA18AD3-C54E-4C0D-A836-C9ABA8B1B6F9}.Debug|x86.ActiveCfg = Debug|Win32
		{9DA18AD3-C54E-4C0D-A836-C9ABA8B1B6F9}.Debug|x86.Build.0 = Debug|Win32
		{9DA18AD3-C54E-4C0D-A836-C9ABA8B1B6F9}.Release|x86.ActiveCfg = Release|Win32
		{9DA18AD3-C54E-4C0D-A836-C9ABA8B1B6F9}.Release|x86.Build.0 = Release|Win32
		{D33B5924-BC2C-4494-B9D0-9161ECF4B210}.Debug|x86.ActiveCfg = Debug|Win32
		{D33B5924-BC2C-4494-B9D0-9161ECF4B210}.Debug|x86.Build.0 = Debug|Win32
		{D33B5924-BC2C-4494-B9D0-9161ECF4B210}.Release|x86.ActiveCfg = Release|Win32
		{D33B5924-BC2C-4494-B9D0-9161ECF4B210}.Release|x86.Build.0 = Release|Win32
		{08FD7BE2-7083-4549-901A-CD708E0411F6}.Debug|x86.ActiveCfg = Debug|Win32
		{08FD7BE2-7083-4549-901A-CD708E0411F6}.Debug|x86.Build.0 = Debug|Win32
		{08FD7BE2-7083-4549-901A-CD708E0411F6}.Release|x86.ActiveCfg = Release|Win32
		{08FD7BE2-7083-4549-901A-CD708E0411F6}.Release|x86.Build.0 = Release|Win32
		{3B199D63-F88C-42DC-93E5-7B27E4CC167C}.Debug|x86.ActiveCfg = Debug|Win32
		{3B199D63-F88C-42DC-93E5-7B27E4CC167C}.Debug|x86.Build.0 = Debug|Win32
		{3B199D63-F88C-42DC-93E5-7B27E4CC167C}.Release|x86.ActiveCfg = Release|Win32
		{3B199D63-F88C-42DC-93E5-7B27E4CC167C}.Release|x86.Build.0 = Release|Win32
		{4509910E-B358-4743-8E9E-A215DD6C8533}.Debug|x86.ActiveCfg = Debug|Win32
		{4509910E-B358-4743-8E9E-A215DD6C8533}.Debug|x86.Build.0 = Debug|Win32
		{4509910E-B358-4743-8E9E-A215DD6C8533}.Release|x86.ActiveCfg = Release|Win32
		{4509910E-B358-4743-8E9E-A215DD6C8533}.Release|x86.Build.0 = Release|Win32
		{6A8F0452-E935-43F5-81A5-888ED516BB6F}.Debug|x86.ActiveCfg = Debug|Win32
		{6A8F0452-E935-43F5-81A5-888ED516BB6F}.Debug|x86.Build.0 = Debug|Win32
		{6A8F0452-E935-43F5-81A5-888ED516BB6F}.Release|x86.ActiveCfg = Release|Win32
		{6A8F0452-E935-43F5-81A5-888ED516BB6F}.Release|x86.Build.0 = Release|Win32
		{AB2490CB-4DCD-4F40-BBE1-58B1449262FF}.Debug|x86.ActiveCfg = Debug|Win32
		{AB2490CB-4DCD-4F40-BBE1-58B1449262FF}.Debug|x86.Build.0 = Debug|Win32
		{AB2490CB-4DCD-4F40-BBE1-58B1449262FF}.Release|x86.ActiveCfg = Release|Win32
		{AB2490CB-4DCD-4F40-BBE1-58B1449262FF}.Release|x86.Build.0 = Release|Win32
		{52864980-E067-4CFE-9DC4-29EFBD2D504D}.Debug|x86.ActiveCfg = Debug|Win32
		{52864980-E067-4CFE-9DC4-29EFBD2D504D}.Debug|x86.Build.0 = Debug|Win32
		{52864980-E067-4CFE-9DC4-29EFBD2D504D}.Release|x86.ActiveCfg = Release|Win32
		{52864980-E067-4CFE-9DC4-29EFBD2D504D}.Release|x86.Build.0 = Release|Win32
		{C6CAE060-CFF5-461F-84FD-FDB9E6E1209A}.Debug|x86.ActiveCfg = Debug|Win32
		{C6CAE060-CFF5-461F-84FD-FDB9E6E1209A}.Debug|x86.Build.0 = Debug|Win32
		{C6CAE060-CFF5-461F-84FD-FDB9E6E1209A}.Release|x86.ActiveCfg = Release|Win32
		{C6CAE060-CFF5-461F-84FD-FDB9E6E1209A}.Release|x86.Build.0 = Release|Win32
		{A27BEBED-04E0-4317-82EE-33ACF3A4F62F}.Debug|x86.ActiveCfg = Debug|Win32
		{A27BEBED-04E0-4317-82EE-33ACF3A4F62F}.Debug|x86.Build.0 = Debug|Win32
		{A27BEBED-04E0-4317-82EE-33ACF3A4F62F}.Release|x86.ActiveCfg = Release|Win32
		{A27BEBED-04E0-4317-82EE-33ACF3A4F62F}.Release|x86.Build.0 = Release|Win32
		{C1FB7014-475C-45CF-AA34-58020331889A}.Debug|x86.ActiveCfg = Debug|Win32
		{C1FB7014-475C-45CF-AA34-58020331889A}.Debug|x86.Build.0 = Debug|Win32
		{C1FB7014-475C-45CF-AA34-58020331889A}.Release|x86.ActiveCfg = Release|Win32
		{C1FB7014-475C-45CF-AA34-58020331889A}.Release|x86.Build.0 = Release|Win32
		{C26AE930-171A-438A-820D-74087678348E}.Debug|x86.ActiveCfg = Debug|Win32
		{C26AE930-171A-438A-820D-74087678348E}.Debug|x86.Build.0 = Debug|Win32
		{C26AE930-171A-438A-820D-74087678348E}.Release|x86.ActiveCfg = Release|Win32
		{C26AE930-171A-438A-820D-74087678348E}.Release|x86.Build.0 = Release|Win32
		{AD09D01B-7B65-4865-822C-E46EB63BAE37}.Debug|x86.ActiveCfg = Debug|Win32
		{AD09D01B-7B65-4865-822C-E46EB63BAE37}.Debug|x86.Build.0 = Debug|Win32
		{AD09D01B-7B65-4865-822C-E46EB63BAE37}.Release|x86.ActiveCfg = Release|Win32
		{AD09D01B-7B65-4865-822C-E46EB63BAE37}.Release|x86.Build.0 = Release|Win32
		{C2E00C1D-DA00-4731-9822-6144546B51B2}.Debug|x86.ActiveCfg = Debug|Win32
		{C2E00C1D-DA00-4731-9822-6144546B51B2}.Debug|x86.Build.0 = Debug|Win32
		{C2E00C1D-DA00-4731-9822-6144546B51B2}.Release|x86.ActiveCfg = Release|Win32
		{C2E00C1D-DA00-4731-9822-6144546B51B2}.Release|x86.Build.0 = Release|Win32
		{B0760045-0181-49C0-8355-28DB835F896F}.Debug|x86.ActiveCfg = Debug|Win32
		{B0760045-0181-49C0-8355-28DB835F896F}.Debug|x86.Build.0 = Debug|Win32
		{B0760045-0181-49C0-8355-28DB835F896F}.Release|x86.ActiveCfg = Release|Win32
		{B0760045-0181-49C0-8355-28DB835F896F}.Release|x86.Build.0 = Release|Win32
		{A0DE2162-F5DD-40E2-99D5-38748245FC8C}.Debug|x86.ActiveCfg = Debug|Win32
		{A0DE2162-F5DD-40E2-99D5-38748245FC8C}.Debug|x86.Build.0 = Debug|Win32
		{A0DE2162-F5DD-40E2-99D5-38748245FC8C}.Release|x86.ActiveCfg = Release|Win32
		{A0DE2162-F5DD-40E2-99D5-38748245FC8C}.Release|x86.Build.0 = Release|Win32
		{F3B0D41C-99D8-44B3-876E-005460F6B83B}.Debug|x86.ActiveCfg = Debug|Win32
		{F3B0D41C-99D8-44B3-876E-005460F6B83B}.Debug|x86.Build.0 = Debug|Win32
		{F3B0D41C-99D8-44B3-876E-005460F6B83B}.Release|x86.ActiveCfg = Release|Win32
		{F3B0D41C-99D8-44B3-876E-005460F6B83B}.Release|x86.Build.0 = Release|Win32
		{839003BE-4C33-4458-9929-112F5606D3B9}.Debug|x86.ActiveCfg = Debug|Win32
		{839003BE-4C33-4458-9929-112F5606D3B9}.Debug|x86.Build.0 = Debug|Win32
		{839003BE-4C33-4458-9929-112F5606D3B9}.Release|x86.ActiveCfg = Release|Win32
		{839003BE-4C33-4458-9929-112F5606D3B9}.Release|x86.Build.0 = Release|Win32
		{1A2220B4-FE9E-4630-8B4C-7C2FAD41A529}.Debug|x86.ActiveCfg = Debug|Win32
		{1A2220B4-FE9E-4630-8B4C-7C2FAD41A529}.Debug|x86.Build.0 = Debug|Win32
		{1A2220B4-FE9E-4630-8B4C-7C2FAD41A529}.Release|x86.ActiveCfg = Release|Win32
		{1A2220B4-FE9E-4630-8B4C-7C2FAD41A529}.Release|x86.Build.0 = Release|Win32
		{B4107E6D-A413-44D7-88AA-690FC49A5FEB}.Debug|x86.ActiveCfg = Debug|Win32
		{B4107E6D-A413-44D7-88AA-690FC49A5FEB}.Debug|x86.Build.0 = Debug|Win32
		{B4107E6D-A413-44D7-88AA-690FC49A5FEB}.Release|x86.ActiveCfg = Release|Win32
		{B4107E6D-A413-44D7-88AA-690FC49A5FEB}.Release|x86.Build.0 = Release|Win32
		{2B64A31F-AAB2-49C4-82DA-78AA65C7468A}.Debug|x86.ActiveCfg = Debug|Win32
		{2B64A31F-AAB2-49C4-82DA-78AA65C7468A}.Debug|x86.Build.0 = Debug|Win32
		{2B64A31F-AAB2-49C4-82DA-78AA65C7468A}.Release|x86.ActiveCfg = Release|Win32
		{2B64A31F-AAB2-49C4-82DA-78AA65C7468A}.Release|x86.Build.0 = Release|Win32
		{E49C1AA9-D4EA-49F9-8921-7F242CEC1099}.Debug|x86.ActiveCfg = Debug|Win32
		{E49C1AA9-D4EA-49F9-8921-7F242CEC1099}.Debug|x86.Build.0 = Debug|Win32
		{E49C1AA9-D4EA-49F9-8921-7F242CEC1099}.Release|x86.ActiveCfg = Release|Win32
		{E49C1AA9-D4EA-49F9-8921-7F242CEC1099}.Release|x86.Build.0 = Release|Win32
		{519DED0E-5B26-437B-9A0B-3C653C4501A5}.Debug|x86.ActiveCfg = Debug|Win32
		{519DED0E-5B26-437B-9A0B-3C653C4501A5}.Debug|x86.Build.0 = Debug|Win32
		{519DED0E-5B26-437B-9A0B-3C653C4501A5}.Release|x86.ActiveCfg = Release|Win32
		{519DED0E-5B26-437B-9A0B-3C653C4501A5}.Release|x86.Build.0 = Release|Win32
		{621B23AB-39C6-4236-9BBB-8DCAFC136CFE}.Debug|x86.ActiveCfg = Debug|Win32
		{621B23AB-39C6-4236-9BBB-8DCAFC136CFE}.Debug|x86.Build.0 = Debug|Win32
		{621B23AB-39C6-4236-9BBB-8DCAFC136CFE}.Release|x86.ActiveCfg = Release|Win32
		{621B23AB-39C6-4236-9BBB-8DCAFC136CFE}.Release|x86.Build.0 = Release|Win32
		{4C41BCBF-F007-43EF-AEA0-22485279BC94}.Debug|x86.ActiveCfg = Debug|Win32
		{4C41BCBF-F007-43EF-AEA0-22485279BC94}.Debug|x86.Build.0 = Debug|Win32
		{4C41BCBF-F007-43EF-AEA0-22485279BC94}.Release|x86.ActiveCfg = Release|Win32
		{4C41BCBF-F007-43EF-AEA0-22485279BC94}.Release|x86.Build.0 = Release|Win32
		{A79DAEC3-ADB7-458E-95D5-B79F962D4D62}.Debug|x86.ActiveCfg = Debug|Win32
		{A79DAEC3-ADB7-458E-95D5-B79F962D4D62}.Debug|x86.Build.0 = Debug|Win32
		{A79DAEC3-ADB7-458E-95D5-B79F962D4D62}.Release|x86.ActiveCfg = Release|Win32
		{A79DAEC3-ADB7-458E-95D5-B79F962D4D62}.Release|x86.Build.0 = Release|Win32
		{69743503-EFD6-4F02-9AFD-401BF7E62098}.Debug|x86.ActiveCfg = Debug|Win32
		{69743503-EFD6-4F02-9AFD-401BF7E62098}.Debug|x86.Build.0 = Debug|Win32
		{69743503-EFD6-4F02-9AFD-401BF7E62098}.Release|x86.ActiveCfg = Release|Win32
		{69743503-EFD6-4F02-9AFD-401BF7E62098}.Release|x86.Build.0 = Release|Win32
		{FD09FA56-CDC7-41C5-BDF9-182E8EACF29F}.Debug|x86.ActiveCfg = Debug|Win32
		{FD09FA56-CDC7-41C5-BDF9-182E8EACF29F}.Debug|x86.Build.0 = Debug|Win32
		{FD09FA56-CDC7-41C5-BDF9-182E8EACF29F}.Release|x86.ActiveCfg = Release|Win32
		{FD09FA56-CDC7-41C5-BDF9-182E8EACF29F}.Release|x86.Build.0 = Release|Win32
		{696C34AC-9E33-4EBD-8F9E-34F29A884F2C}.Debug|x86.ActiveCfg = Debug|Win32
		{696C34AC-9E33-4EBD-8F9E-34F29A884F2C}.Debug|x86.Build.0 = Debug|Win32
		{696C34AC-9E33-4EBD-8F9E-34F29A884F2C}.Release|x86.ActiveCfg = Release|Win32
		{696C34AC-9E33-4EBD-8F9E-34F29A884F2C}.Release|x86.Build.0 = Release|Win32
		{6A2F3159-E2C9-4939-8909-1E71B69031E0}.Debug|x86.ActiveCfg = Debug|Win32
		{6A2F3159-E2C9-4939-8909-1E71B69031E0}.Debug|x86.Build.0 = Debug|Win32
		{6A2F3159-E2C9-4939-8909-1E71B69031E0}.Release|x86.ActiveCfg = Release|Win32
		{6A2F3159-E2C9-4939-8909-1E71B69031E0}.Release|x86.Build.0 = Release|Win32
		{736960DD-5C1D-4D8E-9AA8-D0F94B613561}.Debug|x86.ActiveCfg = Debug|Win32
		{736960DD-5C1D-4D8E-9AA8-D0F94B613561}.Debug|x86.Build.0 = Debug|Win32
		{736960DD-5C1D-4D8E-9AA8-D0F94B613561}.Release|x86.ActiveCfg = Release|Win32
		{736960DD-5C1D-4D8E-9AA8-D0F94B613561}.Release|x86.Build.0 = Release|Win32
		{8720113B-C7F0-48BE-8C24-9BAF61D34FB1}.Debug|x86.ActiveCfg = Debug|Win32
		{8720113B-C7F0-48BE-8C24-9BAF61D34FB1}.Debug|x86.Build.0 = Debug|Win32
		{8720113B-C7F0-48BE-8C24-9BAF61D34FB1}.Release|x86.ActiveCfg = Release|Win32
		{8720113B-C7F0-48BE-8C24-9BAF61D34FB1}.Release|x86.Build.0 = Release|Win32
		{4ABEE696-E42E-4897-B4E7-CF4A15A641C5}.Debug|x86.ActiveCfg = Debug|Win32
		{4ABEE696-E42E-4897-B4E7-CF4A15A641C5}.Debug|x86.Build.0 = Debug|Win32
		{4ABEE696-E42E-4897-B4E7-CF4A15A641C5}.Release|x86.ActiveCfg = Release|Win32
		{4ABEE696-E42E-4897-B4E7-CF4A15A641C5}.Release|x86.Build.0 = Release|Win32
		{2C34CF5B-42B5-44BD-B12B-ED0A90C8215F}.Debug|x86.ActiveCfg = Debug|Win32
		{2C34CF5B-42B5-44BD-B12B-ED0A90C8215F}.Debug|x86.Build.0 = Debug|Win32
		{2C34CF5B-42B5-44BD-B12B-ED0A90C8215F}.Release|x86.ActiveCfg = Release|Win32
		{2C34CF5B-42B5-44BD-B12B-ED0A90C8215F}.Release|x86.Build.0 = Release|Win32
		{94FA0DAE-FBED-40BB-95E5-1C0632AC23CC}.Debug|x86.ActiveCfg = Debug|Win32
		{94FA0DAE-FBED-40BB-95E5-1C0632AC23CC}.Debug|x86.Build.0 = Debug|Win32
		{94FA0DAE-FBED-40BB-95E5-1C0632AC23CC}.Release|x86.ActiveCfg = Release|Win32
		{94FA0DAE-FBED-40BB-95E5-1C0632AC23CC}.Release|x86.Build.0 = Release|Win32
		{F9113F74-A451-4CA9-A0D3-D78389FAEB66}.Debug|x86.ActiveCfg = Debug|Win32
		{F9113F74-A451-4CA9-A0D3-D78389FAEB66}.Debug|x86.Build.0 = Debug|Win32
		{F9113F74-A451-4CA9-A0D3-D78389FAEB66}.Release|x86.ActiveCfg = Release|Win32
		{F9113F74-A451-4CA9-A0D3-D78389FAEB66}.Release|x86.Build.0 = Release|Win32
		{194DDA1F-0FF3-4983-A4B2-75D57A48BBB5}.Debug|x86.ActiveCfg = Debug|Win32
		{194DDA1F-0FF3-4983-A4B2-75D57A48BBB5}.Debug|x86.Build.0 = Debug|Win32
		{194DDA1F-0FF3-4983-A4B2-75D57A48BBB5}.Release|x86.ActiveCfg = Release|Win32
		{194DDA1F-0FF3-4983-A4B2-75D57A48BBB5}.Release|x86.Build.0 = Release|Win32
		{5A07ED3E-28A0-4504-B614-629C539E77A8}.Debug|x86.ActiveCfg = Debug|Win32
		{5A07ED3E-28A0-4504-B614-629C539E77A8}.Debug|x86.Build.0 = Debug|Win32
		{5A07ED3E-28A0-4504-B614-629C539E77A8}.Release|x86.ActiveCfg = Release|Win32
		{5A07ED3E-28A0-4504-B614-629C539E77A8}.Release|x86.Build.0 = Release|Win32
		{3598D7CA-D4C7-4A53-8695-691E785C214B}.Debug|x86.ActiveCfg = Debug|Win32
		{3598D7CA-D4C7-4A53-8695-691E785C214B}.Debug|x86.Build.0 = Debug|Win32
		{3598D7CA-D4C7-4A53-8695-691E785C214B}.Release|x86.ActiveCfg = Release|Win32
		{3598D7CA-D4C7-4A53-8695-691E785C214B}.Release|x86.Build.0 = Release|Win32
		{95722FB3-1388-4133-9EF9-12B2338B7207}.Debug|x86.ActiveCfg = Debug|Win32
		{95722FB3-1388-4133-9EF9-12B2338B7207}.Debug|x86.Build.0 = Debug|Win32
		{95722FB3-1388-4133-9EF9-12B2338B7207}.Release|x86.ActiveCfg = Release|Win32
		{95722FB3-1388-4133-9EF9-12B2338B7207}.Release|x86.Build.0 = Release|Win32
		{B183E8E3-C46C-44FB-B2F6-259335915DB2}.Debug|x86.ActiveCfg = Debug|Win32
		{B183E8E3-C46C-44FB-B2F6-259335915DB2}.Debug|x86.Build.0 = Debug|Win32
		{B183E8E3-C46C-44FB-B2F6-259335915DB2}.Release|x86.ActiveCfg = Release|Win32
		{B183E8E3-C46C-44FB-B2F6-259335915DB2}.Release|x86.Build.0 = Release|Win32
		{1C76EF42-B83F-4C84-9B61-386C7A0AA31A}.Debug|x86.ActiveCfg = Debug|Win32
		{1C76EF42-B83F-4C84-9B61-386C7A0AA31A}.Debug|x86.Build.0 = Debug|Win32
		{1C76EF42-B83F-4C84-9B61-386C7A0AA31A}.Release|x86.ActiveCfg = Release|Win32
		{1C76EF42-B83F-4C84-9B61-386C7A0AA31A}.Release|x86.Build.0 = Release|Win32
		{3260C28A-98C0-48E2-941E-CDF5673BC562}.Debug|x86.ActiveCfg = Debug|Win32
		{3260C28A-98C0-48E2-941E-CDF5673BC562}.Debug|x86.Build.0 = Debug|Win32
		{3260C28A-98C0-48E2-941E-CDF5673BC562}.Release|x86.ActiveCfg = Release|Win32
		{3260C28A-98C0-48E2-941E-CDF5673BC562}.Release|x86.Build.0 = Release|Win32
		{53A6615E-8D51-4BA0-B2B0-401F7EAC4AD1}.Debug|x86.ActiveCfg = Debug|Win32
		{53A6615E-8D51-4BA0-B2B0-401F7EAC4AD1}.Debug|x86.Build.0 = Debug|Win32
		{53A6615E-8D51-4BA0-B2B0-401F7EAC4AD1}.Release|x86.ActiveCfg = Release|Win32
		{53A6615E-8D51-4BA0-B2B0-401F7EAC4AD1}.Release|x86.Build.0 = Release|Win32
		{45665D93-32B1-4F8D-A4EC-53C71940D060}.Debug|x86.ActiveCfg = Debug|Win32
		{45665D93-32B1-4F8D-A4EC-53C71940D060}.Debug|x86.Build.0 = Debug|Win32
		{45665D93-32B1-4F8D-A4EC-53C71940D060}.Release|x86.ActiveCfg = Release|Win32
		{45665D93-32B1-4F8D-A4EC-53C71940D060}.Release|x86.Build.0 = Release|Win32
		{6B3B1712-E0EA-4967-8FAD-DB9FBB0E98A3}.Debug|x86.ActiveCfg = Debug|Win32
		{6B3B1712-E0EA-4967-8FAD-DB9FBB0E98A3}.Debug|x86.Build.0 = Debug|Win32
		{6B3B1712-E0EA-4967-8FAD-DB9FBB0E98A3}.Release|x86.ActiveCfg = Release|Win32
		{6B3B1712-E0EA-4967-8FAD-DB9FBB0E98A3}.Release|x86.Build.0 = Release|Win32
		{28C8A569-4284-48AA-90AE-DE104799A665}.Debug|x86.ActiveCfg = Debug|Win32
		{28C8A569-4284-48AA-90AE-DE104799A665}.Debug|x86.Build.0 = Debug|Win32
		{28C8A569-4284-48AA-90AE-DE104799A665}.Release|x86.ActiveCfg = Release|Win32
		{28C8A569-4284-48AA-90AE-DE104799A665}.Release|x86.Build.0 = Release|Win32
		{2A026558-0BEA-4C61-9515-7A555BC99DE6}.Debug|x86.ActiveCfg = Debug|Win32
		{2A026558-0BEA-4C61-9515-7A555BC99DE6}.Debug|x86.Build.0 = Debug|Win32
		{2A026558-0BEA-4C61-9515-7A555BC99DE6}.Release|x86.ActiveCfg = Release|Win32
		{2A026558-0BEA-4C61-9515-7A555BC99DE6}.Release|x86.Build.0 = Release|Win32
		{6FC76DB0-5A46-4BEF-B03D-DA435344E6C2}.Debug|x86.ActiveCfg = Debug|Win32
		{6FC76DB0-5A46-4BEF-B03D-DA435344E6C2}.Debug|x86.Build.0 = Debug|Win32
		{6FC76DB0-5A46-4BEF-B03D-DA435344E6C2}.Release|x86.ActiveCfg = Release|Win32
		{6FC76DB0-5A46-4BEF-B03D-DA435344E6C2}.Release|x86.Build.0 = Release|Win32
		{03485A64-33D8-4611-AE9F-5B1B1B5AA9D8}.Debug|x86.ActiveCfg = Debug|Win32
		{03485A64-33D8-4611-AE9F-5B1B1B5AA9D8}.Debug|x86.Build.0 = Debug|Win32
		{03485A64-33D8-4611-AE9F-5B1B1B5AA9D8}.Release|x86.ActiveCfg = Release|Win32
		{03485A64-33D8-4611-AE9F-5B1B1B5AA9D8}.Release|x86.Build.0 = Release|Win32
		{BC6089F9-B995-4E52-941B-8A5409BD216A}.Debug|x86.ActiveCfg = Debug|Win32
		{BC6089F9-B995-4E52-941B-8A5409BD216A}.Debug|x86.Build.0 = Debug|Win32
		{BC6089F9-B995-4E52-941B-8A5409BD216A}.Release|x86.ActiveCfg = Release|Win32
		{BC6089F9-B995-4E52-941B-8A5409BD216A}.Release|x86.Build.0 = Release|Win32
		{FF64B438-047A-4BCE-ACD1-F859B3D7C62E}.Debug|x86.ActiveCfg = Debug|Win32
		{FF64B438-047A-4BCE-ACD1-F859B3D7C62E}.Debug|x86.Build.0 = Debug|Win32
		{FF64B438-047A-4BCE-ACD1-F859B3D7C62E}.Release|x86.ActiveCfg = Release|Win32
		{FF64B438-047A-4BCE-ACD1-F859B3D7C62E}.Release|x86.Build.0 = Release|Win32
		{3BA4DA00-1940-446B-B489-D4D41A1042A3}.Debug|x86.ActiveCfg = Debug|Win32
		{3BA4DA00-1940-446B-B489-D4D41A1042A3}.Debug|x86.Build.0 = Debug|Win32
		{3BA4DA00-1940-446B-B489-D4D41A1042A3}.Release|x86.ActiveCfg = Release|Win32
		{3BA4DA00-1940-446B-B489-D4D41A1042A3}.Release|x86.Build.0 = Release|Win32
		{7DA1FA29-78E8-4B46-B90A-F3F24F6B9836}.Debug|x86.ActiveCfg = Debug|Win32
		{7DA1FA29-78E8-4B46-B90A-F3F24F6B9836}.Debug|x86.Build.0 = Debug|Win32
		{7DA1FA29-78E8-4B46-B90A-F3F24F6B9836}.Release|x86.ActiveCfg = Release|Win32
		{7DA1FA29-78E8-4B46-B90A-F3F24F6B9836}.Release|x86.Build.0 = Release|Win32
		{8C205DB0-30E3-4BE5-B205-91C14331D54F}.Debug|x86.ActiveCfg = Debug|Win32
		{8C205DB0-30E3-4BE5-B205-91C14331D54F}.Debug|x86.Build.0 = Debug|Win32
		{8C205DB0-30E3-4BE5-B205-91C14331D54F}.Release|x86.ActiveCfg = Release|Win32
		{8C205DB0-30E3-4BE5-B205-91C14331D54F}.Release|x86.Build.0 = Release|Win32
		{3AA4C828-4308-4933-B1D0-7E6B27392452}.Debug|x86.ActiveCfg = Debug|Win32
		{3AA4C828-4308-4933-B1D0-7E6B27392452}.Debug|x86.Build.0 = Debug|Win32
		{3AA4C828-4308-4933-B1D0-7E6B27392452}.Release|x86.ActiveCfg = Release|Win32
		{3AA4C828-4308-4933-B1D0-7E6B27392452}.Release|x86.Build.0 = Release|Win32
		{8E82C656-ABAC-4B20-B2D7-8CDD9CD9609B}.Debug|x86.ActiveCfg = Debug|Win32
		{8E82C656-ABAC-4B20-B2D7-8CDD9CD9609B}.Debug|x86.Build.0 = Debug|Win32
		{8E82C656-ABAC-4B20-B2D7-8CDD9CD9609B}.Release|x86.ActiveCfg = Release|Win32
		{8E82C656-ABAC-4B20-B2D7-8CDD9CD9609B}.Release|x86.Build.0 = Release|Win32
		{BDA1EF0E-4201-4962-8016-15151F32C8AD}.Debug|x86.ActiveCfg = Debug|Win32
		{BDA1EF0E-4201-4962-8016-15151F32C8AD}.Debug|x86.Build.0 = Debug|Win32
		{BDA1EF0E-4201-4962-8016-15151F32C8AD}.Release|x86.ActiveCfg = Release|Win32
		{BDA1EF0E-4201-4962-8016-15151F32C8AD}.Release|x86.Build.0 = Release|Win32
		{5EDFBA53-DB3C-40EC-A074-17E19D5E2AD9}.Debug|x86.ActiveCfg = Debug|Win32
		{5EDFBA53-DB3C-40EC-A074-17E19D5E2AD9}.Debug|x86.Build.0 = Debug|Win32
		{5EDFBA53-DB3C-40EC-A074-17E19D5E2AD9}.Release|x86.ActiveCfg = Release|Win32
		{5EDFBA53-DB3C-40EC-A074-17E19D5E2AD9}.Release|x86.Build.0 = Release|Win32
		{494149B6-B206-4E42-883E-71DE3C0ED02C}.Debug|x86.ActiveCfg = Debug|Win32
		{494149B6-B206-4E42-883E-71DE3C0ED02C}.Debug|x86.Build.0 = Debug|Win32
		{494149B6-B206-4E42-883E-71DE3C0ED02C}.Release|x86.ActiveCfg = Release|Win32
		{494149B6-B206-4E42-883E-71DE3C0ED02C}.Release|x86.Build.0 = Release|Win32
		{1DCE72C1-CEF1-4941-8DFA-063D8FB6B823}.Debug|x86.ActiveCfg = Debug|Win32
		{1DCE72C1-CEF1-4941-8DFA-063D8FB6B823}.Debug|x86.Build.0 = Debug|Win32
		{1DCE72C1-CEF1-4941-8DFA-063D8FB6B823}.Release|x86.ActiveCfg = Release|Win32
		{1DCE72C1-CEF1-4941-8DFA-063D8FB6B823}.Release|x86.Build.0 = Release|Win32
		{856110B1-6AF9-4CF9-BBD9-C86C89539345}.Debug|x86.ActiveCfg = Debug|Win32
		{856110B1-6AF9-4CF9-BBD9-C86C89539345}.Debug|x86.Build.0 = Debug|Win32
		{856110B1-6AF9-4CF9-BBD9-C86C89539345}.Release|x86.ActiveCfg = Release|Win32
		{856110B1-6AF9-4CF9-BBD9-C86C89539345}.Release|x86.Build.0 = Release|Win32
		{C757C9BF-1393-4EDA-8926-4FE5593E3F90}.Debug|x86.ActiveCfg = Debug|Win32
		{C757C9BF-1393-4EDA-8926-4FE5593E3F90}.Debug|x86.Build.0 = Debug|Win32
		{C757C9BF-1393-4EDA-8926-4FE5593E3F90}.Release|x86.ActiveCfg = Release|Win32
		{C757C9BF-1393-4EDA-8926-4FE5593E3F90}.Release|x86.Build.0 = Release|Win32
		{8E32F4C3-9682-4525-8A94-E3B1CD1C5224}.Debug|x86.ActiveCfg = Debug|Win32
		{8E32F4C3-9682-4525-8A94-E3B1CD1C5224}.Debug|x86.Build.0 = Debug|Win32
		{8E32F4C3-9682-4525-8A94-E3B1CD1C5224}.Release|x86.ActiveCfg = Release|Win32
		{8E32F4C3-9682-4525-8A94-E3B1CD1C5224}.Release|x86.Build.0 = Release|Win32
		{C3762209-99A6-4116-8FF6-98EF17F08A94}.Debug|x86.ActiveCfg = Debug|Win32
		{C3762209-99A6-4116-8FF6-98EF17F08A94}.Debug|x86.Build.0 = Debug|Win32
		{C3762209-99A6-4116-8FF6-98EF17F08A94}.Release|x86.ActiveCfg = Release|Win32
		{C3762209-99A6-4116-8FF6-98EF17F08A94}.Release|x86.Build.0 = Release|Win32
		{665580E3-B644-416E-A787-7EDD730FD52E}.Debug|x86.ActiveCfg = Debug|Win32
		{665580E3-B644-416E-A787-7EDD730FD52E}.Debug|x86.Build.0 = Debug|Win32
		{665580E3-B644-416E-A787-7EDD730FD52E}.Release|x86.ActiveCfg = Release|Win32
		{665580E3-B644-416E-A787-7EDD730FD52E}.Release|x86.Build.0 = Release|Win32
		{D9F4E3C8-EBD9-4992-B93C-9BAC184499F0}.Debug|x86.ActiveCfg = Debug|Win32
		{D9F4E3C8-EBD9-4992-B93C-9BAC184499F0}.Debug|x86.Build.0 = Debug|Win32
		{D9F4E3C8-EBD9-4992-B93C-9BAC184499F0}.Release|x86.ActiveCfg = Release|Win32
		{D9F4E3C8-EBD9-4992-B93C-9BAC184499F0}.Release|x86.Build.0 = Release|Win32
		{F465B11D-3DFE-441B-9A14-2A4742D5E19D}.Debug|x86.ActiveCfg = Debug|Win32
		{F465B11D-3DFE-441B-9A14-2A4742D5E19D}.Debug|x86.Build.0 = Debug|Win32
		{F465B11D-3DFE-441B-9A14-2A4742D5E19D}.Release|x86.ActiveCfg = Release|Win32
		{F465B11D-3DFE-441B-9A14-2A4742D5E19D}.Release|x86.Build.0 = Release|Win32
		{8DAF71FA-A51D-4C84-8FC4-E6CA2F10CD8A}.Debug|x86.ActiveCfg = Debug|Win32
		{8DAF71FA-A51D-4C84-8FC4-E6CA2F10CD8A}.Debug|x86.Build.0 = Debug|Win32
		{8DAF71FA-A51D-4C84-8FC4-E6CA2F10CD8A}.Release|x86.ActiveCfg = Release|Win32
		{8DAF71FA-A51D-4C84-8FC4-E6CA2F10CD8A}.Release|x86.Build.0 = Release|Win32
		{4A510DB0-B2F9-4E03-9A32-7F0DFE969769}.Debug|x86.ActiveCfg = Debug|Win32
		{4A510DB0-B2F9-4E03-9A32-7F0DFE969769}.Debug|x86.Build.0 = Debug|Win32
		{4A510DB0-B2F9-4E03-9A32-7F0DFE969769}.Release|x86.ActiveCfg = Release|Win32
		{4A510DB0-B2F9-4E03-9A32-7F0DFE969769}.Release|x86.Build.0 = Release|Win32
		{BA715C80-9E49-4CE0-86B5-6631F3D36A3E}.Debug|x86.ActiveCfg = Debug|Win32
		{BA715C80-9E49-4CE0-86B5-6631F3D36A3E}.Debug|x86.Build.0 = Debug|Win32
		{BA715C80-9E49-4CE0-86B5-6631F3D36A3E}.Release|x86.ActiveCfg = Release|Win32
		{BA715C80-9E49-4CE0-86B5-6631F3D36A3E}.Release|x86.Build.0 = Release|Win32
		{2A888C5D-3E60-4F90-8D0E-9E8A4E7B7630}.Debug|x86.ActiveCfg = Debug|Win32
		{2A888C5D-3E60-4F90-8D0E-9E8A4E7B7630}.Debug|x86.Build.0 = Debug|Win32
		{2A888C5D-3E60-4F90-8D0E-9E8A4E7B7630}.Release|x86.ActiveCfg = Release|Win32
		{2A888C5D-3E60-4F90-8D0E-9E8A4E7B7630}.Release|x86.Build.0 = Release|Win32
		{561A8B0C-AB95-4884-A80D-CBF9962C04EA}.Debug|x86.ActiveCfg = Debug|Win32
		{561A8B0C-AB95-4884-A80D-CBF9962C04EA}.Debug|x86.Build.0 = Debug|Win32
		{561A8B0C-AB95-4884-A80D-CBF9962C04EA}.Release|x86.ActiveCfg = Release|Win32
		{561A8B0C-AB95-4884-A80D-CBF9962C04EA}.Release|x86.Build.0 = Release|Win32
		{CC832659-39E3-4B87-84A5-4EB1C824DC2B}.Debug|x86.ActiveCfg = Debug|Win32
		{CC832659-39E3-4B87-84A5-4EB1C824DC2B}.Debug|x86.Build.0 = Debug|Win32
		{CC832659-39E3-4B87-84A5-4EB1C824DC2B}.Release|x86.ActiveCfg = Release|Win32
		{CC832659-39E3-4B87-84A5-4EB1C824DC2B}.Release|x86.Build.0 = Release|Win32
		{5E96B718-E1ED-45AA-A928-32AC0DAEFC59}.Debug|x86.ActiveCfg = Debug|Win32
		{5E96B718-E1ED-45AA-A928-32AC0DAEFC59}.Debug|x86.Build.0 = Debug|Win32
		{5E96B718-E1ED-45AA-A928-32AC0DAEFC59}.Release|x86.ActiveCfg = Release|Win32
		{5E96B718-E1ED-45AA-A928-32AC0DAEFC59}.Release|x86.Build.0 = Release|Win32
		{84A94361-F6A9-4E1E-B793-409F99ECD049}.Debug|x86.ActiveCfg = Debug|Win32
		{84A94361-F6A9-4E1E-B793-409F99ECD049}.Debug|x86.Build.0 = Debug|Win32
		{84A94361-F6A9-4E1E-B793-409F99ECD049}.Release|x86.ActiveCfg = Release|Win32
		{84A94361-F6A9-4E1E-B793-409F99ECD049}.Release|x86.Build.0 = Release|Win32
		{306CD493-5A51-4FFE-89B3-8441BBA18420}.Debug|x86.ActiveCfg = Debug|Win32
		{306CD493-5A51-4FFE-89B3-8441BBA18420}.Debug|x86.Build.0 = Debug|Win32
		{306CD493-5A51-4FFE-89B3-8441BBA18420}.Release|x86.ActiveCfg = Release|Win32
		{306CD493-5A51-4FFE-89B3-8441BBA18420}.Release|x86.Build.0 = Release|Win32
		{5F2AC395-0842-4FF6-9F86-6BDE92A9A0E3}.Debug|x86.ActiveCfg = Debug|Win32
		{5F2AC395-0842-4FF6-9F86-6BDE92A9A0E3}.Debug|x86.Build.0 = Debug|Win32
		{5F2AC395-0842-4FF6-9F86-6BDE92A9A0E3}.Release|x86.ActiveCfg = Release|Win32
		{5F2AC395-0842-4FF6-9F86-6BDE92A9A0E3}.Release|x86.Build.0 = Release|Win32
		{3A589B24-7DE6-474B-A121-A106F200E2C4}.Debug|x86.ActiveCfg = Debug|Win32
		{3A589B24-7DE6-474B-A121-A106F200E2C4}.Debug|x86.Build.0 = Debug|Win32
		{3A589B24-7DE6-474B-A121-A106F200E2C4}.Release|x86.ActiveCfg = Release|Win32
		{3A589B24-7DE6-474B-A121-A106F200E2C4}.Release|x86.Build.0 = Release|Win32
		{68B30B01-9B5F-4DBD-856E-B6D2524564AF}.Debug|x86.ActiveCfg = Debug|Win32
		{68B30B01-9B5F-4DBD-856E-B6D2524564AF}.Debug|x86.Build.0 = Debug|Win32
		{68B30B01-9B5F-4DBD-856E-B6D2524564AF}.Release|x86.ActiveCfg = Release|Win32
		{68B30B01-9B5F-4DBD-856E-B6D2524564AF}.Release|x86.Build.0 = Release|Win32
		{5FDB3346-8E33-4F8A-81C2-F25B41367D7A}.Debug|x86.ActiveCfg = Debug|Win32
		{5FDB3346-8E33-4F8A-81C2-F25B41367D7A}.Debug|x86.Build.0 = Debug|Win32
		{5FDB3346-8E33-4F8A-81C2-F25B41367D7A}.Release|x86.ActiveCfg = Release|Win32
		{5FDB3346-8E33-4F8A-81C2-F25B41367D7A}.Release|x86.Build.0 = Release|Win32
		{48F3113D-7665-4B22-85F0-11529E70121B}.Debug|x86.ActiveCfg = Debug|Win32
		{48F3113D-7665-4B22-85F0-11529E70121B}.Debug|x86.Build.0 = Debug|Win32
		{48F3113D-7665-4B22-85F0-11529E70121B}.Release|x86.ActiveCfg = Release|Win32
		{48F3113D-7665-4B22-85F0-11529E70121B}.Release|x86.Build.0 = Release|Win32
		{054FE3A7-8EB3-42B4-B183-E7B960122E4A}.Debug|x86.ActiveCfg = Debug|Win32
		{054FE3A7-8EB3-42B4-B183-E7B960122E4A}.Debug|x86.Build.0 = Debug|Win32
		{054FE3A7-8EB3-42B4-B183-E7B960122E4A}.Release|x86.ActiveCfg = Release|Win32
		{054FE3A7-8EB3-42B4-B183-E7B960122E4A}.Release|x86.Build.0 = Release|Win32
		{4F14CDDA-9F75-4FEB-BA37-857DB8F8DE5A}.Debug|x86.ActiveCfg = Debug|Win32
		{4F14CDDA-9F75-4FEB-BA37-857DB8F8DE5A}.Debug|x86.Build.0 = Debug|Win32
		{4F14CDDA-9F75-4FEB-BA37-857DB8F8DE5A}.Release|x86.ActiveCfg = Release|Win32
		{4F14CDDA-9F75-4FEB-BA37-857DB8F8DE5A}.Release|x86.Build.0 = Release|Win32
		{5EE61152-9C65-4234-A913-2D777200C86B}.Debug|x86.ActiveCfg = Debug|Win32
		{5EE61152-9C65-4234-A913-2D777200C86B}.Debug|x86.Build.0 = Debug|Win32
		{5EE61152-9C65-4234-A913-2D777200C86B}.Release|x86.ActiveCfg = Release|Win32
		{5EE61152-9C65-4234-A913-2D777200C86B}.Release|x86.Build.0 = Release|Win32
		{767BF426-E86F-401C-84A3-455D2E5CCA16}.Debug|x86.ActiveCfg = Debug|Win32
		{767BF426-E86F-401C-84A3-455D2E5CCA16}.Debug|x86.Build.0 = Debug|Win32
		{767BF426-E86F-401C-84A3-455D2E5CCA16}.Release|x86.ActiveCfg = Release|Win32
		{767BF426-E86F-401C-84A3-455D2E5CCA16}.Release|x86.Build.0 = Release|Win32
		{C9CA3940-0022-49FB-9D72-9808A6DA1E6D}.Debug|x86.ActiveCfg = Debug|Win32
		{C9CA3940-0022-49FB-9D72-9808A6DA1E6D}.Debug|x86.Build.0 = Debug|Win32
		{C9CA3940-0022-49FB-9D72-9808A6DA1E6D}.Release|x86.ActiveCfg = Release|Win32
		{C9CA3940-0022-49FB-9D72-9808A6DA1E6D}.Release|x86.Build.0 = Release|Win32
		{AC3FECE8-C6EB-4280-A3A3-CEC3E5D6A1A4}.Debug|x86.ActiveCfg = Debug|Win32
		{AC3FECE8-C6EB-4280-A3A3-CEC3E5D6A1A4}.Debug|x86.Build.0 = Debug|Win32
		{AC3FECE8-C6EB-4280-A3A3-CEC3E5D6A1A4}.Release|x86.ActiveCfg = Release|Win32
		{AC3FECE8-C6EB-4280-A3A3-CEC3E5D6A1A4}.Release|x86.Build.0 = Release|Win32
		{5746786D-807B-49F9-B6DC-85E28ADC0EED}.Debug|x86.ActiveCfg = Debug|Win32
		{5746786D-807B-49F9-B6DC-85E28ADC0EED}.Debug|x86.Build.0 = Debug|Win32
		{5746786D-807B-49F9-B6DC-85E28ADC0EED}.Release|x86.ActiveCfg = Release|Win32
		{5746786D-807B-49F9-B6DC-85E28ADC0EED}.Release|x86.Build.0 = Release|Win32
		{A1DEDA00-1D45-4E6A-9816-7DEF3C1FCCCA}.Debug|x86.ActiveCfg = Debug|Win32
		{A1DEDA00-1D45-4E6A-9816-7DEF3C1FCCCA}.Debug|x86.Build.0 = Debug|Win32
		{A1DEDA00-1D45-4E6A-9816-7DEF3C1FCCCA}.Release|x86.ActiveCfg = Release|Win32
		{A1DEDA00-1D45-4E6A-9816-7DEF3C1FCCCA}.Release|x86.Build.0 = Release|Win32
		{7B83AFDA-3D21-4A85-A35F-D5912446FFF0}.Debug|x86.ActiveCfg = Debug|Win32
		{7B83AFDA-3D21-4A85-A35F-D5912446FFF0}.Debug|x86.Build.0 = Debug|Win32
		{7B83AFDA-3D21-4A85-A35F-D5912446FFF0}.Release|x86.ActiveCfg = Release|Win32
		{7B83AFDA-3D21-4A85-A35F-D5912446FFF0}.Release|x86.Build.0 = Release|Win32
		{B6ABD770-FE73-4972-83E7-848EDB18BB98}.Debug|x86.ActiveCfg = Debug|Win32
		{B6ABD770-FE73-4972-83E7-848EDB18BB98}.Debug|x86.Build.0 = Debug|Win32
		{B6ABD770-FE73-4972-83E7-848EDB18BB98}.Release|x86.ActiveCfg = Release|Win32
		{B6ABD770-FE73-4972-83E7-848EDB18BB98}.Release|x86.Build.0 = Release|Win32
		{47647056-3525-4459-B3F0-6566656259C6}.Debug|x86.ActiveCfg = Debug|Win32
		{47647056-3525-4459-B3F0-6566656259C6}.Debug|x86.Build.0 = Debug|Win32
		{47647056-3525-4459-B3F0-6566656259C6}.Release|x86.ActiveCfg = Release|Win32
		{47647056-3525-4459-B3F0-6566656259C6}.Release|x86.Build.0 = Release|Win32
		{12A2EAEB-4355-47DA-A564-58C25B9529B6}.Debug|x86.ActiveCfg = Debug|Win32
		{12A2EAEB-4355-47DA-A564-58C25B9529B6}.Debug|x86.Build.0 = Debug|Win32
		{12A2EAEB-4355-47DA-A564-58C25B9529B6}.Release|x86.ActiveCfg = Release|Win32
		{12A2EAEB-4355-47DA-A564-58C25B9529B6}.Release|x86.Build.0 = Release|Win32
		{184BC5BA-A576-4CB0-AB32-7C097EBF40CC}.Debug|x86.ActiveCfg = Debug|Win32
		{184BC5BA-A576-4CB0-AB32-7C097EBF40CC}.Debug|x86.Build.0 = Debug|Win32
		{184BC5BA-A576-4CB0-AB32-7C097EBF40CC}.Release|x86.ActiveCfg = Release|Win32
		{184BC5BA-A576-4CB0-AB32-7C097EBF40CC}.Release|x86.Build.0 = Release|Win32
		{6AEB8991-3679-4A28-B8E5-67FB12B07159}.Debug|x86.ActiveCfg = Debug|Win32
		{6AEB8991-3679-4A28-B8E5-67FB12B07159}.Debug|x86.Build.0 = Debug|Win32
		{6AEB8991-3679-4A28-B8E5-67FB12B07159}.Release|x86.ActiveCfg = Release|Win32
		{6AEB8991-3679-4A28-B8E5-67FB12B07159}.Release|x86.Build.0 = Release|Win32
		{F8403B84-33C8-46C4-B813-07D8E82D2EE6}.Debug|x86.ActiveCfg = Debug|Win32
		{F8403B84-33C8-46C4-B813-07D8E82D2EE6}.Debug|x86.Build.0 = Debug|Win32
		{F8403B84-33C8-46C4-B813-07D8E82D2EE6}.Release|x86.ActiveCfg = Release|Win32
		{F8403B84-33C8-46C4-B813-07D8E82D2EE6}.Release|x86.Build.0 = Release|Win32
		{2CD5EF77-EACE-4CFC-99BE-657AC3E4618D}.Debug|x86.ActiveCfg = Debug|Win32
		{2CD5EF77-EACE-4CFC-99BE-657AC3E4618D}.Debug|x86.Build.0 = Debug|Win32
		{2CD5EF77-EACE-4CFC-99BE-657AC3E4618D}.Release|x86.ActiveCfg = Release|Win32
		{2CD5EF77-EACE-4CFC-99BE-657AC3E4618D}.Release|x86.Build.0 = Release|Win32
		{96E6F57A-5C20-45C0-A98B-41AD11CDC327}.Debug|x86.ActiveCfg = Debug|Win32
		{96E6F57A-5C20-45C0-A98B-41AD11CDC327}.Debug|x86.Build.0 = Debug|Win32
		{96E6F57A-5C20-45C0-A98B-41AD11CDC327}.Release|x86.ActiveCfg = Release|Win32
		{96E6F57A-5C20-45C0-A98B-41AD11CDC327}.Release|x86.Build.0 = Release|Win32
		{A74EE568-6410-46B6-B042-84D165E13C3B}.Debug|x86.ActiveCfg = Debug|Win32
		{A74EE568-6410-46B6-B042-84D165E13C3B}.Debug|x86.Build.0 = Debug|Win32
		{A74EE568-6410-46B6-B042-84D165E13C3B}.Release|x86.ActiveCfg = Release|Win32
		{A74EE568-6410-46B6-B042-84D165E13C3B}.Release|x86.Build.0 = Release|Win32
		{7660CA45-3B93-42C5-9432-C8C3BBBDCEC2}.Debug|x86.ActiveCfg = Debug|Win32
		{7660CA45-3B93-42C5-9432-C8C3BBBDCEC2}.Debug|x86.Build.0 = Debug|Win32
		{7660CA45-3B93-42C5-9432-C8C3BBBDCEC2}.Release|x86.ActiveCfg = Release|Win32
		{7660CA45-3B93-42C5-9432-C8C3BBBDCEC2}.Release|x86.Build.0 = Release|Win32
		{2A181F32-EA02-4D71-A906-B2968206EA2B}.Debug|x86.ActiveCfg = Debug|Win32
		{2A181F32-EA02-4D71-A906-B2968206EA2B}.Debug|x86.Build.0 = Debug|Win32
		{2A181F32-EA02-4D71-A906-B2968206EA2B}.Release|x86.ActiveCfg = Release|Win32
		{2A181F32-EA02-4D71-A906-B2968206EA2B}.Release|x86.Build.0 = Release|Win32
		{6FC86FD7-6494-4080-AF72-EB114EEE84DE}.Debug|x86.ActiveCfg = Debug|Win32
		{6FC86FD7-6494-4080-AF72-EB114EEE84DE}.Debug|x86.Build.0 = Debug|Win32
		{6FC86FD7-6494-4080-AF72-EB114EEE84DE}.Release|x86.ActiveCfg = Release|Win32
		{6FC86FD7-6494-4080-AF72-EB114EEE84DE}.Release|x86.Build.0 = Release|Win32
		{32E02271-8134-4610-8FCD-B86F95476305}.Debug|x86.ActiveCfg = Debug|Win32
		{32E02271-8134-4610-8FCD-B86F95476305}.Debug|x86.Build.0 = Debug|Win32
		{32E02271-8134-4610-8FCD-B86F95476305}.Release|x86.ActiveCfg = Release|Win32
		{32E02271-8134-4610-8FCD-B86F95476305}.Release|x86.Build.0 = Release|Win32
		{C965C67C-5E7F-4ABF-804C-DB2116E9C0BD}.Debug|x86.ActiveCfg = Debug|Win32
		{C965C67C-5E7F-4ABF-804C-DB2116E9C0BD}.Debug|x86.Build.0 = Debug|Win32
		{C965C67C-5E7F-4ABF-804C-DB2116E9C0BD}.Release|x86.ActiveCfg = Release|Win32
		{C965C67C-5E7F-4ABF-804C-DB2116E9C0BD}.Release|x86.Build.0 = Release|Win32
		{914A959B-0687-4B51-B218-19B3501B003E}.Debug|x86.ActiveCfg = Debug|Win32
		{914A959B-0687-4B51-B218-19B3501B003E}.Debug|x86.Build.0 = Debug|Win32
		{914A959B-0687-4B51-B218-19B3501B003E}.Release|x86.ActiveCfg = Release|Win32
		{914A959B-0687-4B51-B218-19B3501B003E}.Release|x86.Build.0 = Release|Win32
		{F62A23AA-A80B-4228-8AD5-5C4999C056EA}.Debug|x86.ActiveCfg = Debug|Win32
		{F62A23AA-A80B-4228-8AD5-5C4999C056EA}.Debug|x86.Build.0 = Debug|Win32
		{F62A23AA-A80B-4228-8AD5-5C4999C056EA}.Release|x86.ActiveCfg = Release|Win32
		{F62A23AA-A80B-4228-8AD5-5C4999C056EA}.Release|x86.Build.0 = Release|Win32
		{DEC5AB70-E04F-46B8-8C2D-029AFDD7AD91}.Debug|x86.ActiveCfg = Debug|Win32
		{DEC5AB70-E04F-46B8-8C2D-029AFDD7AD91}.Debug|x86.Build.0 = Debug|Win32
		{DEC5AB70-E04F-46B8-8C2D-029AFDD7AD91}.Release|x86.ActiveCfg = Release|Win32
		{DEC5AB70-E04F-46B8-8C2D-029AFDD7AD91}.Release|x86.Build.0 = Release|Win32
		{B6251C4B-92FD-405D-985B-C7E2A88BE741}.Debug|x86.ActiveCfg = Debug|Win32
		{B6251C4B-92FD-405D-985B-C7E2A88BE741}.Debug|x86.Build.0 = Debug|Win32
		{B6251C4B-92FD-405D-985B-C7E2A88BE741}.Release|x86.ActiveCfg = Release|Win32
		{B6251C4B-92FD-405D-985B-C7E2A88BE741}.Release|x86.Build.0 = Release|Win32
		{0C7B0C52-CE12-42AA-8276-D8BA1854176A}.Debug|x86.ActiveCfg = Debug|Win32
		{0C7B0C52-CE12-42AA-8276-D8BA1854176A}.Debug|x86.Build.0 = Debug|Win32
		{0C7B0C52-CE12-42AA-8276-D8BA1854176A}.Release|x86.ActiveCfg = Release|Win32
		{0C7B0C52-CE12-42AA-8276-D8BA1854176A}.Release|x86.Build.0 = Release|Win32
		{77DB81D8-5C1D-4A60-9CC3-A1199563BB79}.Debug|x86.ActiveCfg = Debug|Win32
		{77DB81D8-5C1D-4A60-9CC3-A1199563BB79}.Debug|x86.Build.0 = Debug|Win32
		{77DB81D8-5C1D-4A60-9CC3-A1199563BB79}.Release|x86.ActiveCfg = Release|Win32
		{77DB81D8-5C1D-4A60-9CC3-A1199563BB79}.Release|x86.Build.0 = Release|Win32
		{BDC32A42-6E74-4AF1-9B9E-4B0F5DCD1BDF}.Debug|x86.ActiveCfg = Debug|Win32
		{BDC32A42-6E74-4AF1-9B9E-4B0F5DCD1BDF}.Debug|x86.Build.0 = Debug|Win32
		{BDC32A42-6E74-4AF1-9B9E-4B0F5DCD1BDF}.Release|x86.ActiveCfg = Release|Win32
		{BDC32A42-6E74-4AF1-9B9E-4B0F5DCD1BDF}.Release|x86.Build.0 = Release|Win32
		{BC0AC433-E9C9-408E-A730-EC736BB61C24}.Debug|x86.ActiveCfg = Debug|Win32
		{BC0AC433-E9C9-408E-A730-EC736BB61C24}.Debug|x86.Build.0 = Debug|Win32
		{BC0AC433-E9C9-408E-A730-EC736BB61C24}.Release|x86.ActiveCfg = Release|Win32
		{BC0AC433-E9C9-408E-A730-EC736BB61C24}.Release|x86.Build.0 = Release|Win32
		{92A45C85-15FE-427D-969C-89977AFBC54A}.Debug|x86.ActiveCfg = Debug|Win32
		{92A45C85-15FE-427D-969C-89977AFBC54A}.Debug|x86.Build.0 = Debug|Win32
		{92A45C85-15FE-427D-969C-89977AFBC54A}.Release|x86.ActiveCfg = Release|Win32
		{92A45C85-15FE-427D-969C-89977AFBC54A}.Release|x86.Build.0 = Release|Win32
		{7D07AF94-B5D5-4675-B5F0-8546FB75E8EC}.Debug|x86.ActiveCfg = Debug|Win32
		{7D07AF94-B5D5-4675-B5F0-8546FB75E8EC}.Debug|x86.Build.0 = Debug|Win32
		{7D07AF94-B5D5-4675-B5F0-8546FB75E8EC}.Release|x86.ActiveCfg = Release|Win32
		{7D07AF94-B5D5-4675-B5F0-8546FB75E8EC}.Release|x86.Build.0 = Release|Win32
		{938E6400-992B-4FB4-9CA8-ABA216768C5C}.Debug|x86.ActiveCfg = Debug|Win32
		{938E6400-992B-4FB4-9CA8-ABA216768C5C}.Debug|x86.Build.0 = Debug|Win32
		{938E6400-992B-4FB4-9CA8-ABA216768C5C}.Release|x86.ActiveCfg = Release|Win32
		{938E6400-992B-4FB4-9CA8-ABA216768C5C}.Release|x86.Build.0 = Release|Win32
		{0D152965-860C-4450-9FA1-9AD8594002E5}.Debug|x86.ActiveCfg = Debug|Win32
		{0D152965-860C-4450-9FA1-9AD8594002E5}.Debug|x86.Build.0 = Debug|Win32
		{0D152965-860C-4450-9FA1-9AD8594002E5}.Release|x86.ActiveCfg = Release|Win32
		{0D152965-860C-4450-9FA1-9AD8594002E5}.Release|x86.Build.0 = Release|Win32
		{8B2803B2-A09B-4521-AE37-B8E210C40DFA}.Debug|x86.ActiveCfg = Debug|Win32
		{8B2803B2-A09B-4521-AE37-B8E210C40DFA}.Debug|x86.Build.0 = Debug|Win32
		{8B2803B2-A09B-4521-AE37-B8E210C40DFA}.Release|x86.ActiveCfg = Release|Win32
		{8B2803B2-A09B-4521-AE37-B8E210C40DFA}.Release|x86.Build.0 = Release|Win32
		{74A13FD4-251D-4D41-ABA9-7FEE6D662024}.Debug|x86.ActiveCfg = Debug|Win32
		{74A13FD4-251D-4D41-ABA9-7FEE6D662024}.Debug|x86.Build.0 = Debug|Win32
		{74A13FD4-251D-4D41-ABA9-7FEE6D662024}.Release|x86.ActiveCfg = Release|Win32
		{74A13FD4-251D-4D41-ABA9-7FEE6D662024}.Release|x86.Build.0 = Release|Win32
		{EF93B2F5-B2A2-4BD4-BC3B-4D8F580880E4}.Debug|x86.ActiveCfg = Debug|Win32
		{EF93B2F5-B2A2-4BD4-BC3B-4D8F580880E4}.Debug|x86.Build.0 = Debug|Win32
		{EF93B2F5-B2A2-4BD4-BC3B-4D8F580880E4}.Release|x86.ActiveCfg = Release|Win32
		{EF93B2F5-B2A2-4BD4-BC3B-4D8F580880E4}.Release|x86.Build.0 = Release|Win32
		{B5709C9B-DA15-43AF-8631-A731C47F0848}.Debug|x86.ActiveCfg = Debug|Win32
		{B5709C9B-DA15-43AF-8631-A731C47F0848}.Debug|x86.Build.0 = Debug|Win32
		{B5709C9B-DA15-43AF-8631-A731C47F0848}.Release|x86.ActiveCfg = Release|Win32
		{B5709C9B-DA15-43AF-8631-A731C47F0848}.Release|x86.Build.0 = Release|Win32
		{D29BFC77-58CE-4869-BCEF-61B4AD2A917D}.Debug|x86.ActiveCfg = Debug|Win32
		{D29BFC77-58CE-4869-BCEF-61B4AD2A917D}.Debug|x86.Build.0 = Debug|Win32
		{D29BFC77-58CE-4869-BCEF-61B4AD2A917D}.Release|x86.ActiveCfg = Release|Win32
		{D29BFC77-58CE-4869-BCEF-61B4AD2A917D}.Release|x86.Build.0 = Release|Win32
		{5C3A4C90-368F-437B-B198-CCDA35F6C525}.Debug|x86.ActiveCfg = Debug|Win32
		{5C3A4C90-368F-437B-B198-CCDA35F6C525}.Debug|x86.Build.0 = Debug|Win32
		{5C3A4C90-368F-437B-B198-CCDA35F6C525}.Release|x86.ActiveCfg = Release|Win32
		{5C3A4C90-368F-437B-B198-CCDA35F6C525}.Release|x86.Build.0 = Release|Win32
		{0A15D462-2FF5-4780-9671-05C7B4D3988B}.Debug|x86.ActiveCfg = Debug|Win32
		{0A15D462-2FF5-4780-9671-05C7B4D3988B}.Debug|x86.Build.0 = Debug|Win32
		{0A15D462-2FF5-4780-9671-05C7B4D3988B}.Release|x86.ActiveCfg = Release|Win32
		{0A15D462-2FF5-4780-9671-05C7B4D3988B}.Release|x86.Build.0 = Release|Win32
		{C2408D8E-A077-4002-A00A-3B7E0ACB04B3}.Debug|x86.ActiveCfg = Debug|Win32
		{C2408D8E-A077-4002-A00A-3B7E0ACB04B3}.Debug|x86.Build.0 = Debug|Win32
		{C2408D8E-A077-4002-A00A-3B7E0ACB04B3}.Release|x86.ActiveCfg = Release|Win32
		{C2408D8E-A077-4002-A00A-3B7E0ACB04B3}.Release|x86.Build.0 = Release|Win32
		{8218CB1C-C5F6-4637-9E4B-B246D62A0C9E}.Debug|x86.ActiveCfg = Debug|Win32
		{8218CB1C-C5F6-4637-9E4B-B246D62A0C9E}.Debug|x86.Build.0 = Debug|Win32
		{8218CB1C-C5F6-4637-9E4B-B246D62A0C9E}.Release|x86.ActiveCfg = Release|Win32
		{8218CB1C-C5F6-4637-9E4B-B246D62A0C9E}.Release|x86.Build.0 = Release|Win32
		{04A27E1E-CD0D-4C7D-9164-D50246FAE7A0}.Debug|x86.ActiveCfg = Debug|Win32
		{04A27E1E-CD0D-4C7D-9164-D50246FAE7A0}.Debug|x86.Build.0 = Debug|Win32
		{04A27E1E-CD0D-4C7D-9164-D50246FAE7A0}.Release|x86.ActiveCfg = Release|Win32
		{04A27E1E-CD0D-4C7D-9164-D50246FAE7A0}.Release|x86.Build.0 = Release|Win32
		{247EF8FB-FEF4-4A41-9107-2E017B2D5B78}.Debug|x86.ActiveCfg = Debug|Win32
		{247EF8FB-FEF4-4A41-9107-2E017B2D5B78}.Debug|x86.Build.0 = Debug|Win32
		{247EF8FB-FEF4-4A41-9107-2E017B2D5B78}.Release|x86.ActiveCfg = Release|Win32
		{247EF8FB-FEF4-4A41-9107-2E017B2D5B78}.Release|x86.Build.0 = Release|Win32
		{2500555F-169E-4C71-87DE-3C1B4D580F75}.Debug|x86.ActiveCfg = Debug|Win32
		{2500555F-169E-4C71-87DE-3C1B4D580F75}.Debug|x86.Build.0 = Debug|Win32
		{2500555F-169E-4C71-87DE-3C1B4D580F75}.Release|x86.ActiveCfg = Release|Win32
		{2500555F-169E-4C71-87DE-3C1B4D580F75}.Release|x86.Build.0 = Release|Win32
		{B08A32DB-A441-45EB-BFE6-41AE4A7EE936}.Debug|x86.ActiveCfg = Debug|Win32
		{B08A32DB-A441-45EB-BFE6-41AE4A7EE936}.Debug|x86.Build.0 = Debug|Win32
		{B08A32DB-A441-45EB-BFE6-41AE4A7EE936}.Release|x86.ActiveCfg = Release|Win32
		{B08A32DB-A441-45EB-BFE6-41AE4A7EE936}.Release|x86.Build.0 = Release|Win32
		{36DD104A-6899-4441-88C4-3FB2F9809D31}.Debug|x86.ActiveCfg = Debug|Win32
		{36DD104A-6899-4441-88C4-3FB2F9809D31}.Debug|x86.Build.0 = Debug|Win32
		{36DD104A-6899-4441-88C4-3FB2F9809D31}.Release|x86.ActiveCfg = Release|Win32
		{36DD104A-6899-4441-88C4-3FB2F9809D31}.Release|x86.Build.0 = Release|Win32
		{9E4FF78C-2D52-4604-8DA7-F4384BBEAF19}.Debug|x86.ActiveCfg = Debug|Win32
		{9E4FF78C-2D52-4604-8DA7-F4384BBEAF19}.Debug|x86.Build.0 = Debug|Win32
		{9E4FF78C-2D52-4604-8DA7-F4384BBEAF19}.Release|x86.ActiveCfg = Release|Win32
		{9E4FF78C-2D52-4604-8DA7-F4384BBEAF19}.Release|x86.Build.0 = Release|Win32
		{B74D77A6-ACB4-4C96-BE61-614DB08F2A7C}.Debug|x86.ActiveCfg = Debug|Win32
		{B74D77A6-ACB4-4C96-BE61-614DB08F2A7C}.Debug|x86.Build.0 = Debug|Win32
		{B74D77A6-ACB4-4C96-BE61-614DB08F2A7C}.Release|x86.ActiveCfg = Release|Win32
		{B74D77A6-ACB4-4C96-BE61-614DB08F2A7C}.Release|x86.Build.0 = Release|Win32
		{10B57056-9FE4-419D-8374-A1EAFAD0D701}.Debug|x86.ActiveCfg = Debug|Win32
		{10B57056-9FE4-419D-8374-A1EAFAD0D701}.Debug|x86.Build.0 = Debug|Win32
		{10B57056-9FE4-419D-8374-A1EAFAD0D701}.Release|x86.ActiveCfg = Release|Win32
		{10B57056-9FE4-419D-8374-A1EAFAD0D701}.Release|x86.Build.0 = Release|Win32
		{7294E225-C88E-4151-8B1B-2DF86DD3596D}.Debug|x86.ActiveCfg = Debug|Win32
		{7294E225-C88E-4151-8B1B-2DF86DD3596D}.Debug|x86.Build.0 = Debug|Win32
		{7294E225-C88E-4151-8B1B-2DF86DD3596D}.Release|x86.ActiveCfg = Release|Win32
		{7294E225-C88E-4151-8B1B-2DF86DD3596D}.Release|x86.Build.0 = Release|Win32
		{038A5510-6FC5-493E-BAC5-D85D2397ED25}.Debug|x86.ActiveCfg = Debug|Win32
		{038A5510-6FC5-493E-BAC5-D85D2397ED25}.Debug|x86.Build.0 = Debug|Win32
		{038A5510-6FC5-493E-BAC5-D85D2397ED25}.Release|x86.ActiveCfg = Release|Win32
		{038A5510-6FC5-493E-BAC5-D85D2397ED25}.Release|x86.Build.0 = Release|Win32
		{1B2AB209-4FA7-4886-BA28-C555086DD654}.Debug|x86.ActiveCfg = Debug|Win32
		{1B2AB209-4FA7-4886-BA28-C555086DD654}.Debug|x86.Build.0 = Debug|Win32
		{1B2AB209-4FA7-4886-BA28-C555086DD654}.Release|x86.ActiveCfg = Release|Win32
		{1B2AB209-4FA7-4886-BA28-C555086DD654}.Release|x86.Build.0 = Release|Win32
		{B251BB8E-EE63-427B-BD7D-AFB25CD9F7DC}.Debug|x86.ActiveCfg = Debug|Win32
		{B251BB8E-EE63-427B-BD7D-AFB25CD9F7DC}.Debug|x86.Build.0 = Debug|Win32
		{B251BB8E-EE63-427B-BD7D-AFB25CD9F7DC}.Release|x86.ActiveCfg = Release|Win32
		{B251BB8E-EE63-427B-BD7D-AFB25CD9F7DC}.Release|x86.Build.0 = Release|Win32
		{B826BA84-781E-444E-9D76-031890F1E694}.Debug|x86.ActiveCfg = Debug|Win32
		{B826BA84-781E-444E-9D76-031890F1E694}.Debug|x86.Build.0 = Debug|Win32
		{B826BA84-781E-444E-9D76-031890F1E694}.Release|x86.ActiveCfg = Release|Win32
		{B826BA84-781E-444E-9D76-031890F1E694}.Release|x86.Build.0 = Release|Win32
		{CF063F5E-270E-4065-B7F6-39745DFFD2F7}.Debug|x86.ActiveCfg = Debug|Win32
		{CF063F5E-270E-4065-B7F6-39745DFFD2F7}.Debug|x86.Build.0 = Debug|Win32
		{CF063F5E-270E-4065-B7F6-39745DFFD2F7}.Release|x86.ActiveCfg = Release|Win32
		{CF063F5E-270E-4065-B7F6-39745DFFD2F7}.Release|x86.Build.0 = Release|Win32
		{14396D7F-58F9-459A-9A06-8001987309B3}.Debug|x86.ActiveCfg = Debug|Win32
		{14396D7F-58F9-459A-9A06-8001987309B3}.Debug|x86.Build.0 = Debug|Win32
		{14396D7F-58F9-459A-9A06-8001987309B3}.Release|x86.ActiveCfg = Release|Win32
		{14396D7F-58F9-459A-9A06-8001987309B3}.Release|x86.Build.0 = Release|Win32
	EndGlobalSection
	GlobalSection(SolutionProperties) = preSolution
		HideSolutionNode = FALSE
	EndGlobalSection
	GlobalSection(NestedProjects) = preSolution
		{0FFAD6E1-3203-41BC-85CD-C54B8ABFF32C} = {02EA681E-C7D8-13C7-8484-4AC65E1B71E8}
		{76C3FFA1-9C39-42C9-8689-D69CDC913AB7} = {AD38C8D2-20AE-454A-9018-E179601D420F}
		{04CE5F1C-6236-4196-A6B4-0C9B24128D79} = {1348BA0B-064F-467A-AB43-528F83B69763}
		{A79D5CCA-6D25-45B0-9A54-C09A6D27BADB} = {008CCAD5-9006-4785-8D10-9EEE36B4BC33}
		{D0BEF9D0-5FF8-4041-8974-6A856DE68CA7} = {008CCAD5-9006-4785-8D10-9EEE36B4BC33}
		{CBC0D720-33E9-4F35-B815-C992ADD29631} = {008CCAD5-9006-4785-8D10-9EEE36B4BC33}
		{9F69398B-5D6E-47A9-AD87-FF7BC1789F9C} = {322C7F8D-52D1-4622-9323-503400F154EE}
		{9DA18AD3-C54E-4C0D-A836-C9ABA8B1B6F9} = {322C7F8D-52D1-4622-9323-503400F154EE}
		{D33B5924-BC2C-4494-B9D0-9161ECF4B210} = {322C7F8D-52D1-4622-9323-503400F154EE}
		{08FD7BE2-7083-4549-901A-CD708E0411F6} = {322C7F8D-52D1-4622-9323-503400F154EE}
		{3B199D63-F88C-42DC-93E5-7B27E4CC167C} = {322C7F8D-52D1-4622-9323-503400F154EE}
		{4509910E-B358-4743-8E9E-A215DD6C8533} = {322C7F8D-52D1-4622-9323-503400F154EE}
		{6A8F0452-E935-43F5-81A5-888ED516BB6F} = {322C7F8D-52D1-4622-9323-503400F154EE}
		{AB2490CB-4DCD-4F40-BBE1-58B1449262FF} = {322C7F8D-52D1-4622-9323-503400F154EE}
		{52864980-E067-4CFE-9DC4-29EFBD2D504D} = {BFCEBB26-C336-4FD3-ACC1-74F1DD2D0F0C}
		{C6CAE060-CFF5-461F-84FD-FDB9E6E1209A} = {BFCEBB26-C336-4FD3-ACC1-74F1DD2D0F0C}
		{A27BEBED-04E0-4317-82EE-33ACF3A4F62F} = {BFCEBB26-C336-4FD3-ACC1-74F1DD2D0F0C}
		{C1FB7014-475C-45CF-AA34-58020331889A} = {BFCEBB26-C336-4FD3-ACC1-74F1DD2D0F0C}
		{C26AE930-171A-438A-820D-74087678348E} = {BFCEBB26-C336-4FD3-ACC1-74F1DD2D0F0C}
		{AD09D01B-7B65-4865-822C-E46EB63BAE37} = {FC0BE068-6896-4D20-AC05-61BB0421111B}
		{C2E00C1D-DA00-4731-9822-6144546B51B2} = {FC0BE068-6896-4D20-AC05-61BB0421111B}
		{B0760045-0181-49C0-8355-28DB835F896F} = {FC0BE068-6896-4D20-AC05-61BB0421111B}
		{A0DE2162-F5DD-40E2-99D5-38748245FC8C} = {FC0BE068-6896-4D20-AC05-61BB0421111B}
		{F3B0D41C-99D8-44B3-876E-005460F6B83B} = {FC0BE068-6896-4D20-AC05-61BB0421111B}
		{839003BE-4C33-4458-9929-112F5606D3B9} = {FC0BE068-6896-4D20-AC05-61BB0421111B}
		{1A2220B4-FE9E-4630-8B4C-7C2FAD41A529} = {FC0BE068-6896-4D20-AC05-61BB0421111B}
		{B4107E6D-A413-44D7-88AA-690FC49A5FEB} = {FC0BE068-6896-4D20-AC05-61BB0421111B}
		{2B64A31F-AAB2-49C4-82DA-78AA65C7468A} = {4EF2C67A-2301-44CC-B9E4-1E5CB868AE96}
		{E49C1AA9-D4EA-49F9-8921-7F242CEC1099} = {4EF2C67A-2301-44CC-B9E4-1E5CB868AE96}
		{519DED0E-5B26-437B-9A0B-3C653C4501A5} = {4EF2C67A-2301-44CC-B9E4-1E5CB868AE96}
		{621B23AB-39C6-4236-9BBB-8DCAFC136CFE} = {4EF2C67A-2301-44CC-B9E4-1E5CB868AE96}
		{4C41BCBF-F007-43EF-AEA0-22485279BC94} = {4EF2C67A-2301-44CC-B9E4-1E5CB868AE96}
		{A79DAEC3-ADB7-458E-95D5-B79F962D4D62} = {768C6DC1-7D80-4943-A1C2-27BAED7D6A58}
		{69743503-EFD6-4F02-9AFD-401BF7E62098} = {768C6DC1-7D80-4943-A1C2-27BAED7D6A58}
		{FD09FA56-CDC7-41C5-BDF9-182E8EACF29F} = {768C6DC1-7D80-4943-A1C2-27BAED7D6A58}
		{696C34AC-9E33-4EBD-8F9E-34F29A884F2C} = {768C6DC1-7D80-4943-A1C2-27BAED7D6A58}
		{6A2F3159-E2C9-4939-8909-1E71B69031E0} = {768C6DC1-7D80-4943-A1C2-27BAED7D6A58}
		{736960DD-5C1D-4D8E-9AA8-D0F94B613561} = {768C6DC1-7D80-4943-A1C2-27BAED7D6A58}
		{8720113B-C7F0-48BE-8C24-9BAF61D34FB1} = {6D78B5A1-994F-4A44-A381-66ECF45009B4}
		{4ABEE696-E42E-4897-B4E7-CF4A15A641C5} = {6D78B5A1-994F-4A44-A381-66ECF45009B4}
		{2C34CF5B-42B5-44BD-B12B-ED0A90C8215F} = {6D78B5A1-994F-4A44-A381-66ECF45009B4}
		{94FA0DAE-FBED-40BB-95E5-1C0632AC23CC} = {6D78B5A1-994F-4A44-A381-66ECF45009B4}
		{F9113F74-A451-4CA9-A0D3-D78389FAEB66} = {6D78B5A1-994F-4A44-A381-66ECF45009B4}
		{194DDA1F-0FF3-4983-A4B2-75D57A48BBB5} = {6D78B5A1-994F-4A44-A381-66ECF45009B4}
		{5A07ED3E-28A0-4504-B614-629C539E77A8} = {6D78B5A1-994F-4A44-A381-66ECF45009B4}
		{3598D7CA-D4C7-4A53-8695-691E785C214B} = {A5B3847C-8B6C-452C-9E86-D0BB005ADC8B}
		{95722FB3-1388-4133-9EF9-12B2338B7207} = {A5B3847C-8B6C-452C-9E86-D0BB005ADC8B}
		{B183E8E3-C46C-44FB-B2F6-259335915DB2} = {A5B3847C-8B6C-452C-9E86-D0BB005ADC8B}
		{1C76EF42-B83F-4C84-9B61-386C7A0AA31A} = {A5B3847C-8B6C-452C-9E86-D0BB005ADC8B}
		{3260C28A-98C0-48E2-941E-CDF5673BC562} = {A5B3847C-8B6C-452C-9E86-D0BB005ADC8B}
		{53A6615E-8D51-4BA0-B2B0-401F7EAC4AD1} = {A5B3847C-8B6C-452C-9E86-D0BB005ADC8B}
		{45665D93-32B1-4F8D-A4EC-53C71940D060} = {A5B3847C-8B6C-452C-9E86-D0BB005ADC8B}
		{6B3B1712-E0EA-4967-8FAD-DB9FBB0E98A3} = {88042245-7E7A-45E4-8C72-FCD53C662B3B}
		{28C8A569-4284-48AA-90AE-DE104799A665} = {88042245-7E7A-45E4-8C72-FCD53C662B3B}
		{2A026558-0BEA-4C61-9515-7A555BC99DE6} = {3D789C7D-4D9E-491E-9946-2AF8C3C31639}
		{6FC76DB0-5A46-4BEF-B03D-DA435344E6C2} = {3D789C7D-4D9E-491E-9946-2AF8C3C31639}
		{03485A64-33D8-4611-AE9F-5B1B1B5AA9D8} = {3D789C7D-4D9E-491E-9946-2AF8C3C31639}
		{BC6089F9-B995-4E52-941B-8A5409BD216A} = {3D789C7D-4D9E-491E-9946-2AF8C3C31639}
		{FF64B438-047A-4BCE-ACD1-F859B3D7C62E} = {3D789C7D-4D9E-491E-9946-2AF8C3C31639}
		{3BA4DA00-1940-446B-B489-D4D41A1042A3} = {3D789C7D-4D9E-491E-9946-2AF8C3C31639}
		{7DA1FA29-78E8-4B46-B90A-F3F24F6B9836} = {BEE2EF96-AD1D-493C-A17C-2E1B83823022}
		{8C205DB0-30E3-4BE5-B205-91C14331D54F} = {BEE2EF96-AD1D-493C-A17C-2E1B83823022}
		{3AA4C828-4308-4933-B1D0-7E6B27392452} = {BEE2EF96-AD1D-493C-A17C-2E1B83823022}
		{8E82C656-ABAC-4B20-B2D7-8CDD9CD9609B} = {BEE2EF96-AD1D-493C-A17C-2E1B83823022}
		{BDA1EF0E-4201-4962-8016-15151F32C8AD} = {BEE2EF96-AD1D-493C-A17C-2E1B83823022}
		{5EDFBA53-DB3C-40EC-A074-17E19D5E2AD9} = {BEE2EF96-AD1D-493C-A17C-2E1B83823022}
		{494149B6-B206-4E42-883E-71DE3C0ED02C} = {BEE2EF96-AD1D-493C-A17C-2E1B83823022}
		{1DCE72C1-CEF1-4941-8DFA-063D8FB6B823} = {BEE2EF96-AD1D-493C-A17C-2E1B83823022}
		{856110B1-6AF9-4CF9-BBD9-C86C89539345} = {BEE2EF96-AD1D-493C-A17C-2E1B83823022}
		{C757C9BF-1393-4EDA-8926-4FE5593E3F90} = {BEE2EF96-AD1D-493C-A17C-2E1B83823022}
		{8E32F4C3-9682-4525-8A94-E3B1CD1C5224} = {BEE2EF96-AD1D-493C-A17C-2E1B83823022}
		{C3762209-99A6-4116-8FF6-98EF17F08A94} = {BEE2EF96-AD1D-493C-A17C-2E1B83823022}
		{665580E3-B644-416E-A787-7EDD730FD52E} = {3E39F08D-A08E-4DF1-8685-BCCBCE6DE96E}
		{D9F4E3C8-EBD9-4992-B93C-9BAC184499F0} = {3E39F08D-A08E-4DF1-8685-BCCBCE6DE96E}
		{F465B11D-3DFE-441B-9A14-2A4742D5E19D} = {3E39F08D-A08E-4DF1-8685-BCCBCE6DE96E}
		{8DAF71FA-A51D-4C84-8FC4-E6CA2F10CD8A} = {3E39F08D-A08E-4DF1-8685-BCCBCE6DE96E}
		{4A510DB0-B2F9-4E03-9A32-7F0DFE969769} = {3E39F08D-A08E-4DF1-8685-BCCBCE6DE96E}
		{BA715C80-9E49-4CE0-86B5-6631F3D36A3E} = {3E39F08D-A08E-4DF1-8685-BCCBCE6DE96E}
		{2A888C5D-3E60-4F90-8D0E-9E8A4E7B7630} = {3E39F08D-A08E-4DF1-8685-BCCBCE6DE96E}
		{561A8B0C-AB95-4884-A80D-CBF9962C04EA} = {8111D98F-CD28-4976-A6E9-49E53854C495}
		{CC832659-39E3-4B87-84A5-4EB1C824DC2B} = {8111D98F-CD28-4976-A6E9-49E53854C495}
		{5E96B718-E1ED-45AA-A928-32AC0DAEFC59} = {8111D98F-CD28-4976-A6E9-49E53854C495}
		{84A94361-F6A9-4E1E-B793-409F99ECD049} = {8111D98F-CD28-4976-A6E9-49E53854C495}
		{306CD493-5A51-4FFE-89B3-8441BBA18420} = {8111D98F-CD28-4976-A6E9-49E53854C495}
		{5F2AC395-0842-4FF6-9F86-6BDE92A9A0E3} = {8111D98F-CD28-4976-A6E9-49E53854C495}
		{3A589B24-7DE6-474B-A121-A106F200E2C4} = {8111D98F-CD28-4976-A6E9-49E53854C495}
		{68B30B01-9B5F-4DBD-856E-B6D2524564AF} = {8111D98F-CD28-4976-A6E9-49E53854C495}
		{5FDB3346-8E33-4F8A-81C2-F25B41367D7A} = {8111D98F-CD28-4976-A6E9-49E53854C495}
		{48F3113D-7665-4B22-85F0-11529E70121B} = {8111D98F-CD28-4976-A6E9-49E53854C495}
		{054FE3A7-8EB3-42B4-B183-E7B960122E4A} = {8111D98F-CD28-4976-A6E9-49E53854C495}
		{4F14CDDA-9F75-4FEB-BA37-857DB8F8DE5A} = {8111D98F-CD28-4976-A6E9-49E53854C495}
		{5EE61152-9C65-4234-A913-2D777200C86B} = {8111D98F-CD28-4976-A6E9-49E53854C495}
		{767BF426-E86F-401C-84A3-455D2E5CCA16} = {8111D98F-CD28-4976-A6E9-49E53854C495}
		{C9CA3940-0022-49FB-9D72-9808A6DA1E6D} = {8111D98F-CD28-4976-A6E9-49E53854C495}
		{AC3FECE8-C6EB-4280-A3A3-CEC3E5D6A1A4} = {8111D98F-CD28-4976-A6E9-49E53854C495}
		{5746786D-807B-49F9-B6DC-85E28ADC0EED} = {8111D98F-CD28-4976-A6E9-49E53854C495}
		{A1DEDA00-1D45-4E6A-9816-7DEF3C1FCCCA} = {8111D98F-CD28-4976-A6E9-49E53854C495}
		{7B83AFDA-3D21-4A85-A35F-D5912446FFF0} = {8B418221-E973-40AF-B56F-EC0E10C26E2F}
		{B6ABD770-FE73-4972-83E7-848EDB18BB98} = {8B418221-E973-40AF-B56F-EC0E10C26E2F}
		{47647056-3525-4459-B3F0-6566656259C6} = {8B418221-E973-40AF-B56F-EC0E10C26E2F}
		{12A2EAEB-4355-47DA-A564-58C25B9529B6} = {8B418221-E973-40AF-B56F-EC0E10C26E2F}
		{184BC5BA-A576-4CB0-AB32-7C097EBF40CC} = {8B418221-E973-40AF-B56F-EC0E10C26E2F}
		{6AEB8991-3679-4A28-B8E5-67FB12B07159} = {8B418221-E973-40AF-B56F-EC0E10C26E2F}
		{F8403B84-33C8-46C4-B813-07D8E82D2EE6} = {8B418221-E973-40AF-B56F-EC0E10C26E2F}
		{2CD5EF77-EACE-4CFC-99BE-657AC3E4618D} = {8B418221-E973-40AF-B56F-EC0E10C26E2F}
		{96E6F57A-5C20-45C0-A98B-41AD11CDC327} = {8B418221-E973-40AF-B56F-EC0E10C26E2F}
		{A74EE568-6410-46B6-B042-84D165E13C3B} = {8B418221-E973-40AF-B56F-EC0E10C26E2F}
		{7660CA45-3B93-42C5-9432-C8C3BBBDCEC2} = {8B418221-E973-40AF-B56F-EC0E10C26E2F}
		{2A181F32-EA02-4D71-A906-B2968206EA2B} = {8B418221-E973-40AF-B56F-EC0E10C26E2F}
		{6FC86FD7-6494-4080-AF72-EB114EEE84DE} = {EE55BF95-B33B-43E0-BB88-DE3AADE5197C}
		{32E02271-8134-4610-8FCD-B86F95476305} = {EE55BF95-B33B-43E0-BB88-DE3AADE5197C}
		{C965C67C-5E7F-4ABF-804C-DB2116E9C0BD} = {EE55BF95-B33B-43E0-BB88-DE3AADE5197C}
		{914A959B-0687-4B51-B218-19B3501B003E} = {EE55BF95-B33B-43E0-BB88-DE3AADE5197C}
		{F62A23AA-A80B-4228-8AD5-5C4999C056EA} = {EE55BF95-B33B-43E0-BB88-DE3AADE5197C}
		{DEC5AB70-E04F-46B8-8C2D-029AFDD7AD91} = {EE55BF95-B33B-43E0-BB88-DE3AADE5197C}
		{B6251C4B-92FD-405D-985B-C7E2A88BE741} = {EE55BF95-B33B-43E0-BB88-DE3AADE5197C}
		{0C7B0C52-CE12-42AA-8276-D8BA1854176A} = {EE55BF95-B33B-43E0-BB88-DE3AADE5197C}
		{77DB81D8-5C1D-4A60-9CC3-A1199563BB79} = {EE55BF95-B33B-43E0-BB88-DE3AADE5197C}
		{BDC32A42-6E74-4AF1-9B9E-4B0F5DCD1BDF} = {EE55BF95-B33B-43E0-BB88-DE3AADE5197C}
		{BC0AC433-E9C9-408E-A730-EC736BB61C24} = {EE55BF95-B33B-43E0-BB88-DE3AADE5197C}
		{92A45C85-15FE-427D-969C-89977AFBC54A} = {EE55BF95-B33B-43E0-BB88-DE3AADE5197C}
		{7D07AF94-B5D5-4675-B5F0-8546FB75E8EC} = {EE55BF95-B33B-43E0-BB88-DE3AADE5197C}
		{938E6400-992B-4FB4-9CA8-ABA216768C5C} = {EE55BF95-B33B-43E0-BB88-DE3AADE5197C}
		{0D152965-860C-4450-9FA1-9AD8594002E5} = {EE55BF95-B33B-43E0-BB88-DE3AADE5197C}
		{8B2803B2-A09B-4521-AE37-B8E210C40DFA} = {03FE16E8-ADBA-451C-93A7-E66369D4BA1D}
		{74A13FD4-251D-4D41-ABA9-7FEE6D662024} = {195F5767-8934-4A3A-B7F2-C9E9D6CBB9A5}
		{EF93B2F5-B2A2-4BD4-BC3B-4D8F580880E4} = {195F5767-8934-4A3A-B7F2-C9E9D6CBB9A5}
		{B5709C9B-DA15-43AF-8631-A731C47F0848} = {195F5767-8934-4A3A-B7F2-C9E9D6CBB9A5}
		{D29BFC77-58CE-4869-BCEF-61B4AD2A917D} = {195F5767-8934-4A3A-B7F2-C9E9D6CBB9A5}
		{5C3A4C90-368F-437B-B198-CCDA35F6C525} = {195F5767-8934-4A3A-B7F2-C9E9D6CBB9A5}
		{0A15D462-2FF5-4780-9671-05C7B4D3988B} = {A100E42D-7D26-4754-8CAD-F232B285873F}
		{C2408D8E-A077-4002-A00A-3B7E0ACB04B3} = {A100E42D-7D26-4754-8CAD-F232B285873F}
		{8218CB1C-C5F6-4637-9E4B-B246D62A0C9E} = {2DB1DC3A-C6E5-49AB-BB1B-C5AF6BB1B8EB}
		{04A27E1E-CD0D-4C7D-9164-D50246FAE7A0} = {2DB1DC3A-C6E5-49AB-BB1B-C5AF6BB1B8EB}
		{247EF8FB-FEF4-4A41-9107-2E017B2D5B78} = {CD33FB45-6A62-491D-AA02-4783218EF0B7}
		{2500555F-169E-4C71-87DE-3C1B4D580F75} = {CD33FB45-6A62-491D-AA02-4783218EF0B7}
		{2DB1DC3A-C6E5-49AB-BB1B-C5AF6BB1B8EB} = {FC7B93BD-06D3-4F97-A8E6-19992CC187E3}
		{A100E42D-7D26-4754-8CAD-F232B285873F} = {FC7B93BD-06D3-4F97-A8E6-19992CC187E3}
		{CD33FB45-6A62-491D-AA02-4783218EF0B7} = {FC7B93BD-06D3-4F97-A8E6-19992CC187E3}
		{B08A32DB-A441-45EB-BFE6-41AE4A7EE936} = {1B9C7451-CA11-477A-9046-77FD34DD22AC}
		{36DD104A-6899-4441-88C4-3FB2F9809D31} = {1B9C7451-CA11-477A-9046-77FD34DD22AC}
		{9E4FF78C-2D52-4604-8DA7-F4384BBEAF19} = {1B9C7451-CA11-477A-9046-77FD34DD22AC}
		{B74D77A6-ACB4-4C96-BE61-614DB08F2A7C} = {1B9C7451-CA11-477A-9046-77FD34DD22AC}
		{10B57056-9FE4-419D-8374-A1EAFAD0D701} = {1B9C7451-CA11-477A-9046-77FD34DD22AC}
		{7294E225-C88E-4151-8B1B-2DF86DD3596D} = {1B9C7451-CA11-477A-9046-77FD34DD22AC}
		{038A5510-6FC5-493E-BAC5-D85D2397ED25} = {1B9C7451-CA11-477A-9046-77FD34DD22AC}
		{1B2AB209-4FA7-4886-BA28-C555086DD654} = {1B9C7451-CA11-477A-9046-77FD34DD22AC}
		{B251BB8E-EE63-427B-BD7D-AFB25CD9F7DC} = {1B9C7451-CA11-477A-9046-77FD34DD22AC}
		{B826BA84-781E-444E-9D76-031890F1E694} = {1B9C7451-CA11-477A-9046-77FD34DD22AC}
		{CF063F5E-270E-4065-B7F6-39745DFFD2F7} = {8BAF349E-7B59-4F75-8E98-7B37C233174D}
		{14396D7F-58F9-459A-9A06-8001987309B3} = {8BAF349E-7B59-4F75-8E98-7B37C233174D}
	EndGlobalSection
	GlobalSection(ExtensibilityGlobals) = postSolution
		SolutionGuid = {D71B9FD5-3713-4A96-96E3-A05726C8CDD7}
	EndGlobalSection
EndGlobal
