
Microsoft Visual Studio Solution File, Format Version 12.00
# Visual Studio Version 16
VisualStudioVersion = 16.0.28917.181
MinimumVisualStudioVersion = 10.0.40219.1
Project("{8BC9CEB8-8B4A-11D0-8D11-00A0C91BC942}") = "IconDemo", "IconDemo.vcxproj", "{8720113B-C7F0-48BE-8C24-9BAF61D34FB1}"
EndProject
Global
	GlobalSection(SolutionConfigurationPlatforms) = preSolution
		Debug|x86 = Debug|x86
		Release|x86 = Release|x86
	EndGlobalSection
	GlobalSection(ProjectConfigurationPlatforms) = postSolution
		{8720113B-C7F0-48BE-8C24-9BAF61D34FB1}.Debug|x86.ActiveCfg = Debug|Win32
		{8720113B-C7F0-48BE-8C24-9BAF61D34FB1}.Debug|x86.Build.0 = Debug|Win32
		{8720113B-C7F0-48BE-8C24-9BAF61D34FB1}.Release|x86.ActiveCfg = Release|Win32
		{8720113B-C7F0-48BE-8C24-9BAF61D34FB1}.Release|x86.Build.0 = Release|Win32
	EndGlobalSection
	GlobalSection(SolutionProperties) = preSolution
		HideSolutionNode = FALSE
	EndGlobalSection
	GlobalSection(ExtensibilityGlobals) = postSolution
		SolutionGuid = {E6FEBD47-878F-4525-85F3-796B1E0D5C37}
	EndGlobalSection
EndGlobal
