
Microsoft Visual Studio Solution File, Format Version 12.00
# Visual Studio Version 16
VisualStudioVersion = 16.0.28917.181
MinimumVisualStudioVersion = 10.0.40219.1
Project("{8BC9CEB8-8B4A-11D0-8D11-00A0C91BC942}") = "Checker4", "Checker4.vcxproj", "{839003BE-4C33-4458-9929-112F5606D3B9}"
EndProject
Global
	GlobalSection(SolutionConfigurationPlatforms) = preSolution
		Debug|x86 = Debug|x86
		Release|x86 = Release|x86
	EndGlobalSection
	GlobalSection(ProjectConfigurationPlatforms) = postSolution
		{839003BE-4C33-4458-9929-112F5606D3B9}.Debug|x86.ActiveCfg = Debug|Win32
		{839003BE-4C33-4458-9929-112F5606D3B9}.Debug|x86.Build.0 = Debug|Win32
		{839003BE-4C33-4458-9929-112F5606D3B9}.Release|x86.ActiveCfg = Release|Win32
		{839003BE-4C33-4458-9929-112F5606D3B9}.Release|x86.Build.0 = Release|Win32
	EndGlobalSection
	GlobalSection(SolutionProperties) = preSolution
		HideSolutionNode = FALSE
	EndGlobalSection
	GlobalSection(ExtensibilityGlobals) = postSolution
		SolutionGuid = {B11D918A-33C4-43EE-B5B6-F71DA3343E0B}
	EndGlobalSection
EndGlobal
