
Microsoft Visual Studio Solution File, Format Version 12.00
# Visual Studio Version 16
VisualStudioVersion = 16.0.28917.181
MinimumVisualStudioVersion = 10.0.40219.1
Project("{8BC9CEB8-8B4A-11D0-8D11-00A0C91BC942}") = "Tunnel", "Tunnel.vcxproj", "{A1DEDA00-1D45-4E6A-9816-7DEF3C1FCCCA}"
EndProject
Global
	GlobalSection(SolutionConfigurationPlatforms) = preSolution
		Debug|x86 = Debug|x86
		Release|x86 = Release|x86
	EndGlobalSection
	GlobalSection(ProjectConfigurationPlatforms) = postSolution
		{A1DEDA00-1D45-4E6A-9816-7DEF3C1FCCCA}.Debug|x86.ActiveCfg = Debug|Win32
		{A1DEDA00-1D45-4E6A-9816-7DEF3C1FCCCA}.Debug|x86.Build.0 = Debug|Win32
		{A1DEDA00-1D45-4E6A-9816-7DEF3C1FCCCA}.Release|x86.ActiveCfg = Release|Win32
		{A1DEDA00-1D45-4E6A-9816-7DEF3C1FCCCA}.Release|x86.Build.0 = Release|Win32
	EndGlobalSection
	GlobalSection(SolutionProperties) = preSolution
		HideSolutionNode = FALSE
	EndGlobalSection
	GlobalSection(ExtensibilityGlobals) = postSolution
		SolutionGuid = {473D958B-15A6-4017-80F2-1B286D91880C}
	EndGlobalSection
EndGlobal
