
Microsoft Visual Studio Solution File, Format Version 12.00
# Visual Studio Version 16
VisualStudioVersion = 16.0.28917.181
MinimumVisualStudioVersion = 10.0.40219.1
Project("{8BC9CEB8-8B4A-11D0-8D11-00A0C91BC942}") = "Environ", "Environ.vcxproj", "{FD09FA56-CDC7-41C5-BDF9-182E8EACF29F}"
EndProject
Global
	GlobalSection(SolutionConfigurationPlatforms) = preSolution
		Debug|x86 = Debug|x86
		Release|x86 = Release|x86
	EndGlobalSection
	GlobalSection(ProjectConfigurationPlatforms) = postSolution
		{FD09FA56-CDC7-41C5-BDF9-182E8EACF29F}.Debug|x86.ActiveCfg = Debug|Win32
		{FD09FA56-CDC7-41C5-BDF9-182E8EACF29F}.Debug|x86.Build.0 = Debug|Win32
		{FD09FA56-CDC7-41C5-BDF9-182E8EACF29F}.Release|x86.ActiveCfg = Release|Win32
		{FD09FA56-CDC7-41C5-BDF9-182E8EACF29F}.Release|x86.Build.0 = Release|Win32
	EndGlobalSection
	GlobalSection(SolutionProperties) = preSolution
		HideSolutionNode = FALSE
	EndGlobalSection
	GlobalSection(ExtensibilityGlobals) = postSolution
		SolutionGuid = {A64D0E00-4651-4D1C-ABEE-EC3BE84FA90B}
	EndGlobalSection
EndGlobal
