
Microsoft Visual Studio Solution File, Format Version 12.00
# Visual Studio Version 16
VisualStudioVersion = 16.0.28917.181
MinimumVisualStudioVersion = 10.0.40219.1
Project("{8BC9CEB8-8B4A-11D0-8D11-00A0C91BC942}") = "PopPad1", "PopPad1.vcxproj", "{736960DD-5C1D-4D8E-9AA8-D0F94B613561}"
EndProject
Global
	GlobalSection(SolutionConfigurationPlatforms) = preSolution
		Debug|x86 = Debug|x86
		Release|x86 = Release|x86
	EndGlobalSection
	GlobalSection(ProjectConfigurationPlatforms) = postSolution
		{736960DD-5C1D-4D8E-9AA8-D0F94B613561}.Debug|x86.ActiveCfg = Debug|Win32
		{736960DD-5C1D-4D8E-9AA8-D0F94B613561}.Debug|x86.Build.0 = Debug|Win32
		{736960DD-5C1D-4D8E-9AA8-D0F94B613561}.Release|x86.ActiveCfg = Release|Win32
		{736960DD-5C1D-4D8E-9AA8-D0F94B613561}.Release|x86.Build.0 = Release|Win32
	EndGlobalSection
	GlobalSection(SolutionProperties) = preSolution
		HideSolutionNode = FALSE
	EndGlobalSection
	GlobalSection(ExtensibilityGlobals) = postSolution
		SolutionGuid = {AE8D6FDD-D740-4EDF-A6EC-75AE345317D6}
	EndGlobalSection
EndGlobal
