
Microsoft Visual Studio Solution File, Format Version 12.00
# Visual Studio Version 16
VisualStudioVersion = 16.0.28917.181
MinimumVisualStudioVersion = 10.0.40219.1
Project("{8BC9CEB8-8B4A-11D0-8D11-00A0C91BC942}") = "Bounce", "Bounce.vcxproj", "{8E82C656-ABAC-4B20-B2D7-8CDD9CD9609B}"
EndProject
Global
	GlobalSection(SolutionConfigurationPlatforms) = preSolution
		Debug|x86 = Debug|x86
		Release|x86 = Release|x86
	EndGlobalSection
	GlobalSection(ProjectConfigurationPlatforms) = postSolution
		{8E82C656-ABAC-4B20-B2D7-8CDD9CD9609B}.Debug|x86.ActiveCfg = Debug|Win32
		{8E82C656-ABAC-4B20-B2D7-8CDD9CD9609B}.Debug|x86.Build.0 = Debug|Win32
		{8E82C656-ABAC-4B20-B2D7-8CDD9CD9609B}.Release|x86.ActiveCfg = Release|Win32
		{8E82C656-ABAC-4B20-B2D7-8CDD9CD9609B}.Release|x86.Build.0 = Release|Win32
	EndGlobalSection
	GlobalSection(SolutionProperties) = preSolution
		HideSolutionNode = FALSE
	EndGlobalSection
	GlobalSection(ExtensibilityGlobals) = postSolution
		SolutionGuid = {F4B9BC19-BCE3-4AC6-82AA-DEE97EE2FCD4}
	EndGlobalSection
EndGlobal
