
Microsoft Visual Studio Solution File, Format Version 12.00
# Visual Studio Version 16
VisualStudioVersion = 16.0.28917.181
MinimumVisualStudioVersion = 10.0.40219.1
Project("{8BC9CEB8-8B4A-11D0-8D11-00A0C91BC942}") = "PopPad", "PopPad.vcxproj", "{03485A64-33D8-4611-AE9F-5B1B1B5AA9D8}"
EndProject
Global
	GlobalSection(SolutionConfigurationPlatforms) = preSolution
		Debug|x86 = Debug|x86
		Release|x86 = Release|x86
	EndGlobalSection
	GlobalSection(ProjectConfigurationPlatforms) = postSolution
		{03485A64-33D8-4611-AE9F-5B1B1B5AA9D8}.Debug|x86.ActiveCfg = Debug|Win32
		{03485A64-33D8-4611-AE9F-5B1B1B5AA9D8}.Debug|x86.Build.0 = Debug|Win32
		{03485A64-33D8-4611-AE9F-5B1B1B5AA9D8}.Release|x86.ActiveCfg = Release|Win32
		{03485A64-33D8-4611-AE9F-5B1B1B5AA9D8}.Release|x86.Build.0 = Release|Win32
	EndGlobalSection
	GlobalSection(SolutionProperties) = preSolution
		HideSolutionNode = FALSE
	EndGlobalSection
	GlobalSection(ExtensibilityGlobals) = postSolution
		SolutionGuid = {ECBC2B1F-74BF-415A-8857-8E2C2C37CAB7}
	EndGlobalSection
EndGlobal
