
Microsoft Visual Studio Solution File, Format Version 12.00
# Visual Studio Version 16
VisualStudioVersion = 16.0.28917.181
MinimumVisualStudioVersion = 10.0.40219.1
Project("{8BC9CEB8-8B4A-11D0-8D11-00A0C91BC942}") = "FontOut2", "FontOut2.vcxproj", "{F8403B84-33C8-46C4-B813-07D8E82D2EE6}"
EndProject
Global
	GlobalSection(SolutionConfigurationPlatforms) = preSolution
		Debug|x86 = Debug|x86
		Release|x86 = Release|x86
	EndGlobalSection
	GlobalSection(ProjectConfigurationPlatforms) = postSolution
		{F8403B84-33C8-46C4-B813-07D8E82D2EE6}.Debug|x86.ActiveCfg = Debug|Win32
		{F8403B84-33C8-46C4-B813-07D8E82D2EE6}.Debug|x86.Build.0 = Debug|Win32
		{F8403B84-33C8-46C4-B813-07D8E82D2EE6}.Release|x86.ActiveCfg = Release|Win32
		{F8403B84-33C8-46C4-B813-07D8E82D2EE6}.Release|x86.Build.0 = Release|Win32
	EndGlobalSection
	GlobalSection(SolutionProperties) = preSolution
		HideSolutionNode = FALSE
	EndGlobalSection
	GlobalSection(ExtensibilityGlobals) = postSolution
		SolutionGuid = {8C759133-EBBB-474F-B0AC-ACE900F6D688}
	EndGlobalSection
EndGlobal
